<?xml version="1.0" encoding="utf-8"?>
<Project ToolsVersion="4.0" xmlns="http://schemas.microsoft.com/developer/msbuild/2003">
  <ItemGroup>
    <Filter Include="Sources">
      <UniqueIdentifier>{5a966bc6-8223-44c8-acb5-6140cb125515}</UniqueIdentifier>
    </Filter>
    <Filter Include="Misc Files">
      <UniqueIdentifier>{f1161ac6-3ec9-4755-bf92-30c448556ffe}</UniqueIdentifier>
    </Filter>
    <Filter Include="Resources">
      <UniqueIdentifier>{24c83633-acef-4ba1-950a-3fa0ac1fa1ac}</UniqueIdentifier>
    </Filter>
  </ItemGroup>
  <ItemGroup>
    <None Include="..\..\LICENSE">
      <Filter>Misc Files</Filter>
    </None>
    <None Include="..\..\.gitmodules">
      <Filter>Misc Files</Filter>
    </None>
    <None Include="..\..\Makefile">
      <Filter>Misc Files</Filter>
    </None>
  </ItemGroup>
</Project>