<?xml version="1.0" encoding="utf-8"?>
<Project ToolsVersion="4.0" xmlns="http://schemas.microsoft.com/developer/msbuild/2003">
  <ItemGroup>
    <ClCompile Include="..\..\examples\book_samples_server.c" />
    <ClCompile Include="..\..\mongoose.c">
      <Filter>Sources</Filter>
    </ClCompile>
    <ClCompile Include="..\..\mongoose_ex.c">
      <Filter>Sources</Filter>
    </ClCompile>
  </ItemGroup>
  <ItemGroup>
    <Filter Include="Resources">
      <UniqueIdentifier>{7c5115f4-679b-43e6-9740-d5e2c6ced55e}</UniqueIdentifier>
    </Filter>
    <Filter Include="HTML Files">
      <UniqueIdentifier>{875f42da-ceb0-4ba3-a1cf-6ea9a75a015d}</UniqueIdentifier>
    </Filter>
    <Filter Include="HTML Files\error">
      <UniqueIdentifier>{ba8cd2f3-1cc4-4070-a79a-36579050f815}</UniqueIdentifier>
    </Filter>
    <Filter Include="HTML Files\images">
      <UniqueIdentifier>{454b480c-fed4-453b-81b6-df04da7c4b34}</UniqueIdentifier>
    </Filter>
    <Filter Include="Sources">
      <UniqueIdentifier>{a43e9a6d-e95d-487d-a668-cd152f1e63e5}</UniqueIdentifier>
    </Filter>
  </ItemGroup>
  <ItemGroup>
    <None Include="..\examples\mongoose_book_samples_server.favicon.ico">
      <Filter>Resources</Filter>
    </None>
    <None Include="..\examples\mongoose_book_samples_server.systray.ico">
      <Filter>Resources</Filter>
    </None>
    <None Include="..\examples\mongoose_book_samples_server\_help\developer_info.html">
      <Filter>HTML Files</Filter>
    </None>
    <None Include="..\examples\mongoose_book_samples_server\_help\help_overview.html">
      <Filter>HTML Files</Filter>
    </None>
    <None Include="..\examples\mongoose_book_samples_server\_images\biohazard-red-bg.ai">
      <Filter>HTML Files\images</Filter>
    </None>
    <None Include="..\examples\mongoose_book_samples_server\_images\biohazard-red-bg.svg">
      <Filter>HTML Files\images</Filter>
    </None>
    <None Include="..\examples\mongoose_book_samples_server\_help\error\404.shtml">
      <Filter>HTML Files\error</Filter>
    </None>
    <None Include="..\examples\mongoose_book_samples_server\_help\error\error.shtml">
      <Filter>HTML Files\error</Filter>
    </None>
  </ItemGroup>
  <ItemGroup>
    <ResourceCompile Include="..\examples\mongoose_book_samples_server.rc">
      <Filter>Resources</Filter>
    </ResourceCompile>
  </ItemGroup>
  <ItemGroup>
    <ClInclude Include="..\examples\mongoose_book_samples_server.resource.h">
      <Filter>Resources</Filter>
    </ClInclude>
    <ClInclude Include="..\..\mongoose.h">
      <Filter>Sources</Filter>
    </ClInclude>
    <ClInclude Include="..\..\mongoose_ex.h">
      <Filter>Sources</Filter>
    </ClInclude>
    <ClInclude Include="..\..\mongoose_sys_porting.h">
      <Filter>Sources</Filter>
    </ClInclude>
  </ItemGroup>
</Project>