
Microsoft Visual Studio Solution File, Format Version 12.00
# Visual Studio Version 16
VisualStudioVersion = 16.0.30413.136
MinimumVisualStudioVersion = 10.0.40219.1
Project("{8BC9CEB8-8B4A-11D0-8D11-00A0C91BC942}") = "civetweb_lua", "civetweb_lua\civetweb_lua.vcxproj", "{9BE9C008-E851-42B1-A034-BD4630AE4CD6}"
	ProjectSection(ProjectDependencies) = postProject
		{0A11689C-DB6A-4BF6-97B2-AD32DB863FBD} = {0A11689C-DB6A-4BF6-97B2-AD32DB863FBD}
	EndProjectSection
EndProject
Project("{8BC9CEB8-8B4A-11D0-8D11-00A0C91BC942}") = "lua_lib", "lua_lib\lua_lib.vcxproj", "{8F5E5D77-D269-4665-9E27-1045DA6CF0D8}"
EndProject
Project("{8BC9CEB8-8B4A-11D0-8D11-00A0C91BC942}") = "ex_embedded_c", "ex_embedded_c\ex_embedded_c.vcxproj", "{882EC43C-2EEE-434B-A711-C844108D29C6}"
EndProject
Project("{8BC9CEB8-8B4A-11D0-8D11-00A0C91BC942}") = "unit_test", "unit_test\unit_test.vcxproj", "{1AC4A7A6-0100-4287-97F4-B95807BE5607}"
EndProject
Project("{8BC9CEB8-8B4A-11D0-8D11-00A0C91BC942}") = "duktape_lib", "duktape_lib\duktape_lib.vcxproj", "{0A11689C-DB6A-4BF6-97B2-AD32DB863FBD}"
EndProject
Project("{8BC9CEB8-8B4A-11D0-8D11-00A0C91BC942}") = "ex_embed_cpp", "ex_embed_cpp\ex_embed_cpp.vcxproj", "{4308C5EE-45E4-45D8-9D73-6C4E2587AD78}"
EndProject
Project("{8BC9CEB8-8B4A-11D0-8D11-00A0C91BC942}") = "civetweb", "civetweb\civetweb.vcxproj", "{E23B0040-F485-43D6-AA24-B34F9FED8484}"
EndProject
Project("{8BC9CEB8-8B4A-11D0-8D11-00A0C91BC942}") = "civetweb_service", "civetweb_service\civetweb_service.vcxproj", "{640A834B-DBF3-C057-F78E-DDF6020A036B}"
EndProject
Project("{8BC9CEB8-8B4A-11D0-8D11-00A0C91BC942}") = "civetweb_testclient", "civetweb_testclient\civetweb_testclient.vcxproj", "{F275CE2E-B17A-5F58-25D0-498ADF588A55}"
EndProject
Project("{2150E333-8FDC-42A3-9474-1A3956D46DE8}") = "upskirt", "upskirt", "{DD218416-C5C4-47BC-A031-D2E3032505F1}"
EndProject
Project("{8BC9CEB8-8B4A-11D0-8D11-00A0C91BC942}") = "libupskirt", "..\src\thirdparty\upskirt\mvc\2019\libupskirt.vcxproj", "{BEF78878-99B5-47FC-AE1B-210EDF9643F8}"
EndProject
Project("{8BC9CEB8-8B4A-11D0-8D11-00A0C91BC942}") = "upskirt", "..\src\thirdparty\upskirt\mvc\2019\upskirt.vcxproj", "{17794A55-DE45-431F-BAEE-B92226BF831E}"
EndProject
Project("{8BC9CEB8-8B4A-11D0-8D11-00A0C91BC942}") = "civetweb_vhost_sample", "civetweb_vhost_sample\civetweb_vhost_sample.vcxproj", "{F5209267-8284-83BD-73F0-DBD7E0EC729F}"
EndProject
Project("{8BC9CEB8-8B4A-11D0-8D11-00A0C91BC942}") = "civetweb_pthread", "civetweb_pthread\civetweb_pthread.vcxproj", "{5DA681A2-3C45-2E42-0E35-0D24831144D8}"
EndProject
Project("{2150E333-8FDC-42A3-9474-1A3956D46DE8}") = "pthread", "pthread", "{E1E2CF46-3C8D-4C55-9C9C-C844C2E15551}"
EndProject
Project("{8BC9CEB8-8B4A-11D0-8D11-00A0C91BC942}") = "pthread_static_lib", "..\src\thirdparty\pthread-win32\windows\VS2019\pthread_lib.2019.vcxproj", "{A063DFAD-6995-4E1A-AFFF-E43DC11E95B1}"
EndProject
Project("{8BC9CEB8-8B4A-11D0-8D11-00A0C91BC942}") = "pthread_dll", "..\src\thirdparty\pthread-win32\windows\VS2019\pthread.2019.vcxproj", "{5D459BA0-5EEB-47D3-A1C4-6B55C8D37EC0}"
EndProject
Project("{8BC9CEB8-8B4A-11D0-8D11-00A0C91BC942}") = "pthread_test", "..\src\thirdparty\pthread-win32\windows\VS2019\Debug.2019.vcxproj", "{510AAB56-492A-4EF6-85AC-AD0F02BF5639}"
EndProject
Project("{8BC9CEB8-8B4A-11D0-8D11-00A0C91BC942}") = "civetweb_restarting_server", "civetweb_restarting_server\civetweb_restarting_server.vcxproj", "{279FCCD2-0D90-2CE4-BD05-E91BD3373266}"
EndProject
Project("{8BC9CEB8-8B4A-11D0-8D11-00A0C91BC942}") = "civetweb_book_samples_server", "civetweb_book_samples_server\civetweb_book_samples_server.vcxproj", "{48067AB8-2260-730B-17CA-C5B76C3CF0EA}"
EndProject
Project("{8BC9CEB8-8B4A-11D0-8D11-00A0C91BC942}") = "libupskirtDLL", "..\src\thirdparty\upskirt\mvc\2019\libupskirtDLL.vcxproj", "{F099715B-7AF7-499F-BE80-4DFD234E0C12}"
EndProject
Global
	GlobalSection(SolutionConfigurationPlatforms) = preSolution
		Debug|Itanium = Debug|Itanium
		Debug|Win32 = Debug|Win32
		Debug|x64 = Debug|x64
		DebugDll|Itanium = DebugDll|Itanium
		DebugDll|Win32 = DebugDll|Win32
		DebugDll|x64 = DebugDll|x64
		Release|Itanium = Release|Itanium
		Release|Win32 = Release|Win32
		Release|x64 = Release|x64
		ReleaseDll|Itanium = ReleaseDll|Itanium
		ReleaseDll|Win32 = ReleaseDll|Win32
		ReleaseDll|x64 = ReleaseDll|x64
		Upskirt|Itanium = Upskirt|Itanium
		Upskirt|Win32 = Upskirt|Win32
		Upskirt|x64 = Upskirt|x64
	EndGlobalSection
	GlobalSection(ProjectConfigurationPlatforms) = postSolution
		{9BE9C008-E851-42B1-A034-BD4630AE4CD6}.Debug|Itanium.ActiveCfg = Debug|Win32
		{9BE9C008-E851-42B1-A034-BD4630AE4CD6}.Debug|Win32.ActiveCfg = Debug|Win32
		{9BE9C008-E851-42B1-A034-BD4630AE4CD6}.Debug|Win32.Build.0 = Debug|Win32
		{9BE9C008-E851-42B1-A034-BD4630AE4CD6}.Debug|x64.ActiveCfg = Debug|x64
		{9BE9C008-E851-42B1-A034-BD4630AE4CD6}.Debug|x64.Build.0 = Debug|x64
		{9BE9C008-E851-42B1-A034-BD4630AE4CD6}.DebugDll|Itanium.ActiveCfg = Release|x64
		{9BE9C008-E851-42B1-A034-BD4630AE4CD6}.DebugDll|Itanium.Build.0 = Release|x64
		{9BE9C008-E851-42B1-A034-BD4630AE4CD6}.DebugDll|Win32.ActiveCfg = Debug|Win32
		{9BE9C008-E851-42B1-A034-BD4630AE4CD6}.DebugDll|Win32.Build.0 = Debug|Win32
		{9BE9C008-E851-42B1-A034-BD4630AE4CD6}.DebugDll|x64.ActiveCfg = Debug|x64
		{9BE9C008-E851-42B1-A034-BD4630AE4CD6}.DebugDll|x64.Build.0 = Debug|x64
		{9BE9C008-E851-42B1-A034-BD4630AE4CD6}.Release|Itanium.ActiveCfg = Release|Win32
		{9BE9C008-E851-42B1-A034-BD4630AE4CD6}.Release|Win32.ActiveCfg = Release|Win32
		{9BE9C008-E851-42B1-A034-BD4630AE4CD6}.Release|Win32.Build.0 = Release|Win32
		{9BE9C008-E851-42B1-A034-BD4630AE4CD6}.Release|x64.ActiveCfg = Release|x64
		{9BE9C008-E851-42B1-A034-BD4630AE4CD6}.Release|x64.Build.0 = Release|x64
		{9BE9C008-E851-42B1-A034-BD4630AE4CD6}.ReleaseDll|Itanium.ActiveCfg = Release|x64
		{9BE9C008-E851-42B1-A034-BD4630AE4CD6}.ReleaseDll|Itanium.Build.0 = Release|x64
		{9BE9C008-E851-42B1-A034-BD4630AE4CD6}.ReleaseDll|Win32.ActiveCfg = Release|Win32
		{9BE9C008-E851-42B1-A034-BD4630AE4CD6}.ReleaseDll|Win32.Build.0 = Release|Win32
		{9BE9C008-E851-42B1-A034-BD4630AE4CD6}.ReleaseDll|x64.ActiveCfg = Release|x64
		{9BE9C008-E851-42B1-A034-BD4630AE4CD6}.ReleaseDll|x64.Build.0 = Release|x64
		{9BE9C008-E851-42B1-A034-BD4630AE4CD6}.Upskirt|Itanium.ActiveCfg = Release|x64
		{9BE9C008-E851-42B1-A034-BD4630AE4CD6}.Upskirt|Itanium.Build.0 = Release|x64
		{9BE9C008-E851-42B1-A034-BD4630AE4CD6}.Upskirt|Win32.ActiveCfg = Release|Win32
		{9BE9C008-E851-42B1-A034-BD4630AE4CD6}.Upskirt|Win32.Build.0 = Release|Win32
		{9BE9C008-E851-42B1-A034-BD4630AE4CD6}.Upskirt|x64.ActiveCfg = Release|x64
		{9BE9C008-E851-42B1-A034-BD4630AE4CD6}.Upskirt|x64.Build.0 = Release|x64
		{8F5E5D77-D269-4665-9E27-1045DA6CF0D8}.Debug|Itanium.ActiveCfg = Debug|Win32
		{8F5E5D77-D269-4665-9E27-1045DA6CF0D8}.Debug|Win32.ActiveCfg = Debug|Win32
		{8F5E5D77-D269-4665-9E27-1045DA6CF0D8}.Debug|Win32.Build.0 = Debug|Win32
		{8F5E5D77-D269-4665-9E27-1045DA6CF0D8}.Debug|x64.ActiveCfg = Debug|x64
		{8F5E5D77-D269-4665-9E27-1045DA6CF0D8}.Debug|x64.Build.0 = Debug|x64
		{8F5E5D77-D269-4665-9E27-1045DA6CF0D8}.DebugDll|Itanium.ActiveCfg = Release|x64
		{8F5E5D77-D269-4665-9E27-1045DA6CF0D8}.DebugDll|Itanium.Build.0 = Release|x64
		{8F5E5D77-D269-4665-9E27-1045DA6CF0D8}.DebugDll|Win32.ActiveCfg = Debug|Win32
		{8F5E5D77-D269-4665-9E27-1045DA6CF0D8}.DebugDll|Win32.Build.0 = Debug|Win32
		{8F5E5D77-D269-4665-9E27-1045DA6CF0D8}.DebugDll|x64.ActiveCfg = Debug|x64
		{8F5E5D77-D269-4665-9E27-1045DA6CF0D8}.DebugDll|x64.Build.0 = Debug|x64
		{8F5E5D77-D269-4665-9E27-1045DA6CF0D8}.Release|Itanium.ActiveCfg = Release|Win32
		{8F5E5D77-D269-4665-9E27-1045DA6CF0D8}.Release|Win32.ActiveCfg = Release|Win32
		{8F5E5D77-D269-4665-9E27-1045DA6CF0D8}.Release|Win32.Build.0 = Release|Win32
		{8F5E5D77-D269-4665-9E27-1045DA6CF0D8}.Release|x64.ActiveCfg = Release|x64
		{8F5E5D77-D269-4665-9E27-1045DA6CF0D8}.Release|x64.Build.0 = Release|x64
		{8F5E5D77-D269-4665-9E27-1045DA6CF0D8}.ReleaseDll|Itanium.ActiveCfg = Release|x64
		{8F5E5D77-D269-4665-9E27-1045DA6CF0D8}.ReleaseDll|Itanium.Build.0 = Release|x64
		{8F5E5D77-D269-4665-9E27-1045DA6CF0D8}.ReleaseDll|Win32.ActiveCfg = Release|Win32
		{8F5E5D77-D269-4665-9E27-1045DA6CF0D8}.ReleaseDll|Win32.Build.0 = Release|Win32
		{8F5E5D77-D269-4665-9E27-1045DA6CF0D8}.ReleaseDll|x64.ActiveCfg = Release|x64
		{8F5E5D77-D269-4665-9E27-1045DA6CF0D8}.ReleaseDll|x64.Build.0 = Release|x64
		{8F5E5D77-D269-4665-9E27-1045DA6CF0D8}.Upskirt|Itanium.ActiveCfg = Release|x64
		{8F5E5D77-D269-4665-9E27-1045DA6CF0D8}.Upskirt|Itanium.Build.0 = Release|x64
		{8F5E5D77-D269-4665-9E27-1045DA6CF0D8}.Upskirt|Win32.ActiveCfg = Release|Win32
		{8F5E5D77-D269-4665-9E27-1045DA6CF0D8}.Upskirt|Win32.Build.0 = Release|Win32
		{8F5E5D77-D269-4665-9E27-1045DA6CF0D8}.Upskirt|x64.ActiveCfg = Release|x64
		{8F5E5D77-D269-4665-9E27-1045DA6CF0D8}.Upskirt|x64.Build.0 = Release|x64
		{882EC43C-2EEE-434B-A711-C844108D29C6}.Debug|Itanium.ActiveCfg = Debug|Win32
		{882EC43C-2EEE-434B-A711-C844108D29C6}.Debug|Win32.ActiveCfg = Debug|Win32
		{882EC43C-2EEE-434B-A711-C844108D29C6}.Debug|Win32.Build.0 = Debug|Win32
		{882EC43C-2EEE-434B-A711-C844108D29C6}.Debug|x64.ActiveCfg = Debug|x64
		{882EC43C-2EEE-434B-A711-C844108D29C6}.Debug|x64.Build.0 = Debug|x64
		{882EC43C-2EEE-434B-A711-C844108D29C6}.DebugDll|Itanium.ActiveCfg = Release|x64
		{882EC43C-2EEE-434B-A711-C844108D29C6}.DebugDll|Itanium.Build.0 = Release|x64
		{882EC43C-2EEE-434B-A711-C844108D29C6}.DebugDll|Win32.ActiveCfg = Debug|Win32
		{882EC43C-2EEE-434B-A711-C844108D29C6}.DebugDll|Win32.Build.0 = Debug|Win32
		{882EC43C-2EEE-434B-A711-C844108D29C6}.DebugDll|x64.ActiveCfg = Debug|x64
		{882EC43C-2EEE-434B-A711-C844108D29C6}.DebugDll|x64.Build.0 = Debug|x64
		{882EC43C-2EEE-434B-A711-C844108D29C6}.Release|Itanium.ActiveCfg = Release|Win32
		{882EC43C-2EEE-434B-A711-C844108D29C6}.Release|Win32.ActiveCfg = Release|Win32
		{882EC43C-2EEE-434B-A711-C844108D29C6}.Release|Win32.Build.0 = Release|Win32
		{882EC43C-2EEE-434B-A711-C844108D29C6}.Release|x64.ActiveCfg = Release|x64
		{882EC43C-2EEE-434B-A711-C844108D29C6}.ReleaseDll|Itanium.ActiveCfg = Release|x64
		{882EC43C-2EEE-434B-A711-C844108D29C6}.ReleaseDll|Itanium.Build.0 = Release|x64
		{882EC43C-2EEE-434B-A711-C844108D29C6}.ReleaseDll|Win32.ActiveCfg = Release|Win32
		{882EC43C-2EEE-434B-A711-C844108D29C6}.ReleaseDll|Win32.Build.0 = Release|Win32
		{882EC43C-2EEE-434B-A711-C844108D29C6}.ReleaseDll|x64.ActiveCfg = Release|x64
		{882EC43C-2EEE-434B-A711-C844108D29C6}.ReleaseDll|x64.Build.0 = Release|x64
		{882EC43C-2EEE-434B-A711-C844108D29C6}.Upskirt|Itanium.ActiveCfg = Release|x64
		{882EC43C-2EEE-434B-A711-C844108D29C6}.Upskirt|Itanium.Build.0 = Release|x64
		{882EC43C-2EEE-434B-A711-C844108D29C6}.Upskirt|Win32.ActiveCfg = Release|Win32
		{882EC43C-2EEE-434B-A711-C844108D29C6}.Upskirt|Win32.Build.0 = Release|Win32
		{882EC43C-2EEE-434B-A711-C844108D29C6}.Upskirt|x64.ActiveCfg = Release|x64
		{882EC43C-2EEE-434B-A711-C844108D29C6}.Upskirt|x64.Build.0 = Release|x64
		{1AC4A7A6-0100-4287-97F4-B95807BE5607}.Debug|Itanium.ActiveCfg = Debug|Win32
		{1AC4A7A6-0100-4287-97F4-B95807BE5607}.Debug|Win32.ActiveCfg = Debug|Win32
		{1AC4A7A6-0100-4287-97F4-B95807BE5607}.Debug|x64.ActiveCfg = Debug|Win32
		{1AC4A7A6-0100-4287-97F4-B95807BE5607}.DebugDll|Itanium.ActiveCfg = Release|Win32
		{1AC4A7A6-0100-4287-97F4-B95807BE5607}.DebugDll|Itanium.Build.0 = Release|Win32
		{1AC4A7A6-0100-4287-97F4-B95807BE5607}.DebugDll|Win32.ActiveCfg = Debug|Win32
		{1AC4A7A6-0100-4287-97F4-B95807BE5607}.DebugDll|Win32.Build.0 = Debug|Win32
		{1AC4A7A6-0100-4287-97F4-B95807BE5607}.DebugDll|x64.ActiveCfg = Release|Win32
		{1AC4A7A6-0100-4287-97F4-B95807BE5607}.DebugDll|x64.Build.0 = Release|Win32
		{1AC4A7A6-0100-4287-97F4-B95807BE5607}.Release|Itanium.ActiveCfg = Release|Win32
		{1AC4A7A6-0100-4287-97F4-B95807BE5607}.Release|Win32.ActiveCfg = Release|Win32
		{1AC4A7A6-0100-4287-97F4-B95807BE5607}.Release|Win32.Build.0 = Release|Win32
		{1AC4A7A6-0100-4287-97F4-B95807BE5607}.Release|x64.ActiveCfg = Release|Win32
		{1AC4A7A6-0100-4287-97F4-B95807BE5607}.ReleaseDll|Itanium.ActiveCfg = Release|Win32
		{1AC4A7A6-0100-4287-97F4-B95807BE5607}.ReleaseDll|Itanium.Build.0 = Release|Win32
		{1AC4A7A6-0100-4287-97F4-B95807BE5607}.ReleaseDll|Win32.ActiveCfg = Release|Win32
		{1AC4A7A6-0100-4287-97F4-B95807BE5607}.ReleaseDll|Win32.Build.0 = Release|Win32
		{1AC4A7A6-0100-4287-97F4-B95807BE5607}.ReleaseDll|x64.ActiveCfg = Release|Win32
		{1AC4A7A6-0100-4287-97F4-B95807BE5607}.ReleaseDll|x64.Build.0 = Release|Win32
		{1AC4A7A6-0100-4287-97F4-B95807BE5607}.Upskirt|Itanium.ActiveCfg = Release|Win32
		{1AC4A7A6-0100-4287-97F4-B95807BE5607}.Upskirt|Itanium.Build.0 = Release|Win32
		{1AC4A7A6-0100-4287-97F4-B95807BE5607}.Upskirt|Win32.ActiveCfg = Release|Win32
		{1AC4A7A6-0100-4287-97F4-B95807BE5607}.Upskirt|Win32.Build.0 = Release|Win32
		{1AC4A7A6-0100-4287-97F4-B95807BE5607}.Upskirt|x64.ActiveCfg = Release|Win32
		{1AC4A7A6-0100-4287-97F4-B95807BE5607}.Upskirt|x64.Build.0 = Release|Win32
		{0A11689C-DB6A-4BF6-97B2-AD32DB863FBD}.Debug|Itanium.ActiveCfg = Debug|Win32
		{0A11689C-DB6A-4BF6-97B2-AD32DB863FBD}.Debug|Win32.ActiveCfg = Debug|Win32
		{0A11689C-DB6A-4BF6-97B2-AD32DB863FBD}.Debug|Win32.Build.0 = Debug|Win32
		{0A11689C-DB6A-4BF6-97B2-AD32DB863FBD}.Debug|x64.ActiveCfg = Debug|x64
		{0A11689C-DB6A-4BF6-97B2-AD32DB863FBD}.Debug|x64.Build.0 = Debug|x64
		{0A11689C-DB6A-4BF6-97B2-AD32DB863FBD}.DebugDll|Itanium.ActiveCfg = Release|x64
		{0A11689C-DB6A-4BF6-97B2-AD32DB863FBD}.DebugDll|Itanium.Build.0 = Release|x64
		{0A11689C-DB6A-4BF6-97B2-AD32DB863FBD}.DebugDll|Win32.ActiveCfg = Debug|Win32
		{0A11689C-DB6A-4BF6-97B2-AD32DB863FBD}.DebugDll|Win32.Build.0 = Debug|Win32
		{0A11689C-DB6A-4BF6-97B2-AD32DB863FBD}.DebugDll|x64.ActiveCfg = Debug|x64
		{0A11689C-DB6A-4BF6-97B2-AD32DB863FBD}.DebugDll|x64.Build.0 = Debug|x64
		{0A11689C-DB6A-4BF6-97B2-AD32DB863FBD}.Release|Itanium.ActiveCfg = Release|Win32
		{0A11689C-DB6A-4BF6-97B2-AD32DB863FBD}.Release|Win32.ActiveCfg = Release|Win32
		{0A11689C-DB6A-4BF6-97B2-AD32DB863FBD}.Release|Win32.Build.0 = Release|Win32
		{0A11689C-DB6A-4BF6-97B2-AD32DB863FBD}.Release|x64.ActiveCfg = Release|x64
		{0A11689C-DB6A-4BF6-97B2-AD32DB863FBD}.Release|x64.Build.0 = Release|x64
		{0A11689C-DB6A-4BF6-97B2-AD32DB863FBD}.ReleaseDll|Itanium.ActiveCfg = Release|x64
		{0A11689C-DB6A-4BF6-97B2-AD32DB863FBD}.ReleaseDll|Itanium.Build.0 = Release|x64
		{0A11689C-DB6A-4BF6-97B2-AD32DB863FBD}.ReleaseDll|Win32.ActiveCfg = Release|Win32
		{0A11689C-DB6A-4BF6-97B2-AD32DB863FBD}.ReleaseDll|Win32.Build.0 = Release|Win32
		{0A11689C-DB6A-4BF6-97B2-AD32DB863FBD}.ReleaseDll|x64.ActiveCfg = Release|x64
		{0A11689C-DB6A-4BF6-97B2-AD32DB863FBD}.ReleaseDll|x64.Build.0 = Release|x64
		{0A11689C-DB6A-4BF6-97B2-AD32DB863FBD}.Upskirt|Itanium.ActiveCfg = Release|x64
		{0A11689C-DB6A-4BF6-97B2-AD32DB863FBD}.Upskirt|Itanium.Build.0 = Release|x64
		{0A11689C-DB6A-4BF6-97B2-AD32DB863FBD}.Upskirt|Win32.ActiveCfg = Release|Win32
		{0A11689C-DB6A-4BF6-97B2-AD32DB863FBD}.Upskirt|Win32.Build.0 = Release|Win32
		{0A11689C-DB6A-4BF6-97B2-AD32DB863FBD}.Upskirt|x64.ActiveCfg = Release|x64
		{0A11689C-DB6A-4BF6-97B2-AD32DB863FBD}.Upskirt|x64.Build.0 = Release|x64
		{4308C5EE-45E4-45D8-9D73-6C4E2587AD78}.Debug|Itanium.ActiveCfg = Debug|Win32
		{4308C5EE-45E4-45D8-9D73-6C4E2587AD78}.Debug|Win32.ActiveCfg = Debug|Win32
		{4308C5EE-45E4-45D8-9D73-6C4E2587AD78}.Debug|Win32.Build.0 = Debug|Win32
		{4308C5EE-45E4-45D8-9D73-6C4E2587AD78}.Debug|x64.ActiveCfg = Debug|x64
		{4308C5EE-45E4-45D8-9D73-6C4E2587AD78}.Debug|x64.Build.0 = Debug|x64
		{4308C5EE-45E4-45D8-9D73-6C4E2587AD78}.DebugDll|Itanium.ActiveCfg = Release|x64
		{4308C5EE-45E4-45D8-9D73-6C4E2587AD78}.DebugDll|Itanium.Build.0 = Release|x64
		{4308C5EE-45E4-45D8-9D73-6C4E2587AD78}.DebugDll|Win32.ActiveCfg = Debug|Win32
		{4308C5EE-45E4-45D8-9D73-6C4E2587AD78}.DebugDll|Win32.Build.0 = Debug|Win32
		{4308C5EE-45E4-45D8-9D73-6C4E2587AD78}.DebugDll|x64.ActiveCfg = Debug|x64
		{4308C5EE-45E4-45D8-9D73-6C4E2587AD78}.DebugDll|x64.Build.0 = Debug|x64
		{4308C5EE-45E4-45D8-9D73-6C4E2587AD78}.Release|Itanium.ActiveCfg = Release|Win32
		{4308C5EE-45E4-45D8-9D73-6C4E2587AD78}.Release|Win32.ActiveCfg = Release|Win32
		{4308C5EE-45E4-45D8-9D73-6C4E2587AD78}.Release|Win32.Build.0 = Release|Win32
		{4308C5EE-45E4-45D8-9D73-6C4E2587AD78}.Release|x64.ActiveCfg = Release|x64
		{4308C5EE-45E4-45D8-9D73-6C4E2587AD78}.ReleaseDll|Itanium.ActiveCfg = Release|x64
		{4308C5EE-45E4-45D8-9D73-6C4E2587AD78}.ReleaseDll|Itanium.Build.0 = Release|x64
		{4308C5EE-45E4-45D8-9D73-6C4E2587AD78}.ReleaseDll|Win32.ActiveCfg = Release|Win32
		{4308C5EE-45E4-45D8-9D73-6C4E2587AD78}.ReleaseDll|Win32.Build.0 = Release|Win32
		{4308C5EE-45E4-45D8-9D73-6C4E2587AD78}.ReleaseDll|x64.ActiveCfg = Release|x64
		{4308C5EE-45E4-45D8-9D73-6C4E2587AD78}.ReleaseDll|x64.Build.0 = Release|x64
		{4308C5EE-45E4-45D8-9D73-6C4E2587AD78}.Upskirt|Itanium.ActiveCfg = Release|x64
		{4308C5EE-45E4-45D8-9D73-6C4E2587AD78}.Upskirt|Itanium.Build.0 = Release|x64
		{4308C5EE-45E4-45D8-9D73-6C4E2587AD78}.Upskirt|Win32.ActiveCfg = Release|Win32
		{4308C5EE-45E4-45D8-9D73-6C4E2587AD78}.Upskirt|Win32.Build.0 = Release|Win32
		{4308C5EE-45E4-45D8-9D73-6C4E2587AD78}.Upskirt|x64.ActiveCfg = Release|x64
		{4308C5EE-45E4-45D8-9D73-6C4E2587AD78}.Upskirt|x64.Build.0 = Release|x64
		{E23B0040-F485-43D6-AA24-B34F9FED8484}.Debug|Itanium.ActiveCfg = Debug|Win32
		{E23B0040-F485-43D6-AA24-B34F9FED8484}.Debug|Win32.ActiveCfg = Debug|Win32
		{E23B0040-F485-43D6-AA24-B34F9FED8484}.Debug|Win32.Build.0 = Debug|Win32
		{E23B0040-F485-43D6-AA24-B34F9FED8484}.Debug|x64.ActiveCfg = Debug|x64
		{E23B0040-F485-43D6-AA24-B34F9FED8484}.Debug|x64.Build.0 = Debug|x64
		{E23B0040-F485-43D6-AA24-B34F9FED8484}.DebugDll|Itanium.ActiveCfg = Release|x64
		{E23B0040-F485-43D6-AA24-B34F9FED8484}.DebugDll|Itanium.Build.0 = Release|x64
		{E23B0040-F485-43D6-AA24-B34F9FED8484}.DebugDll|Win32.ActiveCfg = Debug|Win32
		{E23B0040-F485-43D6-AA24-B34F9FED8484}.DebugDll|Win32.Build.0 = Debug|Win32
		{E23B0040-F485-43D6-AA24-B34F9FED8484}.DebugDll|x64.ActiveCfg = Debug|x64
		{E23B0040-F485-43D6-AA24-B34F9FED8484}.DebugDll|x64.Build.0 = Debug|x64
		{E23B0040-F485-43D6-AA24-B34F9FED8484}.Release|Itanium.ActiveCfg = Release|Win32
		{E23B0040-F485-43D6-AA24-B34F9FED8484}.Release|Win32.ActiveCfg = Release|Win32
		{E23B0040-F485-43D6-AA24-B34F9FED8484}.Release|Win32.Build.0 = Release|Win32
		{E23B0040-F485-43D6-AA24-B34F9FED8484}.Release|x64.ActiveCfg = Release|x64
		{E23B0040-F485-43D6-AA24-B34F9FED8484}.Release|x64.Build.0 = Release|x64
		{E23B0040-F485-43D6-AA24-B34F9FED8484}.ReleaseDll|Itanium.ActiveCfg = Release|x64
		{E23B0040-F485-43D6-AA24-B34F9FED8484}.ReleaseDll|Itanium.Build.0 = Release|x64
		{E23B0040-F485-43D6-AA24-B34F9FED8484}.ReleaseDll|Win32.ActiveCfg = Release|Win32
		{E23B0040-F485-43D6-AA24-B34F9FED8484}.ReleaseDll|Win32.Build.0 = Release|Win32
		{E23B0040-F485-43D6-AA24-B34F9FED8484}.ReleaseDll|x64.ActiveCfg = Release|x64
		{E23B0040-F485-43D6-AA24-B34F9FED8484}.ReleaseDll|x64.Build.0 = Release|x64
		{E23B0040-F485-43D6-AA24-B34F9FED8484}.Upskirt|Itanium.ActiveCfg = Release|x64
		{E23B0040-F485-43D6-AA24-B34F9FED8484}.Upskirt|Itanium.Build.0 = Release|x64
		{E23B0040-F485-43D6-AA24-B34F9FED8484}.Upskirt|Win32.ActiveCfg = Release|Win32
		{E23B0040-F485-43D6-AA24-B34F9FED8484}.Upskirt|Win32.Build.0 = Release|Win32
		{E23B0040-F485-43D6-AA24-B34F9FED8484}.Upskirt|x64.ActiveCfg = Release|x64
		{E23B0040-F485-43D6-AA24-B34F9FED8484}.Upskirt|x64.Build.0 = Release|x64
		{640A834B-DBF3-C057-F78E-DDF6020A036B}.Debug|Itanium.ActiveCfg = Debug|Itanium
		{640A834B-DBF3-C057-F78E-DDF6020A036B}.Debug|Itanium.Build.0 = Debug|Itanium
		{640A834B-DBF3-C057-F78E-DDF6020A036B}.Debug|Win32.ActiveCfg = Debug|Win32
		{640A834B-DBF3-C057-F78E-DDF6020A036B}.Debug|Win32.Build.0 = Debug|Win32
		{640A834B-DBF3-C057-F78E-DDF6020A036B}.Debug|x64.ActiveCfg = Debug|x64
		{640A834B-DBF3-C057-F78E-DDF6020A036B}.Debug|x64.Build.0 = Debug|x64
		{640A834B-DBF3-C057-F78E-DDF6020A036B}.DebugDll|Itanium.ActiveCfg = Debug|Itanium
		{640A834B-DBF3-C057-F78E-DDF6020A036B}.DebugDll|Itanium.Build.0 = Debug|Itanium
		{640A834B-DBF3-C057-F78E-DDF6020A036B}.DebugDll|Win32.ActiveCfg = Debug|Win32
		{640A834B-DBF3-C057-F78E-DDF6020A036B}.DebugDll|Win32.Build.0 = Debug|Win32
		{640A834B-DBF3-C057-F78E-DDF6020A036B}.DebugDll|x64.ActiveCfg = Debug|x64
		{640A834B-DBF3-C057-F78E-DDF6020A036B}.DebugDll|x64.Build.0 = Debug|x64
		{640A834B-DBF3-C057-F78E-DDF6020A036B}.Release|Itanium.ActiveCfg = Release|Itanium
		{640A834B-DBF3-C057-F78E-DDF6020A036B}.Release|Itanium.Build.0 = Release|Itanium
		{640A834B-DBF3-C057-F78E-DDF6020A036B}.Release|Win32.ActiveCfg = Release|Win32
		{640A834B-DBF3-C057-F78E-DDF6020A036B}.Release|Win32.Build.0 = Release|Win32
		{640A834B-DBF3-C057-F78E-DDF6020A036B}.Release|x64.ActiveCfg = Release|x64
		{640A834B-DBF3-C057-F78E-DDF6020A036B}.Release|x64.Build.0 = Release|x64
		{640A834B-DBF3-C057-F78E-DDF6020A036B}.ReleaseDll|Itanium.ActiveCfg = Release|Itanium
		{640A834B-DBF3-C057-F78E-DDF6020A036B}.ReleaseDll|Itanium.Build.0 = Release|Itanium
		{640A834B-DBF3-C057-F78E-DDF6020A036B}.ReleaseDll|Win32.ActiveCfg = Release|Win32
		{640A834B-DBF3-C057-F78E-DDF6020A036B}.ReleaseDll|Win32.Build.0 = Release|Win32
		{640A834B-DBF3-C057-F78E-DDF6020A036B}.ReleaseDll|x64.ActiveCfg = Release|x64
		{640A834B-DBF3-C057-F78E-DDF6020A036B}.ReleaseDll|x64.Build.0 = Release|x64
		{640A834B-DBF3-C057-F78E-DDF6020A036B}.Upskirt|Itanium.ActiveCfg = Debug|Itanium
		{640A834B-DBF3-C057-F78E-DDF6020A036B}.Upskirt|Itanium.Build.0 = Debug|Itanium
		{640A834B-DBF3-C057-F78E-DDF6020A036B}.Upskirt|Win32.ActiveCfg = Release|Win32
		{640A834B-DBF3-C057-F78E-DDF6020A036B}.Upskirt|Win32.Build.0 = Release|Win32
		{640A834B-DBF3-C057-F78E-DDF6020A036B}.Upskirt|x64.ActiveCfg = Release|x64
		{640A834B-DBF3-C057-F78E-DDF6020A036B}.Upskirt|x64.Build.0 = Release|x64
		{F275CE2E-B17A-5F58-25D0-498ADF588A55}.Debug|Itanium.ActiveCfg = Debug|Itanium
		{F275CE2E-B17A-5F58-25D0-498ADF588A55}.Debug|Itanium.Build.0 = Debug|Itanium
		{F275CE2E-B17A-5F58-25D0-498ADF588A55}.Debug|Win32.ActiveCfg = Debug|Win32
		{F275CE2E-B17A-5F58-25D0-498ADF588A55}.Debug|Win32.Build.0 = Debug|Win32
		{F275CE2E-B17A-5F58-25D0-498ADF588A55}.Debug|x64.ActiveCfg = Debug|x64
		{F275CE2E-B17A-5F58-25D0-498ADF588A55}.Debug|x64.Build.0 = Debug|x64
		{F275CE2E-B17A-5F58-25D0-498ADF588A55}.DebugDll|Itanium.ActiveCfg = Debug|Itanium
		{F275CE2E-B17A-5F58-25D0-498ADF588A55}.DebugDll|Itanium.Build.0 = Debug|Itanium
		{F275CE2E-B17A-5F58-25D0-498ADF588A55}.DebugDll|Win32.ActiveCfg = Debug|Win32
		{F275CE2E-B17A-5F58-25D0-498ADF588A55}.DebugDll|Win32.Build.0 = Debug|Win32
		{F275CE2E-B17A-5F58-25D0-498ADF588A55}.DebugDll|x64.ActiveCfg = Debug|x64
		{F275CE2E-B17A-5F58-25D0-498ADF588A55}.DebugDll|x64.Build.0 = Debug|x64
		{F275CE2E-B17A-5F58-25D0-498ADF588A55}.Release|Itanium.ActiveCfg = Release|Itanium
		{F275CE2E-B17A-5F58-25D0-498ADF588A55}.Release|Itanium.Build.0 = Release|Itanium
		{F275CE2E-B17A-5F58-25D0-498ADF588A55}.Release|Win32.ActiveCfg = Release|Win32
		{F275CE2E-B17A-5F58-25D0-498ADF588A55}.Release|Win32.Build.0 = Release|Win32
		{F275CE2E-B17A-5F58-25D0-498ADF588A55}.Release|x64.ActiveCfg = Release|x64
		{F275CE2E-B17A-5F58-25D0-498ADF588A55}.Release|x64.Build.0 = Release|x64
		{F275CE2E-B17A-5F58-25D0-498ADF588A55}.ReleaseDll|Itanium.ActiveCfg = Release|Itanium
		{F275CE2E-B17A-5F58-25D0-498ADF588A55}.ReleaseDll|Itanium.Build.0 = Release|Itanium
		{F275CE2E-B17A-5F58-25D0-498ADF588A55}.ReleaseDll|Win32.ActiveCfg = Release|Win32
		{F275CE2E-B17A-5F58-25D0-498ADF588A55}.ReleaseDll|Win32.Build.0 = Release|Win32
		{F275CE2E-B17A-5F58-25D0-498ADF588A55}.ReleaseDll|x64.ActiveCfg = Release|x64
		{F275CE2E-B17A-5F58-25D0-498ADF588A55}.ReleaseDll|x64.Build.0 = Release|x64
		{F275CE2E-B17A-5F58-25D0-498ADF588A55}.Upskirt|Itanium.ActiveCfg = Debug|Itanium
		{F275CE2E-B17A-5F58-25D0-498ADF588A55}.Upskirt|Itanium.Build.0 = Debug|Itanium
		{F275CE2E-B17A-5F58-25D0-498ADF588A55}.Upskirt|Win32.ActiveCfg = Release|Win32
		{F275CE2E-B17A-5F58-25D0-498ADF588A55}.Upskirt|Win32.Build.0 = Release|Win32
		{F275CE2E-B17A-5F58-25D0-498ADF588A55}.Upskirt|x64.ActiveCfg = Release|x64
		{F275CE2E-B17A-5F58-25D0-498ADF588A55}.Upskirt|x64.Build.0 = Release|x64
		{BEF78878-99B5-47FC-AE1B-210EDF9643F8}.Debug|Itanium.ActiveCfg = Debug|Itanium
		{BEF78878-99B5-47FC-AE1B-210EDF9643F8}.Debug|Itanium.Build.0 = Debug|Itanium
		{BEF78878-99B5-47FC-AE1B-210EDF9643F8}.Debug|Win32.ActiveCfg = Debug|Win32
		{BEF78878-99B5-47FC-AE1B-210EDF9643F8}.Debug|Win32.Build.0 = Debug|Win32
		{BEF78878-99B5-47FC-AE1B-210EDF9643F8}.Debug|x64.ActiveCfg = Debug|x64
		{BEF78878-99B5-47FC-AE1B-210EDF9643F8}.Debug|x64.Build.0 = Debug|x64
		{BEF78878-99B5-47FC-AE1B-210EDF9643F8}.DebugDll|Itanium.ActiveCfg = DebugDll|Itanium
		{BEF78878-99B5-47FC-AE1B-210EDF9643F8}.DebugDll|Itanium.Build.0 = DebugDll|Itanium
		{BEF78878-99B5-47FC-AE1B-210EDF9643F8}.DebugDll|Win32.ActiveCfg = DebugDll|Win32
		{BEF78878-99B5-47FC-AE1B-210EDF9643F8}.DebugDll|Win32.Build.0 = DebugDll|Win32
		{BEF78878-99B5-47FC-AE1B-210EDF9643F8}.DebugDll|x64.ActiveCfg = DebugDll|x64
		{BEF78878-99B5-47FC-AE1B-210EDF9643F8}.DebugDll|x64.Build.0 = DebugDll|x64
		{BEF78878-99B5-47FC-AE1B-210EDF9643F8}.Release|Itanium.ActiveCfg = Release|Itanium
		{BEF78878-99B5-47FC-AE1B-210EDF9643F8}.Release|Itanium.Build.0 = Release|Itanium
		{BEF78878-99B5-47FC-AE1B-210EDF9643F8}.Release|Win32.ActiveCfg = Release|Win32
		{BEF78878-99B5-47FC-AE1B-210EDF9643F8}.Release|Win32.Build.0 = Release|Win32
		{BEF78878-99B5-47FC-AE1B-210EDF9643F8}.Release|x64.ActiveCfg = Release|x64
		{BEF78878-99B5-47FC-AE1B-210EDF9643F8}.Release|x64.Build.0 = Release|x64
		{BEF78878-99B5-47FC-AE1B-210EDF9643F8}.ReleaseDll|Itanium.ActiveCfg = ReleaseDll|Itanium
		{BEF78878-99B5-47FC-AE1B-210EDF9643F8}.ReleaseDll|Itanium.Build.0 = ReleaseDll|Itanium
		{BEF78878-99B5-47FC-AE1B-210EDF9643F8}.ReleaseDll|Win32.ActiveCfg = ReleaseDll|Win32
		{BEF78878-99B5-47FC-AE1B-210EDF9643F8}.ReleaseDll|Win32.Build.0 = ReleaseDll|Win32
		{BEF78878-99B5-47FC-AE1B-210EDF9643F8}.ReleaseDll|x64.ActiveCfg = ReleaseDll|x64
		{BEF78878-99B5-47FC-AE1B-210EDF9643F8}.ReleaseDll|x64.Build.0 = ReleaseDll|x64
		{BEF78878-99B5-47FC-AE1B-210EDF9643F8}.Upskirt|Itanium.ActiveCfg = Upskirt|Itanium
		{BEF78878-99B5-47FC-AE1B-210EDF9643F8}.Upskirt|Itanium.Build.0 = Upskirt|Itanium
		{BEF78878-99B5-47FC-AE1B-210EDF9643F8}.Upskirt|Win32.ActiveCfg = Upskirt|Win32
		{BEF78878-99B5-47FC-AE1B-210EDF9643F8}.Upskirt|Win32.Build.0 = Upskirt|Win32
		{BEF78878-99B5-47FC-AE1B-210EDF9643F8}.Upskirt|x64.ActiveCfg = Upskirt|x64
		{BEF78878-99B5-47FC-AE1B-210EDF9643F8}.Upskirt|x64.Build.0 = Upskirt|x64
		{17794A55-DE45-431F-BAEE-B92226BF831E}.Debug|Itanium.ActiveCfg = Debug|Itanium
		{17794A55-DE45-431F-BAEE-B92226BF831E}.Debug|Itanium.Build.0 = Debug|Itanium
		{17794A55-DE45-431F-BAEE-B92226BF831E}.Debug|Win32.ActiveCfg = Debug|Win32
		{17794A55-DE45-431F-BAEE-B92226BF831E}.Debug|Win32.Build.0 = Debug|Win32
		{17794A55-DE45-431F-BAEE-B92226BF831E}.Debug|x64.ActiveCfg = Debug|x64
		{17794A55-DE45-431F-BAEE-B92226BF831E}.Debug|x64.Build.0 = Debug|x64
		{17794A55-DE45-431F-BAEE-B92226BF831E}.DebugDll|Itanium.ActiveCfg = Debug|Itanium
		{17794A55-DE45-431F-BAEE-B92226BF831E}.DebugDll|Itanium.Build.0 = Debug|Itanium
		{17794A55-DE45-431F-BAEE-B92226BF831E}.DebugDll|Win32.ActiveCfg = Debug|Win32
		{17794A55-DE45-431F-BAEE-B92226BF831E}.DebugDll|Win32.Build.0 = Debug|Win32
		{17794A55-DE45-431F-BAEE-B92226BF831E}.DebugDll|x64.ActiveCfg = Debug|x64
		{17794A55-DE45-431F-BAEE-B92226BF831E}.DebugDll|x64.Build.0 = Debug|x64
		{17794A55-DE45-431F-BAEE-B92226BF831E}.Release|Itanium.ActiveCfg = Release|Itanium
		{17794A55-DE45-431F-BAEE-B92226BF831E}.Release|Itanium.Build.0 = Release|Itanium
		{17794A55-DE45-431F-BAEE-B92226BF831E}.Release|Win32.ActiveCfg = Release|Win32
		{17794A55-DE45-431F-BAEE-B92226BF831E}.Release|Win32.Build.0 = Release|Win32
		{17794A55-DE45-431F-BAEE-B92226BF831E}.Release|x64.ActiveCfg = Release|x64
		{17794A55-DE45-431F-BAEE-B92226BF831E}.Release|x64.Build.0 = Release|x64
		{17794A55-DE45-431F-BAEE-B92226BF831E}.ReleaseDll|Itanium.ActiveCfg = Release|Itanium
		{17794A55-DE45-431F-BAEE-B92226BF831E}.ReleaseDll|Itanium.Build.0 = Release|Itanium
		{17794A55-DE45-431F-BAEE-B92226BF831E}.ReleaseDll|Win32.ActiveCfg = Release|Win32
		{17794A55-DE45-431F-BAEE-B92226BF831E}.ReleaseDll|Win32.Build.0 = Release|Win32
		{17794A55-DE45-431F-BAEE-B92226BF831E}.ReleaseDll|x64.ActiveCfg = Release|x64
		{17794A55-DE45-431F-BAEE-B92226BF831E}.ReleaseDll|x64.Build.0 = Release|x64
		{17794A55-DE45-431F-BAEE-B92226BF831E}.Upskirt|Itanium.ActiveCfg = Debug|Itanium
		{17794A55-DE45-431F-BAEE-B92226BF831E}.Upskirt|Itanium.Build.0 = Debug|Itanium
		{17794A55-DE45-431F-BAEE-B92226BF831E}.Upskirt|Win32.ActiveCfg = Debug|Win32
		{17794A55-DE45-431F-BAEE-B92226BF831E}.Upskirt|Win32.Build.0 = Debug|Win32
		{17794A55-DE45-431F-BAEE-B92226BF831E}.Upskirt|x64.ActiveCfg = Debug|x64
		{17794A55-DE45-431F-BAEE-B92226BF831E}.Upskirt|x64.Build.0 = Debug|x64
		{F5209267-8284-83BD-73F0-DBD7E0EC729F}.Debug|Itanium.ActiveCfg = Debug|Itanium
		{F5209267-8284-83BD-73F0-DBD7E0EC729F}.Debug|Itanium.Build.0 = Debug|Itanium
		{F5209267-8284-83BD-73F0-DBD7E0EC729F}.Debug|Win32.ActiveCfg = Debug|Win32
		{F5209267-8284-83BD-73F0-DBD7E0EC729F}.Debug|Win32.Build.0 = Debug|Win32
		{F5209267-8284-83BD-73F0-DBD7E0EC729F}.Debug|x64.ActiveCfg = Debug|x64
		{F5209267-8284-83BD-73F0-DBD7E0EC729F}.Debug|x64.Build.0 = Debug|x64
		{F5209267-8284-83BD-73F0-DBD7E0EC729F}.DebugDll|Itanium.ActiveCfg = Debug|Itanium
		{F5209267-8284-83BD-73F0-DBD7E0EC729F}.DebugDll|Itanium.Build.0 = Debug|Itanium
		{F5209267-8284-83BD-73F0-DBD7E0EC729F}.DebugDll|Win32.ActiveCfg = Debug|Win32
		{F5209267-8284-83BD-73F0-DBD7E0EC729F}.DebugDll|Win32.Build.0 = Debug|Win32
		{F5209267-8284-83BD-73F0-DBD7E0EC729F}.DebugDll|x64.ActiveCfg = Debug|x64
		{F5209267-8284-83BD-73F0-DBD7E0EC729F}.DebugDll|x64.Build.0 = Debug|x64
		{F5209267-8284-83BD-73F0-DBD7E0EC729F}.Release|Itanium.ActiveCfg = Release|Itanium
		{F5209267-8284-83BD-73F0-DBD7E0EC729F}.Release|Itanium.Build.0 = Release|Itanium
		{F5209267-8284-83BD-73F0-DBD7E0EC729F}.Release|Win32.ActiveCfg = Release|Win32
		{F5209267-8284-83BD-73F0-DBD7E0EC729F}.Release|Win32.Build.0 = Release|Win32
		{F5209267-8284-83BD-73F0-DBD7E0EC729F}.Release|x64.ActiveCfg = Release|x64
		{F5209267-8284-83BD-73F0-DBD7E0EC729F}.Release|x64.Build.0 = Release|x64
		{F5209267-8284-83BD-73F0-DBD7E0EC729F}.ReleaseDll|Itanium.ActiveCfg = Release|Itanium
		{F5209267-8284-83BD-73F0-DBD7E0EC729F}.ReleaseDll|Itanium.Build.0 = Release|Itanium
		{F5209267-8284-83BD-73F0-DBD7E0EC729F}.ReleaseDll|Win32.ActiveCfg = Release|Win32
		{F5209267-8284-83BD-73F0-DBD7E0EC729F}.ReleaseDll|Win32.Build.0 = Release|Win32
		{F5209267-8284-83BD-73F0-DBD7E0EC729F}.ReleaseDll|x64.ActiveCfg = Release|x64
		{F5209267-8284-83BD-73F0-DBD7E0EC729F}.ReleaseDll|x64.Build.0 = Release|x64
		{F5209267-8284-83BD-73F0-DBD7E0EC729F}.Upskirt|Itanium.ActiveCfg = Debug|Itanium
		{F5209267-8284-83BD-73F0-DBD7E0EC729F}.Upskirt|Itanium.Build.0 = Debug|Itanium
		{F5209267-8284-83BD-73F0-DBD7E0EC729F}.Upskirt|Win32.ActiveCfg = Release|Win32
		{F5209267-8284-83BD-73F0-DBD7E0EC729F}.Upskirt|Win32.Build.0 = Release|Win32
		{F5209267-8284-83BD-73F0-DBD7E0EC729F}.Upskirt|x64.ActiveCfg = Release|x64
		{F5209267-8284-83BD-73F0-DBD7E0EC729F}.Upskirt|x64.Build.0 = Release|x64
		{5DA681A2-3C45-2E42-0E35-0D24831144D8}.Debug|Itanium.ActiveCfg = Debug|Itanium
		{5DA681A2-3C45-2E42-0E35-0D24831144D8}.Debug|Itanium.Build.0 = Debug|Itanium
		{5DA681A2-3C45-2E42-0E35-0D24831144D8}.Debug|Win32.ActiveCfg = Debug|Win32
		{5DA681A2-3C45-2E42-0E35-0D24831144D8}.Debug|Win32.Build.0 = Debug|Win32
		{5DA681A2-3C45-2E42-0E35-0D24831144D8}.Debug|x64.ActiveCfg = Debug|x64
		{5DA681A2-3C45-2E42-0E35-0D24831144D8}.Debug|x64.Build.0 = Debug|x64
		{5DA681A2-3C45-2E42-0E35-0D24831144D8}.DebugDll|Itanium.ActiveCfg = Debug|Itanium
		{5DA681A2-3C45-2E42-0E35-0D24831144D8}.DebugDll|Itanium.Build.0 = Debug|Itanium
		{5DA681A2-3C45-2E42-0E35-0D24831144D8}.DebugDll|Win32.ActiveCfg = Debug|Win32
		{5DA681A2-3C45-2E42-0E35-0D24831144D8}.DebugDll|Win32.Build.0 = Debug|Win32
		{5DA681A2-3C45-2E42-0E35-0D24831144D8}.DebugDll|x64.ActiveCfg = Debug|x64
		{5DA681A2-3C45-2E42-0E35-0D24831144D8}.DebugDll|x64.Build.0 = Debug|x64
		{5DA681A2-3C45-2E42-0E35-0D24831144D8}.Release|Itanium.ActiveCfg = Release|Itanium
		{5DA681A2-3C45-2E42-0E35-0D24831144D8}.Release|Itanium.Build.0 = Release|Itanium
		{5DA681A2-3C45-2E42-0E35-0D24831144D8}.Release|Win32.ActiveCfg = Release|Win32
		{5DA681A2-3C45-2E42-0E35-0D24831144D8}.Release|Win32.Build.0 = Release|Win32
		{5DA681A2-3C45-2E42-0E35-0D24831144D8}.Release|x64.ActiveCfg = Release|x64
		{5DA681A2-3C45-2E42-0E35-0D24831144D8}.Release|x64.Build.0 = Release|x64
		{5DA681A2-3C45-2E42-0E35-0D24831144D8}.ReleaseDll|Itanium.ActiveCfg = Release|Itanium
		{5DA681A2-3C45-2E42-0E35-0D24831144D8}.ReleaseDll|Itanium.Build.0 = Release|Itanium
		{5DA681A2-3C45-2E42-0E35-0D24831144D8}.ReleaseDll|Win32.ActiveCfg = Release|Win32
		{5DA681A2-3C45-2E42-0E35-0D24831144D8}.ReleaseDll|Win32.Build.0 = Release|Win32
		{5DA681A2-3C45-2E42-0E35-0D24831144D8}.ReleaseDll|x64.ActiveCfg = Release|x64
		{5DA681A2-3C45-2E42-0E35-0D24831144D8}.ReleaseDll|x64.Build.0 = Release|x64
		{5DA681A2-3C45-2E42-0E35-0D24831144D8}.Upskirt|Itanium.ActiveCfg = Debug|Itanium
		{5DA681A2-3C45-2E42-0E35-0D24831144D8}.Upskirt|Itanium.Build.0 = Debug|Itanium
		{5DA681A2-3C45-2E42-0E35-0D24831144D8}.Upskirt|Win32.ActiveCfg = Release|Win32
		{5DA681A2-3C45-2E42-0E35-0D24831144D8}.Upskirt|Win32.Build.0 = Release|Win32
		{5DA681A2-3C45-2E42-0E35-0D24831144D8}.Upskirt|x64.ActiveCfg = Release|x64
		{5DA681A2-3C45-2E42-0E35-0D24831144D8}.Upskirt|x64.Build.0 = Release|x64
		{A063DFAD-6995-4E1A-AFFF-E43DC11E95B1}.Debug|Itanium.ActiveCfg = Debug|Itanium
		{A063DFAD-6995-4E1A-AFFF-E43DC11E95B1}.Debug|Itanium.Build.0 = Debug|Itanium
		{A063DFAD-6995-4E1A-AFFF-E43DC11E95B1}.Debug|Win32.ActiveCfg = Debug|Win32
		{A063DFAD-6995-4E1A-AFFF-E43DC11E95B1}.Debug|Win32.Build.0 = Debug|Win32
		{A063DFAD-6995-4E1A-AFFF-E43DC11E95B1}.Debug|x64.ActiveCfg = Debug|x64
		{A063DFAD-6995-4E1A-AFFF-E43DC11E95B1}.Debug|x64.Build.0 = Debug|x64
		{A063DFAD-6995-4E1A-AFFF-E43DC11E95B1}.DebugDll|Itanium.ActiveCfg = Debug|Itanium
		{A063DFAD-6995-4E1A-AFFF-E43DC11E95B1}.DebugDll|Itanium.Build.0 = Debug|Itanium
		{A063DFAD-6995-4E1A-AFFF-E43DC11E95B1}.DebugDll|Win32.ActiveCfg = Debug|Win32
		{A063DFAD-6995-4E1A-AFFF-E43DC11E95B1}.DebugDll|Win32.Build.0 = Debug|Win32
		{A063DFAD-6995-4E1A-AFFF-E43DC11E95B1}.DebugDll|x64.ActiveCfg = Debug|x64
		{A063DFAD-6995-4E1A-AFFF-E43DC11E95B1}.DebugDll|x64.Build.0 = Debug|x64
		{A063DFAD-6995-4E1A-AFFF-E43DC11E95B1}.Release|Itanium.ActiveCfg = Release|Itanium
		{A063DFAD-6995-4E1A-AFFF-E43DC11E95B1}.Release|Itanium.Build.0 = Release|Itanium
		{A063DFAD-6995-4E1A-AFFF-E43DC11E95B1}.Release|Win32.ActiveCfg = Release|Win32
		{A063DFAD-6995-4E1A-AFFF-E43DC11E95B1}.Release|Win32.Build.0 = Release|Win32
		{A063DFAD-6995-4E1A-AFFF-E43DC11E95B1}.Release|x64.ActiveCfg = Release|x64
		{A063DFAD-6995-4E1A-AFFF-E43DC11E95B1}.Release|x64.Build.0 = Release|x64
		{A063DFAD-6995-4E1A-AFFF-E43DC11E95B1}.ReleaseDll|Itanium.ActiveCfg = Release|Itanium
		{A063DFAD-6995-4E1A-AFFF-E43DC11E95B1}.ReleaseDll|Itanium.Build.0 = Release|Itanium
		{A063DFAD-6995-4E1A-AFFF-E43DC11E95B1}.ReleaseDll|Win32.ActiveCfg = Release|Win32
		{A063DFAD-6995-4E1A-AFFF-E43DC11E95B1}.ReleaseDll|Win32.Build.0 = Release|Win32
		{A063DFAD-6995-4E1A-AFFF-E43DC11E95B1}.ReleaseDll|x64.ActiveCfg = Release|x64
		{A063DFAD-6995-4E1A-AFFF-E43DC11E95B1}.ReleaseDll|x64.Build.0 = Release|x64
		{A063DFAD-6995-4E1A-AFFF-E43DC11E95B1}.Upskirt|Itanium.ActiveCfg = Debug|Itanium
		{A063DFAD-6995-4E1A-AFFF-E43DC11E95B1}.Upskirt|Itanium.Build.0 = Debug|Itanium
		{A063DFAD-6995-4E1A-AFFF-E43DC11E95B1}.Upskirt|Win32.ActiveCfg = Debug|Win32
		{A063DFAD-6995-4E1A-AFFF-E43DC11E95B1}.Upskirt|Win32.Build.0 = Debug|Win32
		{A063DFAD-6995-4E1A-AFFF-E43DC11E95B1}.Upskirt|x64.ActiveCfg = Debug|x64
		{A063DFAD-6995-4E1A-AFFF-E43DC11E95B1}.Upskirt|x64.Build.0 = Debug|x64
		{5D459BA0-5EEB-47D3-A1C4-6B55C8D37EC0}.Debug|Itanium.ActiveCfg = Debug|Itanium
		{5D459BA0-5EEB-47D3-A1C4-6B55C8D37EC0}.Debug|Itanium.Build.0 = Debug|Itanium
		{5D459BA0-5EEB-47D3-A1C4-6B55C8D37EC0}.Debug|Win32.ActiveCfg = Debug|Win32
		{5D459BA0-5EEB-47D3-A1C4-6B55C8D37EC0}.Debug|Win32.Build.0 = Debug|Win32
		{5D459BA0-5EEB-47D3-A1C4-6B55C8D37EC0}.Debug|x64.ActiveCfg = Debug|x64
		{5D459BA0-5EEB-47D3-A1C4-6B55C8D37EC0}.Debug|x64.Build.0 = Debug|x64
		{5D459BA0-5EEB-47D3-A1C4-6B55C8D37EC0}.DebugDll|Itanium.ActiveCfg = Debug|Itanium
		{5D459BA0-5EEB-47D3-A1C4-6B55C8D37EC0}.DebugDll|Itanium.Build.0 = Debug|Itanium
		{5D459BA0-5EEB-47D3-A1C4-6B55C8D37EC0}.DebugDll|Win32.ActiveCfg = Debug|Win32
		{5D459BA0-5EEB-47D3-A1C4-6B55C8D37EC0}.DebugDll|Win32.Build.0 = Debug|Win32
		{5D459BA0-5EEB-47D3-A1C4-6B55C8D37EC0}.DebugDll|x64.ActiveCfg = Debug|x64
		{5D459BA0-5EEB-47D3-A1C4-6B55C8D37EC0}.DebugDll|x64.Build.0 = Debug|x64
		{5D459BA0-5EEB-47D3-A1C4-6B55C8D37EC0}.Release|Itanium.ActiveCfg = Release|Itanium
		{5D459BA0-5EEB-47D3-A1C4-6B55C8D37EC0}.Release|Itanium.Build.0 = Release|Itanium
		{5D459BA0-5EEB-47D3-A1C4-6B55C8D37EC0}.Release|Win32.ActiveCfg = Release|Win32
		{5D459BA0-5EEB-47D3-A1C4-6B55C8D37EC0}.Release|Win32.Build.0 = Release|Win32
		{5D459BA0-5EEB-47D3-A1C4-6B55C8D37EC0}.Release|x64.ActiveCfg = Release|x64
		{5D459BA0-5EEB-47D3-A1C4-6B55C8D37EC0}.Release|x64.Build.0 = Release|x64
		{5D459BA0-5EEB-47D3-A1C4-6B55C8D37EC0}.ReleaseDll|Itanium.ActiveCfg = Release|Itanium
		{5D459BA0-5EEB-47D3-A1C4-6B55C8D37EC0}.ReleaseDll|Itanium.Build.0 = Release|Itanium
		{5D459BA0-5EEB-47D3-A1C4-6B55C8D37EC0}.ReleaseDll|Win32.ActiveCfg = Release|Win32
		{5D459BA0-5EEB-47D3-A1C4-6B55C8D37EC0}.ReleaseDll|Win32.Build.0 = Release|Win32
		{5D459BA0-5EEB-47D3-A1C4-6B55C8D37EC0}.ReleaseDll|x64.ActiveCfg = Release|x64
		{5D459BA0-5EEB-47D3-A1C4-6B55C8D37EC0}.ReleaseDll|x64.Build.0 = Release|x64
		{5D459BA0-5EEB-47D3-A1C4-6B55C8D37EC0}.Upskirt|Itanium.ActiveCfg = Debug|Itanium
		{5D459BA0-5EEB-47D3-A1C4-6B55C8D37EC0}.Upskirt|Itanium.Build.0 = Debug|Itanium
		{5D459BA0-5EEB-47D3-A1C4-6B55C8D37EC0}.Upskirt|Win32.ActiveCfg = Debug|Win32
		{5D459BA0-5EEB-47D3-A1C4-6B55C8D37EC0}.Upskirt|Win32.Build.0 = Debug|Win32
		{5D459BA0-5EEB-47D3-A1C4-6B55C8D37EC0}.Upskirt|x64.ActiveCfg = Debug|x64
		{5D459BA0-5EEB-47D3-A1C4-6B55C8D37EC0}.Upskirt|x64.Build.0 = Debug|x64
		{510AAB56-492A-4EF6-85AC-AD0F02BF5639}.Debug|Itanium.ActiveCfg = Debug|Itanium
		{510AAB56-492A-4EF6-85AC-AD0F02BF5639}.Debug|Itanium.Build.0 = Debug|Itanium
		{510AAB56-492A-4EF6-85AC-AD0F02BF5639}.Debug|Win32.ActiveCfg = Debug|Win32
		{510AAB56-492A-4EF6-85AC-AD0F02BF5639}.Debug|Win32.Build.0 = Debug|Win32
		{510AAB56-492A-4EF6-85AC-AD0F02BF5639}.Debug|x64.ActiveCfg = Debug|x64
		{510AAB56-492A-4EF6-85AC-AD0F02BF5639}.Debug|x64.Build.0 = Debug|x64
		{510AAB56-492A-4EF6-85AC-AD0F02BF5639}.DebugDll|Itanium.ActiveCfg = Debug|Itanium
		{510AAB56-492A-4EF6-85AC-AD0F02BF5639}.DebugDll|Itanium.Build.0 = Debug|Itanium
		{510AAB56-492A-4EF6-85AC-AD0F02BF5639}.DebugDll|Win32.ActiveCfg = Debug|Win32
		{510AAB56-492A-4EF6-85AC-AD0F02BF5639}.DebugDll|Win32.Build.0 = Debug|Win32
		{510AAB56-492A-4EF6-85AC-AD0F02BF5639}.DebugDll|x64.ActiveCfg = Debug|x64
		{510AAB56-492A-4EF6-85AC-AD0F02BF5639}.DebugDll|x64.Build.0 = Debug|x64
		{510AAB56-492A-4EF6-85AC-AD0F02BF5639}.Release|Itanium.ActiveCfg = Release|Itanium
		{510AAB56-492A-4EF6-85AC-AD0F02BF5639}.Release|Itanium.Build.0 = Release|Itanium
		{510AAB56-492A-4EF6-85AC-AD0F02BF5639}.Release|Win32.ActiveCfg = Release|Win32
		{510AAB56-492A-4EF6-85AC-AD0F02BF5639}.Release|Win32.Build.0 = Release|Win32
		{510AAB56-492A-4EF6-85AC-AD0F02BF5639}.Release|x64.ActiveCfg = Release|x64
		{510AAB56-492A-4EF6-85AC-AD0F02BF5639}.Release|x64.Build.0 = Release|x64
		{510AAB56-492A-4EF6-85AC-AD0F02BF5639}.ReleaseDll|Itanium.ActiveCfg = Release|Itanium
		{510AAB56-492A-4EF6-85AC-AD0F02BF5639}.ReleaseDll|Itanium.Build.0 = Release|Itanium
		{510AAB56-492A-4EF6-85AC-AD0F02BF5639}.ReleaseDll|Win32.ActiveCfg = Release|Win32
		{510AAB56-492A-4EF6-85AC-AD0F02BF5639}.ReleaseDll|Win32.Build.0 = Release|Win32
		{510AAB56-492A-4EF6-85AC-AD0F02BF5639}.ReleaseDll|x64.ActiveCfg = Release|x64
		{510AAB56-492A-4EF6-85AC-AD0F02BF5639}.ReleaseDll|x64.Build.0 = Release|x64
		{510AAB56-492A-4EF6-85AC-AD0F02BF5639}.Upskirt|Itanium.ActiveCfg = Debug|Itanium
		{510AAB56-492A-4EF6-85AC-AD0F02BF5639}.Upskirt|Itanium.Build.0 = Debug|Itanium
		{510AAB56-492A-4EF6-85AC-AD0F02BF5639}.Upskirt|Win32.ActiveCfg = Debug|Win32
		{510AAB56-492A-4EF6-85AC-AD0F02BF5639}.Upskirt|Win32.Build.0 = Debug|Win32
		{510AAB56-492A-4EF6-85AC-AD0F02BF5639}.Upskirt|x64.ActiveCfg = Debug|x64
		{510AAB56-492A-4EF6-85AC-AD0F02BF5639}.Upskirt|x64.Build.0 = Debug|x64
		{279FCCD2-0D90-2CE4-BD05-E91BD3373266}.Debug|Itanium.ActiveCfg = Debug|Itanium
		{279FCCD2-0D90-2CE4-BD05-E91BD3373266}.Debug|Itanium.Build.0 = Debug|Itanium
		{279FCCD2-0D90-2CE4-BD05-E91BD3373266}.Debug|Win32.ActiveCfg = Debug|Win32
		{279FCCD2-0D90-2CE4-BD05-E91BD3373266}.Debug|Win32.Build.0 = Debug|Win32
		{279FCCD2-0D90-2CE4-BD05-E91BD3373266}.Debug|x64.ActiveCfg = Debug|x64
		{279FCCD2-0D90-2CE4-BD05-E91BD3373266}.Debug|x64.Build.0 = Debug|x64
		{279FCCD2-0D90-2CE4-BD05-E91BD3373266}.DebugDll|Itanium.ActiveCfg = Debug|Itanium
		{279FCCD2-0D90-2CE4-BD05-E91BD3373266}.DebugDll|Itanium.Build.0 = Debug|Itanium
		{279FCCD2-0D90-2CE4-BD05-E91BD3373266}.DebugDll|Win32.ActiveCfg = Debug|Win32
		{279FCCD2-0D90-2CE4-BD05-E91BD3373266}.DebugDll|Win32.Build.0 = Debug|Win32
		{279FCCD2-0D90-2CE4-BD05-E91BD3373266}.DebugDll|x64.ActiveCfg = Debug|x64
		{279FCCD2-0D90-2CE4-BD05-E91BD3373266}.DebugDll|x64.Build.0 = Debug|x64
		{279FCCD2-0D90-2CE4-BD05-E91BD3373266}.Release|Itanium.ActiveCfg = Release|Itanium
		{279FCCD2-0D90-2CE4-BD05-E91BD3373266}.Release|Itanium.Build.0 = Release|Itanium
		{279FCCD2-0D90-2CE4-BD05-E91BD3373266}.Release|Win32.ActiveCfg = Release|Win32
		{279FCCD2-0D90-2CE4-BD05-E91BD3373266}.Release|Win32.Build.0 = Release|Win32
		{279FCCD2-0D90-2CE4-BD05-E91BD3373266}.Release|x64.ActiveCfg = Release|x64
		{279FCCD2-0D90-2CE4-BD05-E91BD3373266}.Release|x64.Build.0 = Release|x64
		{279FCCD2-0D90-2CE4-BD05-E91BD3373266}.ReleaseDll|Itanium.ActiveCfg = Release|Itanium
		{279FCCD2-0D90-2CE4-BD05-E91BD3373266}.ReleaseDll|Itanium.Build.0 = Release|Itanium
		{279FCCD2-0D90-2CE4-BD05-E91BD3373266}.ReleaseDll|Win32.ActiveCfg = Release|Win32
		{279FCCD2-0D90-2CE4-BD05-E91BD3373266}.ReleaseDll|Win32.Build.0 = Release|Win32
		{279FCCD2-0D90-2CE4-BD05-E91BD3373266}.ReleaseDll|x64.ActiveCfg = Release|x64
		{279FCCD2-0D90-2CE4-BD05-E91BD3373266}.ReleaseDll|x64.Build.0 = Release|x64
		{279FCCD2-0D90-2CE4-BD05-E91BD3373266}.Upskirt|Itanium.ActiveCfg = Debug|Itanium
		{279FCCD2-0D90-2CE4-BD05-E91BD3373266}.Upskirt|Itanium.Build.0 = Debug|Itanium
		{279FCCD2-0D90-2CE4-BD05-E91BD3373266}.Upskirt|Win32.ActiveCfg = Release|Win32
		{279FCCD2-0D90-2CE4-BD05-E91BD3373266}.Upskirt|Win32.Build.0 = Release|Win32
		{279FCCD2-0D90-2CE4-BD05-E91BD3373266}.Upskirt|x64.ActiveCfg = Release|x64
		{279FCCD2-0D90-2CE4-BD05-E91BD3373266}.Upskirt|x64.Build.0 = Release|x64
		{48067AB8-2260-730B-17CA-C5B76C3CF0EA}.Debug|Itanium.ActiveCfg = Debug|Itanium
		{48067AB8-2260-730B-17CA-C5B76C3CF0EA}.Debug|Itanium.Build.0 = Debug|Itanium
		{48067AB8-2260-730B-17CA-C5B76C3CF0EA}.Debug|Win32.ActiveCfg = Debug|Win32
		{48067AB8-2260-730B-17CA-C5B76C3CF0EA}.Debug|Win32.Build.0 = Debug|Win32
		{48067AB8-2260-730B-17CA-C5B76C3CF0EA}.Debug|x64.ActiveCfg = Debug|x64
		{48067AB8-2260-730B-17CA-C5B76C3CF0EA}.Debug|x64.Build.0 = Debug|x64
		{48067AB8-2260-730B-17CA-C5B76C3CF0EA}.DebugDll|Itanium.ActiveCfg = Debug|Itanium
		{48067AB8-2260-730B-17CA-C5B76C3CF0EA}.DebugDll|Itanium.Build.0 = Debug|Itanium
		{48067AB8-2260-730B-17CA-C5B76C3CF0EA}.DebugDll|Win32.ActiveCfg = Debug|Win32
		{48067AB8-2260-730B-17CA-C5B76C3CF0EA}.DebugDll|Win32.Build.0 = Debug|Win32
		{48067AB8-2260-730B-17CA-C5B76C3CF0EA}.DebugDll|x64.ActiveCfg = Debug|x64
		{48067AB8-2260-730B-17CA-C5B76C3CF0EA}.DebugDll|x64.Build.0 = Debug|x64
		{48067AB8-2260-730B-17CA-C5B76C3CF0EA}.Release|Itanium.ActiveCfg = Release|Itanium
		{48067AB8-2260-730B-17CA-C5B76C3CF0EA}.Release|Itanium.Build.0 = Release|Itanium
		{48067AB8-2260-730B-17CA-C5B76C3CF0EA}.Release|Win32.ActiveCfg = Release|Win32
		{48067AB8-2260-730B-17CA-C5B76C3CF0EA}.Release|Win32.Build.0 = Release|Win32
		{48067AB8-2260-730B-17CA-C5B76C3CF0EA}.Release|x64.ActiveCfg = Release|x64
		{48067AB8-2260-730B-17CA-C5B76C3CF0EA}.Release|x64.Build.0 = Release|x64
		{48067AB8-2260-730B-17CA-C5B76C3CF0EA}.ReleaseDll|Itanium.ActiveCfg = Release|Itanium
		{48067AB8-2260-730B-17CA-C5B76C3CF0EA}.ReleaseDll|Itanium.Build.0 = Release|Itanium
		{48067AB8-2260-730B-17CA-C5B76C3CF0EA}.ReleaseDll|Win32.ActiveCfg = Release|Win32
		{48067AB8-2260-730B-17CA-C5B76C3CF0EA}.ReleaseDll|Win32.Build.0 = Release|Win32
		{48067AB8-2260-730B-17CA-C5B76C3CF0EA}.ReleaseDll|x64.ActiveCfg = Release|x64
		{48067AB8-2260-730B-17CA-C5B76C3CF0EA}.ReleaseDll|x64.Build.0 = Release|x64
		{48067AB8-2260-730B-17CA-C5B76C3CF0EA}.Upskirt|Itanium.ActiveCfg = Debug|Itanium
		{48067AB8-2260-730B-17CA-C5B76C3CF0EA}.Upskirt|Itanium.Build.0 = Debug|Itanium
		{48067AB8-2260-730B-17CA-C5B76C3CF0EA}.Upskirt|Win32.ActiveCfg = Release|Win32
		{48067AB8-2260-730B-17CA-C5B76C3CF0EA}.Upskirt|Win32.Build.0 = Release|Win32
		{48067AB8-2260-730B-17CA-C5B76C3CF0EA}.Upskirt|x64.ActiveCfg = Release|x64
		{48067AB8-2260-730B-17CA-C5B76C3CF0EA}.Upskirt|x64.Build.0 = Release|x64
		{F099715B-7AF7-499F-BE80-4DFD234E0C12}.Debug|Itanium.ActiveCfg = Debug|Win32
		{F099715B-7AF7-499F-BE80-4DFD234E0C12}.Debug|Win32.ActiveCfg = Debug|Win32
		{F099715B-7AF7-499F-BE80-4DFD234E0C12}.Debug|Win32.Build.0 = Debug|Win32
		{F099715B-7AF7-499F-BE80-4DFD234E0C12}.Debug|x64.ActiveCfg = Debug|x64
		{F099715B-7AF7-499F-BE80-4DFD234E0C12}.Debug|x64.Build.0 = Debug|x64
		{F099715B-7AF7-499F-BE80-4DFD234E0C12}.DebugDll|Itanium.ActiveCfg = DebugDll|Win32
		{F099715B-7AF7-499F-BE80-4DFD234E0C12}.DebugDll|Win32.ActiveCfg = DebugDll|Win32
		{F099715B-7AF7-499F-BE80-4DFD234E0C12}.DebugDll|Win32.Build.0 = DebugDll|Win32
		{F099715B-7AF7-499F-BE80-4DFD234E0C12}.DebugDll|x64.ActiveCfg = DebugDll|x64
		{F099715B-7AF7-499F-BE80-4DFD234E0C12}.DebugDll|x64.Build.0 = DebugDll|x64
		{F099715B-7AF7-499F-BE80-4DFD234E0C12}.Release|Itanium.ActiveCfg = Release|Win32
		{F099715B-7AF7-499F-BE80-4DFD234E0C12}.Release|Win32.ActiveCfg = Release|Win32
		{F099715B-7AF7-499F-BE80-4DFD234E0C12}.Release|Win32.Build.0 = Release|Win32
		{F099715B-7AF7-499F-BE80-4DFD234E0C12}.Release|x64.ActiveCfg = Release|x64
		{F099715B-7AF7-499F-BE80-4DFD234E0C12}.Release|x64.Build.0 = Release|x64
		{F099715B-7AF7-499F-BE80-4DFD234E0C12}.ReleaseDll|Itanium.ActiveCfg = ReleaseDll|Win32
		{F099715B-7AF7-499F-BE80-4DFD234E0C12}.ReleaseDll|Win32.ActiveCfg = ReleaseDll|Win32
		{F099715B-7AF7-499F-BE80-4DFD234E0C12}.ReleaseDll|Win32.Build.0 = ReleaseDll|Win32
		{F099715B-7AF7-499F-BE80-4DFD234E0C12}.ReleaseDll|x64.ActiveCfg = ReleaseDll|x64
		{F099715B-7AF7-499F-BE80-4DFD234E0C12}.ReleaseDll|x64.Build.0 = ReleaseDll|x64
		{F099715B-7AF7-499F-BE80-4DFD234E0C12}.Upskirt|Itanium.ActiveCfg = Debug|Win32
		{F099715B-7AF7-499F-BE80-4DFD234E0C12}.Upskirt|Itanium.Build.0 = Debug|Win32
		{F099715B-7AF7-499F-BE80-4DFD234E0C12}.Upskirt|Win32.ActiveCfg = Debug|Win32
		{F099715B-7AF7-499F-BE80-4DFD234E0C12}.Upskirt|Win32.Build.0 = Debug|Win32
		{F099715B-7AF7-499F-BE80-4DFD234E0C12}.Upskirt|x64.ActiveCfg = Debug|x64
		{F099715B-7AF7-499F-BE80-4DFD234E0C12}.Upskirt|x64.Build.0 = Debug|x64
	EndGlobalSection
	GlobalSection(SolutionProperties) = preSolution
		HideSolutionNode = FALSE
	EndGlobalSection
	GlobalSection(NestedProjects) = preSolution
		{BEF78878-99B5-47FC-AE1B-210EDF9643F8} = {DD218416-C5C4-47BC-A031-D2E3032505F1}
		{17794A55-DE45-431F-BAEE-B92226BF831E} = {DD218416-C5C4-47BC-A031-D2E3032505F1}
		{A063DFAD-6995-4E1A-AFFF-E43DC11E95B1} = {E1E2CF46-3C8D-4C55-9C9C-C844C2E15551}
		{5D459BA0-5EEB-47D3-A1C4-6B55C8D37EC0} = {E1E2CF46-3C8D-4C55-9C9C-C844C2E15551}
		{510AAB56-492A-4EF6-85AC-AD0F02BF5639} = {E1E2CF46-3C8D-4C55-9C9C-C844C2E15551}
		{F099715B-7AF7-499F-BE80-4DFD234E0C12} = {DD218416-C5C4-47BC-A031-D2E3032505F1}
	EndGlobalSection
	GlobalSection(ExtensibilityGlobals) = postSolution
		SolutionGuid = {3BC69862-5581-4094-97EA-451A5D6D7D86}
	EndGlobalSection
EndGlobal
