<?xml version="1.0" encoding="utf-8"?>
<Project ToolsVersion="4.0" xmlns="http://schemas.microsoft.com/developer/msbuild/2003">
  <ItemGroup>
    <Filter Include="Sources">
      <UniqueIdentifier>{5a966bc6-8223-44c8-acb5-6140cb125515}</UniqueIdentifier>
    </Filter>
    <Filter Include="Misc Files">
      <UniqueIdentifier>{f1161ac6-3ec9-4755-bf92-30c448556ffe}</UniqueIdentifier>
    </Filter>
    <Filter Include="Resources">
      <UniqueIdentifier>{52f0ca25-c783-4aba-bbc5-a42f7241f50c}</UniqueIdentifier>
    </Filter>
    <Filter Include="Misc Files\documentation">
      <UniqueIdentifier>{c617bb9d-e0c3-4b07-9de9-48d3ec0792f0}</UniqueIdentifier>
    </Filter>
    <Filter Include="Misc Files\documentation\styles">
      <UniqueIdentifier>{ebb6b24c-b0a4-4212-95b1-cb3feccea671}</UniqueIdentifier>
    </Filter>
    <Filter Include="Misc Files\documentation\images">
      <UniqueIdentifier>{becbcbf7-3813-4e45-95cc-6da569b58ea8}</UniqueIdentifier>
    </Filter>
    <Filter Include="test-website">
      <UniqueIdentifier>{ea311ecd-dbbd-460a-9193-0884ffa8b8d6}</UniqueIdentifier>
    </Filter>
    <Filter Include="test-website\ajax">
      <UniqueIdentifier>{45179d81-f9b6-4f7c-b86f-2055410b4c99}</UniqueIdentifier>
    </Filter>
    <Filter Include="test-website\imagetest">
      <UniqueIdentifier>{152a495e-c4fc-4ee0-b662-10a3fbaa4e97}</UniqueIdentifier>
    </Filter>
    <Filter Include="test-website\error">
      <UniqueIdentifier>{522e94bb-bbd0-4b29-a6e0-84a6b071f064}</UniqueIdentifier>
    </Filter>
  </ItemGroup>
  <ItemGroup>
    <None Include="..\..\.gitmodules">
      <Filter>Misc Files</Filter>
    </None>
    <None Include="..\..\Makefile">
      <Filter>Misc Files</Filter>
    </None>
    <None Include="..\..\LICENSE">
      <Filter>Misc Files</Filter>
    </None>
    <None Include="..\..\mongoose.1">
      <Filter>Misc Files</Filter>
    </None>
    <None Include="..\..\win32\favicon.ico">
      <Filter>Resources</Filter>
    </None>
    <None Include="..\..\win32\systray.ico">
      <Filter>Resources</Filter>
    </None>
    <None Include="..\..\documentation\BuildOnAndroid.html">
      <Filter>Misc Files\documentation</Filter>
    </None>
    <None Include="..\..\documentation\BuildOnAndroid.wiki">
      <Filter>Misc Files\documentation</Filter>
    </None>
    <None Include="..\..\documentation\ConfigurationProblems.html">
      <Filter>Misc Files\documentation</Filter>
    </None>
    <None Include="..\..\documentation\ConfigurationProblems.wiki">
      <Filter>Misc Files\documentation</Filter>
    </None>
    <None Include="..\..\documentation\default.html">
      <Filter>Misc Files\documentation</Filter>
    </None>
    <None Include="..\..\documentation\desktop.ini">
      <Filter>Misc Files\documentation</Filter>
    </None>
    <None Include="..\..\documentation\development-info.html">
      <Filter>Misc Files\documentation</Filter>
    </None>
    <None Include="..\..\documentation\Features.html">
      <Filter>Misc Files\documentation</Filter>
    </None>
    <None Include="..\..\documentation\Features.wiki">
      <Filter>Misc Files\documentation</Filter>
    </None>
    <None Include="..\..\documentation\icon.svg">
      <Filter>Misc Files\documentation</Filter>
    </None>
    <None Include="..\..\documentation\master.dwt">
      <Filter>Misc Files\documentation</Filter>
    </None>
    <None Include="..\..\documentation\MongooseManual.html">
      <Filter>Misc Files\documentation</Filter>
    </None>
    <None Include="..\..\documentation\MongooseManual.wiki">
      <Filter>Misc Files\documentation</Filter>
    </None>
    <None Include="..\..\documentation\UsefulResources.html">
      <Filter>Misc Files\documentation</Filter>
    </None>
    <None Include="..\..\documentation\UsefulResources.wiki">
      <Filter>Misc Files\documentation</Filter>
    </None>
    <None Include="..\..\documentation\WindowsUsage.html">
      <Filter>Misc Files\documentation</Filter>
    </None>
    <None Include="..\..\documentation\WindowsUsage.wiki">
      <Filter>Misc Files\documentation</Filter>
    </None>
    <None Include="..\..\documentation\WritingWebApplications.html">
      <Filter>Misc Files\documentation</Filter>
    </None>
    <None Include="..\..\documentation\WritingWebApplications.wiki">
      <Filter>Misc Files\documentation</Filter>
    </None>
    <None Include="..\..\documentation\images\leftphoto.jpg">
      <Filter>Misc Files\documentation\images</Filter>
    </None>
    <None Include="..\..\documentation\styles\layout.css">
      <Filter>Misc Files\documentation\styles</Filter>
    </None>
    <None Include="..\..\documentation\styles\style0.css">
      <Filter>Misc Files\documentation\styles</Filter>
    </None>
    <None Include="..\..\documentation\styles\style1.css">
      <Filter>Misc Files\documentation\styles</Filter>
    </None>
    <None Include="..\..\documentation\styles\style2.css">
      <Filter>Misc Files\documentation\styles</Filter>
    </None>
    <None Include="..\..\documentation\styles\style3.css">
      <Filter>Misc Files\documentation\styles</Filter>
    </None>
    <None Include="..\..\test\.leading.dot.txt">
      <Filter>test-website</Filter>
    </None>
    <None Include="..\..\test\100images.htm">
      <Filter>test-website</Filter>
    </None>
    <None Include="..\..\test\all_build_flags.pl">
      <Filter>test-website</Filter>
    </None>
    <None Include="..\..\test\bad.cgi">
      <Filter>test-website</Filter>
    </None>
    <None Include="..\..\test\bad2.cgi">
      <Filter>test-website</Filter>
    </None>
    <None Include="..\..\test\env.cgi">
      <Filter>test-website</Filter>
    </None>
    <None Include="..\..\test\exploit.pl">
      <Filter>test-website</Filter>
    </None>
    <None Include="..\..\test\hello.cgi">
      <Filter>test-website</Filter>
    </None>
    <None Include="..\..\test\hello.txt">
      <Filter>test-website</Filter>
    </None>
    <None Include="..\..\test\passfile">
      <Filter>test-website</Filter>
    </None>
    <None Include="..\..\test\sh.cgi">
      <Filter>test-website</Filter>
    </None>
    <None Include="..\..\test\ssi1.shtml">
      <Filter>test-website</Filter>
    </None>
    <None Include="..\..\test\ssi2.shtml">
      <Filter>test-website</Filter>
    </None>
    <None Include="..\..\test\ssi3.shtml">
      <Filter>test-website</Filter>
    </None>
    <None Include="..\..\test\ssi4.shtml">
      <Filter>test-website</Filter>
    </None>
    <None Include="..\..\test\ssi5.shtml">
      <Filter>test-website</Filter>
    </None>
    <None Include="..\..\test\ssi6.shtml">
      <Filter>test-website</Filter>
    </None>
    <None Include="..\..\test\ssi7.shtml">
      <Filter>test-website</Filter>
    </None>
    <None Include="..\..\test\ssi8.shtml">
      <Filter>test-website</Filter>
    </None>
    <None Include="..\..\test\ssi9.shtml">
      <Filter>test-website</Filter>
    </None>
    <None Include="..\..\test\test.pl">
      <Filter>test-website</Filter>
    </None>
    <None Include="..\..\test\timeout.cgi">
      <Filter>test-website</Filter>
    </None>
    <None Include="..\..\test\ajax\echo.cgi">
      <Filter>test-website\ajax</Filter>
    </None>
    <None Include="..\..\test\ajax\jquery.js">
      <Filter>test-website\ajax</Filter>
    </None>
    <None Include="..\..\test\ajax\test.html">
      <Filter>test-website\ajax</Filter>
    </None>
    <None Include="..\..\test\imagetest\00.png">
      <Filter>test-website\imagetest</Filter>
    </None>
    <None Include="..\..\test\imagetest\01.png">
      <Filter>test-website\imagetest</Filter>
    </None>
    <None Include="..\..\test\imagetest\02.png">
      <Filter>test-website\imagetest</Filter>
    </None>
    <None Include="..\..\test\imagetest\03.png">
      <Filter>test-website\imagetest</Filter>
    </None>
    <None Include="..\..\test\imagetest\04.png">
      <Filter>test-website\imagetest</Filter>
    </None>
    <None Include="..\..\test\imagetest\05.png">
      <Filter>test-website\imagetest</Filter>
    </None>
    <None Include="..\..\test\imagetest\06.png">
      <Filter>test-website\imagetest</Filter>
    </None>
    <None Include="..\..\test\imagetest\07.png">
      <Filter>test-website\imagetest</Filter>
    </None>
    <None Include="..\..\test\imagetest\08.png">
      <Filter>test-website\imagetest</Filter>
    </None>
    <None Include="..\..\test\imagetest\09.png">
      <Filter>test-website\imagetest</Filter>
    </None>
    <None Include="..\..\test\imagetest\10.png">
      <Filter>test-website\imagetest</Filter>
    </None>
    <None Include="..\..\test\imagetest\11.png">
      <Filter>test-website\imagetest</Filter>
    </None>
    <None Include="..\..\test\imagetest\12.png">
      <Filter>test-website\imagetest</Filter>
    </None>
    <None Include="..\..\test\imagetest\13.png">
      <Filter>test-website\imagetest</Filter>
    </None>
    <None Include="..\..\test\imagetest\14.png">
      <Filter>test-website\imagetest</Filter>
    </None>
    <None Include="..\..\test\imagetest\15.png">
      <Filter>test-website\imagetest</Filter>
    </None>
    <None Include="..\..\test\imagetest\16.png">
      <Filter>test-website\imagetest</Filter>
    </None>
    <None Include="..\..\test\imagetest\17.png">
      <Filter>test-website\imagetest</Filter>
    </None>
    <None Include="..\..\test\imagetest\18.png">
      <Filter>test-website\imagetest</Filter>
    </None>
    <None Include="..\..\test\imagetest\19.png">
      <Filter>test-website\imagetest</Filter>
    </None>
    <None Include="..\..\test\imagetest\20.png">
      <Filter>test-website\imagetest</Filter>
    </None>
    <None Include="..\..\test\imagetest\21.png">
      <Filter>test-website\imagetest</Filter>
    </None>
    <None Include="..\..\test\imagetest\22.png">
      <Filter>test-website\imagetest</Filter>
    </None>
    <None Include="..\..\test\imagetest\23.png">
      <Filter>test-website\imagetest</Filter>
    </None>
    <None Include="..\..\test\imagetest\24.png">
      <Filter>test-website\imagetest</Filter>
    </None>
    <None Include="..\..\test\imagetest\25.png">
      <Filter>test-website\imagetest</Filter>
    </None>
    <None Include="..\..\test\imagetest\26.png">
      <Filter>test-website\imagetest</Filter>
    </None>
    <None Include="..\..\test\imagetest\27.png">
      <Filter>test-website\imagetest</Filter>
    </None>
    <None Include="..\..\test\imagetest\28.png">
      <Filter>test-website\imagetest</Filter>
    </None>
    <None Include="..\..\test\imagetest\29.png">
      <Filter>test-website\imagetest</Filter>
    </None>
    <None Include="..\..\test\imagetest\30.png">
      <Filter>test-website\imagetest</Filter>
    </None>
    <None Include="..\..\test\imagetest\31.png">
      <Filter>test-website\imagetest</Filter>
    </None>
    <None Include="..\..\test\imagetest\32.png">
      <Filter>test-website\imagetest</Filter>
    </None>
    <None Include="..\..\test\imagetest\33.png">
      <Filter>test-website\imagetest</Filter>
    </None>
    <None Include="..\..\test\imagetest\34.png">
      <Filter>test-website\imagetest</Filter>
    </None>
    <None Include="..\..\test\imagetest\35.png">
      <Filter>test-website\imagetest</Filter>
    </None>
    <None Include="..\..\test\imagetest\36.png">
      <Filter>test-website\imagetest</Filter>
    </None>
    <None Include="..\..\test\imagetest\37.png">
      <Filter>test-website\imagetest</Filter>
    </None>
    <None Include="..\..\test\imagetest\38.png">
      <Filter>test-website\imagetest</Filter>
    </None>
    <None Include="..\..\test\imagetest\39.png">
      <Filter>test-website\imagetest</Filter>
    </None>
    <None Include="..\..\test\imagetest\40.png">
      <Filter>test-website\imagetest</Filter>
    </None>
    <None Include="..\..\test\imagetest\41.png">
      <Filter>test-website\imagetest</Filter>
    </None>
    <None Include="..\..\test\imagetest\42.png">
      <Filter>test-website\imagetest</Filter>
    </None>
    <None Include="..\..\test\imagetest\43.png">
      <Filter>test-website\imagetest</Filter>
    </None>
    <None Include="..\..\test\imagetest\44.png">
      <Filter>test-website\imagetest</Filter>
    </None>
    <None Include="..\..\test\imagetest\45.png">
      <Filter>test-website\imagetest</Filter>
    </None>
    <None Include="..\..\test\imagetest\46.png">
      <Filter>test-website\imagetest</Filter>
    </None>
    <None Include="..\..\test\imagetest\47.png">
      <Filter>test-website\imagetest</Filter>
    </None>
    <None Include="..\..\test\imagetest\48.png">
      <Filter>test-website\imagetest</Filter>
    </None>
    <None Include="..\..\test\imagetest\49.png">
      <Filter>test-website\imagetest</Filter>
    </None>
    <None Include="..\..\test\imagetest\50.png">
      <Filter>test-website\imagetest</Filter>
    </None>
    <None Include="..\..\test\imagetest\51.png">
      <Filter>test-website\imagetest</Filter>
    </None>
    <None Include="..\..\test\imagetest\52.png">
      <Filter>test-website\imagetest</Filter>
    </None>
    <None Include="..\..\test\imagetest\53.png">
      <Filter>test-website\imagetest</Filter>
    </None>
    <None Include="..\..\test\imagetest\54.png">
      <Filter>test-website\imagetest</Filter>
    </None>
    <None Include="..\..\test\imagetest\55.png">
      <Filter>test-website\imagetest</Filter>
    </None>
    <None Include="..\..\test\imagetest\56.png">
      <Filter>test-website\imagetest</Filter>
    </None>
    <None Include="..\..\test\imagetest\57.png">
      <Filter>test-website\imagetest</Filter>
    </None>
    <None Include="..\..\test\imagetest\58.png">
      <Filter>test-website\imagetest</Filter>
    </None>
    <None Include="..\..\test\imagetest\59.png">
      <Filter>test-website\imagetest</Filter>
    </None>
    <None Include="..\..\test\imagetest\60.png">
      <Filter>test-website\imagetest</Filter>
    </None>
    <None Include="..\..\test\imagetest\61.png">
      <Filter>test-website\imagetest</Filter>
    </None>
    <None Include="..\..\test\imagetest\62.png">
      <Filter>test-website\imagetest</Filter>
    </None>
    <None Include="..\..\test\imagetest\63.png">
      <Filter>test-website\imagetest</Filter>
    </None>
    <None Include="..\..\test\imagetest\64.png">
      <Filter>test-website\imagetest</Filter>
    </None>
    <None Include="..\..\test\imagetest\65.png">
      <Filter>test-website\imagetest</Filter>
    </None>
    <None Include="..\..\test\imagetest\66.png">
      <Filter>test-website\imagetest</Filter>
    </None>
    <None Include="..\..\test\imagetest\67.png">
      <Filter>test-website\imagetest</Filter>
    </None>
    <None Include="..\..\test\imagetest\68.png">
      <Filter>test-website\imagetest</Filter>
    </None>
    <None Include="..\..\test\imagetest\69.png">
      <Filter>test-website\imagetest</Filter>
    </None>
    <None Include="..\..\test\imagetest\70.png">
      <Filter>test-website\imagetest</Filter>
    </None>
    <None Include="..\..\test\imagetest\71.png">
      <Filter>test-website\imagetest</Filter>
    </None>
    <None Include="..\..\test\imagetest\72.png">
      <Filter>test-website\imagetest</Filter>
    </None>
    <None Include="..\..\test\imagetest\73.png">
      <Filter>test-website\imagetest</Filter>
    </None>
    <None Include="..\..\test\imagetest\74.png">
      <Filter>test-website\imagetest</Filter>
    </None>
    <None Include="..\..\test\imagetest\75.png">
      <Filter>test-website\imagetest</Filter>
    </None>
    <None Include="..\..\test\imagetest\76.png">
      <Filter>test-website\imagetest</Filter>
    </None>
    <None Include="..\..\test\imagetest\77.png">
      <Filter>test-website\imagetest</Filter>
    </None>
    <None Include="..\..\test\imagetest\78.png">
      <Filter>test-website\imagetest</Filter>
    </None>
    <None Include="..\..\test\imagetest\79.png">
      <Filter>test-website\imagetest</Filter>
    </None>
    <None Include="..\..\test\imagetest\80.png">
      <Filter>test-website\imagetest</Filter>
    </None>
    <None Include="..\..\test\imagetest\81.png">
      <Filter>test-website\imagetest</Filter>
    </None>
    <None Include="..\..\test\imagetest\82.png">
      <Filter>test-website\imagetest</Filter>
    </None>
    <None Include="..\..\test\imagetest\83.png">
      <Filter>test-website\imagetest</Filter>
    </None>
    <None Include="..\..\test\imagetest\84.png">
      <Filter>test-website\imagetest</Filter>
    </None>
    <None Include="..\..\test\imagetest\85.png">
      <Filter>test-website\imagetest</Filter>
    </None>
    <None Include="..\..\test\imagetest\86.png">
      <Filter>test-website\imagetest</Filter>
    </None>
    <None Include="..\..\test\imagetest\87.png">
      <Filter>test-website\imagetest</Filter>
    </None>
    <None Include="..\..\test\imagetest\88.png">
      <Filter>test-website\imagetest</Filter>
    </None>
    <None Include="..\..\test\imagetest\89.png">
      <Filter>test-website\imagetest</Filter>
    </None>
    <None Include="..\..\test\imagetest\90.png">
      <Filter>test-website\imagetest</Filter>
    </None>
    <None Include="..\..\test\imagetest\91.png">
      <Filter>test-website\imagetest</Filter>
    </None>
    <None Include="..\..\test\imagetest\92.png">
      <Filter>test-website\imagetest</Filter>
    </None>
    <None Include="..\..\test\imagetest\93.png">
      <Filter>test-website\imagetest</Filter>
    </None>
    <None Include="..\..\test\imagetest\94.png">
      <Filter>test-website\imagetest</Filter>
    </None>
    <None Include="..\..\test\imagetest\95.png">
      <Filter>test-website\imagetest</Filter>
    </None>
    <None Include="..\..\test\imagetest\96.png">
      <Filter>test-website\imagetest</Filter>
    </None>
    <None Include="..\..\test\imagetest\97.png">
      <Filter>test-website\imagetest</Filter>
    </None>
    <None Include="..\..\test\imagetest\98.png">
      <Filter>test-website\imagetest</Filter>
    </None>
    <None Include="..\..\test\imagetest\99.png">
      <Filter>test-website\imagetest</Filter>
    </None>
    <None Include="..\..\test\error\404.shtml">
      <Filter>test-website\error</Filter>
    </None>
    <None Include="..\..\test\error\error.shtml">
      <Filter>test-website\error</Filter>
    </None>
    <None Include="..\..\test\ajax\test-18.html">
      <Filter>test-website\ajax</Filter>
    </None>
  </ItemGroup>
  <ItemGroup>
    <ResourceCompile Include="..\..\win32\res.rc">
      <Filter>Resources</Filter>
    </ResourceCompile>
  </ItemGroup>
  <ItemGroup>
    <ClInclude Include="..\..\win32\resource.h">
      <Filter>Resources</Filter>
    </ClInclude>
  </ItemGroup>
  <ItemGroup>
    <ClCompile Include="..\..\main.c">
      <Filter>Sources</Filter>
    </ClCompile>
    <ClCompile Include="..\..\mongoose_ex.c">
      <Filter>Sources</Filter>
    </ClCompile>
  </ItemGroup>
</Project>