
Microsoft Visual Studio Solution File, Format Version 11.00
# Visual Studio 2010
Project("{8BC9CEB8-8B4A-11D0-8D11-00A0C91BC942}") = "mongoose", "3rdparty_mongoose.vcxproj", "{233653B7-8908-B7F0-5035-6C77FDBB99CF}"
EndProject
Project("{8BC9CEB8-8B4A-11D0-8D11-00A0C91BC942}") = "mongoose_main", "3rdparty_mongoose_server.vcxproj", "{77F5DFE1-16CF-64C0-61EF-55420DBDC7C5}"
EndProject
Project("{2150E333-8FDC-42A3-9474-1A3956D46DE8}") = "mongoose", "mongoose", "{A49FBF42-AA78-4459-B83B-201271B73458}"
EndProject
Project("{8BC9CEB8-8B4A-11D0-8D11-00A0C91BC942}") = "mongoose_chat_sample", "3rdparty_mongoose_chat_sample.vcxproj", "{5F9A7CD2-81BB-0FAC-F711-A8BA679D7D27}"
EndProject
Project("{8BC9CEB8-8B4A-11D0-8D11-00A0C91BC942}") = "mongoose_hello", "3rdparty_mongoose_hello_sample.vcxproj", "{3CE97945-6264-9B7B-3476-AFF9ECB6F8B0}"
EndProject
Project("{8BC9CEB8-8B4A-11D0-8D11-00A0C91BC942}") = "mongoose_test_embed", "3rdparty_mongoose_test_embed.vcxproj", "{E89946AA-0FC2-28E5-1AA9-6E2BC2791167}"
EndProject
Project("{8BC9CEB8-8B4A-11D0-8D11-00A0C91BC942}") = "mongoose_unit_test", "3rdparty_mongoose_test_unit_test.vcxproj", "{EA5F0641-E39B-58D2-DD85-D0C2A75323B1}"
EndProject
Project("{8BC9CEB8-8B4A-11D0-8D11-00A0C91BC942}") = "mongoose_authentication_sample", "3rdparty_mongoose_authentication_sample.vcxproj", "{5D84E396-F92C-ED8C-256D-65567155C477}"
EndProject
Project("{8BC9CEB8-8B4A-11D0-8D11-00A0C91BC942}") = "mongoose_service", "3rdparty_mongoose_service.vcxproj", "{B839D0D3-DDB2-6B19-7A3A-D62F3C392775}"
EndProject
Project("{8BC9CEB8-8B4A-11D0-8D11-00A0C91BC942}") = "mongoose_testclient", "3rdparty_mongoose_testclient.vcxproj", "{ED53E956-7B6B-930B-2891-FA3A0BB4999C}"
EndProject
Global
	GlobalSection(SolutionConfigurationPlatforms) = preSolution
		Debug|Itanium = Debug|Itanium
		Debug|Pocket PC 2003 (ARMV4) = Debug|Pocket PC 2003 (ARMV4)
		Debug|Win32 = Debug|Win32
		Debug|x64 = Debug|x64
		DebugDll|Itanium = DebugDll|Itanium
		DebugDll|Pocket PC 2003 (ARMV4) = DebugDll|Pocket PC 2003 (ARMV4)
		DebugDll|Win32 = DebugDll|Win32
		DebugDll|x64 = DebugDll|x64
		Release|Itanium = Release|Itanium
		Release|Pocket PC 2003 (ARMV4) = Release|Pocket PC 2003 (ARMV4)
		Release|Win32 = Release|Win32
		Release|x64 = Release|x64
		ReleaseDll|Itanium = ReleaseDll|Itanium
		ReleaseDll|Pocket PC 2003 (ARMV4) = ReleaseDll|Pocket PC 2003 (ARMV4)
		ReleaseDll|Win32 = ReleaseDll|Win32
		ReleaseDll|x64 = ReleaseDll|x64
		Upskirt|Itanium = Upskirt|Itanium
		Upskirt|Pocket PC 2003 (ARMV4) = Upskirt|Pocket PC 2003 (ARMV4)
		Upskirt|Win32 = Upskirt|Win32
		Upskirt|x64 = Upskirt|x64
	EndGlobalSection
	GlobalSection(ProjectConfigurationPlatforms) = postSolution
		{233653B7-8908-B7F0-5035-6C77FDBB99CF}.Debug|Itanium.ActiveCfg = Debug|Itanium
		{233653B7-8908-B7F0-5035-6C77FDBB99CF}.Debug|Itanium.Build.0 = Debug|Itanium
		{233653B7-8908-B7F0-5035-6C77FDBB99CF}.Debug|Pocket PC 2003 (ARMV4).ActiveCfg = Debug|Itanium
		{233653B7-8908-B7F0-5035-6C77FDBB99CF}.Debug|Win32.ActiveCfg = Debug|Win32
		{233653B7-8908-B7F0-5035-6C77FDBB99CF}.Debug|Win32.Build.0 = Debug|Win32
		{233653B7-8908-B7F0-5035-6C77FDBB99CF}.Debug|x64.ActiveCfg = Debug|x64
		{233653B7-8908-B7F0-5035-6C77FDBB99CF}.Debug|x64.Build.0 = Debug|x64
		{233653B7-8908-B7F0-5035-6C77FDBB99CF}.DebugDll|Itanium.ActiveCfg = Debug|x64
		{233653B7-8908-B7F0-5035-6C77FDBB99CF}.DebugDll|Pocket PC 2003 (ARMV4).ActiveCfg = Debug|x64
		{233653B7-8908-B7F0-5035-6C77FDBB99CF}.DebugDll|Win32.ActiveCfg = Debug|x64
		{233653B7-8908-B7F0-5035-6C77FDBB99CF}.DebugDll|x64.ActiveCfg = Debug|x64
		{233653B7-8908-B7F0-5035-6C77FDBB99CF}.DebugDll|x64.Build.0 = Debug|x64
		{233653B7-8908-B7F0-5035-6C77FDBB99CF}.Release|Itanium.ActiveCfg = Release|Itanium
		{233653B7-8908-B7F0-5035-6C77FDBB99CF}.Release|Itanium.Build.0 = Release|Itanium
		{233653B7-8908-B7F0-5035-6C77FDBB99CF}.Release|Pocket PC 2003 (ARMV4).ActiveCfg = Release|Itanium
		{233653B7-8908-B7F0-5035-6C77FDBB99CF}.Release|Win32.ActiveCfg = Release|Win32
		{233653B7-8908-B7F0-5035-6C77FDBB99CF}.Release|Win32.Build.0 = Release|Win32
		{233653B7-8908-B7F0-5035-6C77FDBB99CF}.Release|x64.ActiveCfg = Release|x64
		{233653B7-8908-B7F0-5035-6C77FDBB99CF}.Release|x64.Build.0 = Release|x64
		{233653B7-8908-B7F0-5035-6C77FDBB99CF}.ReleaseDll|Itanium.ActiveCfg = Release|x64
		{233653B7-8908-B7F0-5035-6C77FDBB99CF}.ReleaseDll|Pocket PC 2003 (ARMV4).ActiveCfg = Release|x64
		{233653B7-8908-B7F0-5035-6C77FDBB99CF}.ReleaseDll|Win32.ActiveCfg = Release|x64
		{233653B7-8908-B7F0-5035-6C77FDBB99CF}.ReleaseDll|x64.ActiveCfg = Release|x64
		{233653B7-8908-B7F0-5035-6C77FDBB99CF}.ReleaseDll|x64.Build.0 = Release|x64
		{233653B7-8908-B7F0-5035-6C77FDBB99CF}.Upskirt|Itanium.ActiveCfg = Release|x64
		{233653B7-8908-B7F0-5035-6C77FDBB99CF}.Upskirt|Pocket PC 2003 (ARMV4).ActiveCfg = Release|x64
		{233653B7-8908-B7F0-5035-6C77FDBB99CF}.Upskirt|Win32.ActiveCfg = Release|x64
		{233653B7-8908-B7F0-5035-6C77FDBB99CF}.Upskirt|x64.ActiveCfg = Release|x64
		{233653B7-8908-B7F0-5035-6C77FDBB99CF}.Upskirt|x64.Build.0 = Release|x64
		{77F5DFE1-16CF-64C0-61EF-55420DBDC7C5}.Debug|Itanium.ActiveCfg = Debug|Itanium
		{77F5DFE1-16CF-64C0-61EF-55420DBDC7C5}.Debug|Itanium.Build.0 = Debug|Itanium
		{77F5DFE1-16CF-64C0-61EF-55420DBDC7C5}.Debug|Pocket PC 2003 (ARMV4).ActiveCfg = Debug|x64
		{77F5DFE1-16CF-64C0-61EF-55420DBDC7C5}.Debug|Win32.ActiveCfg = Debug|Win32
		{77F5DFE1-16CF-64C0-61EF-55420DBDC7C5}.Debug|Win32.Build.0 = Debug|Win32
		{77F5DFE1-16CF-64C0-61EF-55420DBDC7C5}.Debug|x64.ActiveCfg = Debug|x64
		{77F5DFE1-16CF-64C0-61EF-55420DBDC7C5}.Debug|x64.Build.0 = Debug|x64
		{77F5DFE1-16CF-64C0-61EF-55420DBDC7C5}.DebugDll|Itanium.ActiveCfg = Debug|x64
		{77F5DFE1-16CF-64C0-61EF-55420DBDC7C5}.DebugDll|Pocket PC 2003 (ARMV4).ActiveCfg = Debug|x64
		{77F5DFE1-16CF-64C0-61EF-55420DBDC7C5}.DebugDll|Win32.ActiveCfg = Debug|x64
		{77F5DFE1-16CF-64C0-61EF-55420DBDC7C5}.DebugDll|x64.ActiveCfg = Debug|x64
		{77F5DFE1-16CF-64C0-61EF-55420DBDC7C5}.DebugDll|x64.Build.0 = Debug|x64
		{77F5DFE1-16CF-64C0-61EF-55420DBDC7C5}.Release|Itanium.ActiveCfg = Release|Itanium
		{77F5DFE1-16CF-64C0-61EF-55420DBDC7C5}.Release|Itanium.Build.0 = Release|Itanium
		{77F5DFE1-16CF-64C0-61EF-55420DBDC7C5}.Release|Pocket PC 2003 (ARMV4).ActiveCfg = Release|x64
		{77F5DFE1-16CF-64C0-61EF-55420DBDC7C5}.Release|Win32.ActiveCfg = Release|Win32
		{77F5DFE1-16CF-64C0-61EF-55420DBDC7C5}.Release|Win32.Build.0 = Release|Win32
		{77F5DFE1-16CF-64C0-61EF-55420DBDC7C5}.Release|x64.ActiveCfg = Release|x64
		{77F5DFE1-16CF-64C0-61EF-55420DBDC7C5}.Release|x64.Build.0 = Release|x64
		{77F5DFE1-16CF-64C0-61EF-55420DBDC7C5}.ReleaseDll|Itanium.ActiveCfg = Release|x64
		{77F5DFE1-16CF-64C0-61EF-55420DBDC7C5}.ReleaseDll|Pocket PC 2003 (ARMV4).ActiveCfg = Release|x64
		{77F5DFE1-16CF-64C0-61EF-55420DBDC7C5}.ReleaseDll|Win32.ActiveCfg = Release|x64
		{77F5DFE1-16CF-64C0-61EF-55420DBDC7C5}.ReleaseDll|x64.ActiveCfg = Release|x64
		{77F5DFE1-16CF-64C0-61EF-55420DBDC7C5}.ReleaseDll|x64.Build.0 = Release|x64
		{77F5DFE1-16CF-64C0-61EF-55420DBDC7C5}.Upskirt|Itanium.ActiveCfg = Release|x64
		{77F5DFE1-16CF-64C0-61EF-55420DBDC7C5}.Upskirt|Pocket PC 2003 (ARMV4).ActiveCfg = Release|x64
		{77F5DFE1-16CF-64C0-61EF-55420DBDC7C5}.Upskirt|Win32.ActiveCfg = Release|x64
		{77F5DFE1-16CF-64C0-61EF-55420DBDC7C5}.Upskirt|x64.ActiveCfg = Release|x64
		{77F5DFE1-16CF-64C0-61EF-55420DBDC7C5}.Upskirt|x64.Build.0 = Release|x64
		{5F9A7CD2-81BB-0FAC-F711-A8BA679D7D27}.Debug|Itanium.ActiveCfg = Debug|Itanium
		{5F9A7CD2-81BB-0FAC-F711-A8BA679D7D27}.Debug|Itanium.Build.0 = Debug|Itanium
		{5F9A7CD2-81BB-0FAC-F711-A8BA679D7D27}.Debug|Pocket PC 2003 (ARMV4).ActiveCfg = Debug|x64
		{5F9A7CD2-81BB-0FAC-F711-A8BA679D7D27}.Debug|Win32.ActiveCfg = Debug|Win32
		{5F9A7CD2-81BB-0FAC-F711-A8BA679D7D27}.Debug|Win32.Build.0 = Debug|Win32
		{5F9A7CD2-81BB-0FAC-F711-A8BA679D7D27}.Debug|x64.ActiveCfg = Debug|x64
		{5F9A7CD2-81BB-0FAC-F711-A8BA679D7D27}.Debug|x64.Build.0 = Debug|x64
		{5F9A7CD2-81BB-0FAC-F711-A8BA679D7D27}.DebugDll|Itanium.ActiveCfg = Debug|x64
		{5F9A7CD2-81BB-0FAC-F711-A8BA679D7D27}.DebugDll|Pocket PC 2003 (ARMV4).ActiveCfg = Debug|x64
		{5F9A7CD2-81BB-0FAC-F711-A8BA679D7D27}.DebugDll|Win32.ActiveCfg = Debug|x64
		{5F9A7CD2-81BB-0FAC-F711-A8BA679D7D27}.DebugDll|x64.ActiveCfg = Debug|x64
		{5F9A7CD2-81BB-0FAC-F711-A8BA679D7D27}.DebugDll|x64.Build.0 = Debug|x64
		{5F9A7CD2-81BB-0FAC-F711-A8BA679D7D27}.Release|Itanium.ActiveCfg = Release|Itanium
		{5F9A7CD2-81BB-0FAC-F711-A8BA679D7D27}.Release|Itanium.Build.0 = Release|Itanium
		{5F9A7CD2-81BB-0FAC-F711-A8BA679D7D27}.Release|Pocket PC 2003 (ARMV4).ActiveCfg = Release|x64
		{5F9A7CD2-81BB-0FAC-F711-A8BA679D7D27}.Release|Win32.ActiveCfg = Release|Win32
		{5F9A7CD2-81BB-0FAC-F711-A8BA679D7D27}.Release|Win32.Build.0 = Release|Win32
		{5F9A7CD2-81BB-0FAC-F711-A8BA679D7D27}.Release|x64.ActiveCfg = Release|x64
		{5F9A7CD2-81BB-0FAC-F711-A8BA679D7D27}.Release|x64.Build.0 = Release|x64
		{5F9A7CD2-81BB-0FAC-F711-A8BA679D7D27}.ReleaseDll|Itanium.ActiveCfg = Release|x64
		{5F9A7CD2-81BB-0FAC-F711-A8BA679D7D27}.ReleaseDll|Pocket PC 2003 (ARMV4).ActiveCfg = Release|x64
		{5F9A7CD2-81BB-0FAC-F711-A8BA679D7D27}.ReleaseDll|Win32.ActiveCfg = Release|x64
		{5F9A7CD2-81BB-0FAC-F711-A8BA679D7D27}.ReleaseDll|x64.ActiveCfg = Release|x64
		{5F9A7CD2-81BB-0FAC-F711-A8BA679D7D27}.ReleaseDll|x64.Build.0 = Release|x64
		{5F9A7CD2-81BB-0FAC-F711-A8BA679D7D27}.Upskirt|Itanium.ActiveCfg = Release|x64
		{5F9A7CD2-81BB-0FAC-F711-A8BA679D7D27}.Upskirt|Pocket PC 2003 (ARMV4).ActiveCfg = Release|x64
		{5F9A7CD2-81BB-0FAC-F711-A8BA679D7D27}.Upskirt|Win32.ActiveCfg = Release|x64
		{5F9A7CD2-81BB-0FAC-F711-A8BA679D7D27}.Upskirt|x64.ActiveCfg = Release|x64
		{5F9A7CD2-81BB-0FAC-F711-A8BA679D7D27}.Upskirt|x64.Build.0 = Release|x64
		{3CE97945-6264-9B7B-3476-AFF9ECB6F8B0}.Debug|Itanium.ActiveCfg = Debug|Itanium
		{3CE97945-6264-9B7B-3476-AFF9ECB6F8B0}.Debug|Itanium.Build.0 = Debug|Itanium
		{3CE97945-6264-9B7B-3476-AFF9ECB6F8B0}.Debug|Pocket PC 2003 (ARMV4).ActiveCfg = Debug|x64
		{3CE97945-6264-9B7B-3476-AFF9ECB6F8B0}.Debug|Win32.ActiveCfg = Debug|Win32
		{3CE97945-6264-9B7B-3476-AFF9ECB6F8B0}.Debug|Win32.Build.0 = Debug|Win32
		{3CE97945-6264-9B7B-3476-AFF9ECB6F8B0}.Debug|x64.ActiveCfg = Debug|x64
		{3CE97945-6264-9B7B-3476-AFF9ECB6F8B0}.Debug|x64.Build.0 = Debug|x64
		{3CE97945-6264-9B7B-3476-AFF9ECB6F8B0}.DebugDll|Itanium.ActiveCfg = Debug|x64
		{3CE97945-6264-9B7B-3476-AFF9ECB6F8B0}.DebugDll|Pocket PC 2003 (ARMV4).ActiveCfg = Debug|x64
		{3CE97945-6264-9B7B-3476-AFF9ECB6F8B0}.DebugDll|Win32.ActiveCfg = Debug|x64
		{3CE97945-6264-9B7B-3476-AFF9ECB6F8B0}.DebugDll|x64.ActiveCfg = Debug|x64
		{3CE97945-6264-9B7B-3476-AFF9ECB6F8B0}.DebugDll|x64.Build.0 = Debug|x64
		{3CE97945-6264-9B7B-3476-AFF9ECB6F8B0}.Release|Itanium.ActiveCfg = Release|Itanium
		{3CE97945-6264-9B7B-3476-AFF9ECB6F8B0}.Release|Itanium.Build.0 = Release|Itanium
		{3CE97945-6264-9B7B-3476-AFF9ECB6F8B0}.Release|Pocket PC 2003 (ARMV4).ActiveCfg = Release|x64
		{3CE97945-6264-9B7B-3476-AFF9ECB6F8B0}.Release|Win32.ActiveCfg = Release|Win32
		{3CE97945-6264-9B7B-3476-AFF9ECB6F8B0}.Release|Win32.Build.0 = Release|Win32
		{3CE97945-6264-9B7B-3476-AFF9ECB6F8B0}.Release|x64.ActiveCfg = Release|x64
		{3CE97945-6264-9B7B-3476-AFF9ECB6F8B0}.Release|x64.Build.0 = Release|x64
		{3CE97945-6264-9B7B-3476-AFF9ECB6F8B0}.ReleaseDll|Itanium.ActiveCfg = Release|x64
		{3CE97945-6264-9B7B-3476-AFF9ECB6F8B0}.ReleaseDll|Pocket PC 2003 (ARMV4).ActiveCfg = Release|x64
		{3CE97945-6264-9B7B-3476-AFF9ECB6F8B0}.ReleaseDll|Win32.ActiveCfg = Release|x64
		{3CE97945-6264-9B7B-3476-AFF9ECB6F8B0}.ReleaseDll|x64.ActiveCfg = Release|x64
		{3CE97945-6264-9B7B-3476-AFF9ECB6F8B0}.ReleaseDll|x64.Build.0 = Release|x64
		{3CE97945-6264-9B7B-3476-AFF9ECB6F8B0}.Upskirt|Itanium.ActiveCfg = Release|x64
		{3CE97945-6264-9B7B-3476-AFF9ECB6F8B0}.Upskirt|Pocket PC 2003 (ARMV4).ActiveCfg = Release|x64
		{3CE97945-6264-9B7B-3476-AFF9ECB6F8B0}.Upskirt|Win32.ActiveCfg = Release|x64
		{3CE97945-6264-9B7B-3476-AFF9ECB6F8B0}.Upskirt|x64.ActiveCfg = Release|x64
		{3CE97945-6264-9B7B-3476-AFF9ECB6F8B0}.Upskirt|x64.Build.0 = Release|x64
		{E89946AA-0FC2-28E5-1AA9-6E2BC2791167}.Debug|Itanium.ActiveCfg = Debug|Itanium
		{E89946AA-0FC2-28E5-1AA9-6E2BC2791167}.Debug|Itanium.Build.0 = Debug|Itanium
		{E89946AA-0FC2-28E5-1AA9-6E2BC2791167}.Debug|Pocket PC 2003 (ARMV4).ActiveCfg = Debug|x64
		{E89946AA-0FC2-28E5-1AA9-6E2BC2791167}.Debug|Win32.ActiveCfg = Debug|Win32
		{E89946AA-0FC2-28E5-1AA9-6E2BC2791167}.Debug|Win32.Build.0 = Debug|Win32
		{E89946AA-0FC2-28E5-1AA9-6E2BC2791167}.Debug|x64.ActiveCfg = Debug|x64
		{E89946AA-0FC2-28E5-1AA9-6E2BC2791167}.Debug|x64.Build.0 = Debug|x64
		{E89946AA-0FC2-28E5-1AA9-6E2BC2791167}.DebugDll|Itanium.ActiveCfg = Debug|x64
		{E89946AA-0FC2-28E5-1AA9-6E2BC2791167}.DebugDll|Pocket PC 2003 (ARMV4).ActiveCfg = Debug|x64
		{E89946AA-0FC2-28E5-1AA9-6E2BC2791167}.DebugDll|Win32.ActiveCfg = Debug|x64
		{E89946AA-0FC2-28E5-1AA9-6E2BC2791167}.DebugDll|x64.ActiveCfg = Debug|x64
		{E89946AA-0FC2-28E5-1AA9-6E2BC2791167}.DebugDll|x64.Build.0 = Debug|x64
		{E89946AA-0FC2-28E5-1AA9-6E2BC2791167}.Release|Itanium.ActiveCfg = Release|Itanium
		{E89946AA-0FC2-28E5-1AA9-6E2BC2791167}.Release|Itanium.Build.0 = Release|Itanium
		{E89946AA-0FC2-28E5-1AA9-6E2BC2791167}.Release|Pocket PC 2003 (ARMV4).ActiveCfg = Release|x64
		{E89946AA-0FC2-28E5-1AA9-6E2BC2791167}.Release|Win32.ActiveCfg = Release|Win32
		{E89946AA-0FC2-28E5-1AA9-6E2BC2791167}.Release|Win32.Build.0 = Release|Win32
		{E89946AA-0FC2-28E5-1AA9-6E2BC2791167}.Release|x64.ActiveCfg = Release|x64
		{E89946AA-0FC2-28E5-1AA9-6E2BC2791167}.Release|x64.Build.0 = Release|x64
		{E89946AA-0FC2-28E5-1AA9-6E2BC2791167}.ReleaseDll|Itanium.ActiveCfg = Release|x64
		{E89946AA-0FC2-28E5-1AA9-6E2BC2791167}.ReleaseDll|Pocket PC 2003 (ARMV4).ActiveCfg = Release|x64
		{E89946AA-0FC2-28E5-1AA9-6E2BC2791167}.ReleaseDll|Win32.ActiveCfg = Release|x64
		{E89946AA-0FC2-28E5-1AA9-6E2BC2791167}.ReleaseDll|x64.ActiveCfg = Release|x64
		{E89946AA-0FC2-28E5-1AA9-6E2BC2791167}.ReleaseDll|x64.Build.0 = Release|x64
		{E89946AA-0FC2-28E5-1AA9-6E2BC2791167}.Upskirt|Itanium.ActiveCfg = Release|x64
		{E89946AA-0FC2-28E5-1AA9-6E2BC2791167}.Upskirt|Pocket PC 2003 (ARMV4).ActiveCfg = Release|x64
		{E89946AA-0FC2-28E5-1AA9-6E2BC2791167}.Upskirt|Win32.ActiveCfg = Release|x64
		{E89946AA-0FC2-28E5-1AA9-6E2BC2791167}.Upskirt|x64.ActiveCfg = Release|x64
		{E89946AA-0FC2-28E5-1AA9-6E2BC2791167}.Upskirt|x64.Build.0 = Release|x64
		{EA5F0641-E39B-58D2-DD85-D0C2A75323B1}.Debug|Itanium.ActiveCfg = Debug|Itanium
		{EA5F0641-E39B-58D2-DD85-D0C2A75323B1}.Debug|Itanium.Build.0 = Debug|Itanium
		{EA5F0641-E39B-58D2-DD85-D0C2A75323B1}.Debug|Pocket PC 2003 (ARMV4).ActiveCfg = Debug|x64
		{EA5F0641-E39B-58D2-DD85-D0C2A75323B1}.Debug|Win32.ActiveCfg = Debug|Win32
		{EA5F0641-E39B-58D2-DD85-D0C2A75323B1}.Debug|Win32.Build.0 = Debug|Win32
		{EA5F0641-E39B-58D2-DD85-D0C2A75323B1}.Debug|x64.ActiveCfg = Debug|x64
		{EA5F0641-E39B-58D2-DD85-D0C2A75323B1}.Debug|x64.Build.0 = Debug|x64
		{EA5F0641-E39B-58D2-DD85-D0C2A75323B1}.DebugDll|Itanium.ActiveCfg = Debug|x64
		{EA5F0641-E39B-58D2-DD85-D0C2A75323B1}.DebugDll|Pocket PC 2003 (ARMV4).ActiveCfg = Debug|x64
		{EA5F0641-E39B-58D2-DD85-D0C2A75323B1}.DebugDll|Win32.ActiveCfg = Debug|x64
		{EA5F0641-E39B-58D2-DD85-D0C2A75323B1}.DebugDll|x64.ActiveCfg = Debug|x64
		{EA5F0641-E39B-58D2-DD85-D0C2A75323B1}.DebugDll|x64.Build.0 = Debug|x64
		{EA5F0641-E39B-58D2-DD85-D0C2A75323B1}.Release|Itanium.ActiveCfg = Release|Itanium
		{EA5F0641-E39B-58D2-DD85-D0C2A75323B1}.Release|Itanium.Build.0 = Release|Itanium
		{EA5F0641-E39B-58D2-DD85-D0C2A75323B1}.Release|Pocket PC 2003 (ARMV4).ActiveCfg = Release|x64
		{EA5F0641-E39B-58D2-DD85-D0C2A75323B1}.Release|Win32.ActiveCfg = Release|Win32
		{EA5F0641-E39B-58D2-DD85-D0C2A75323B1}.Release|Win32.Build.0 = Release|Win32
		{EA5F0641-E39B-58D2-DD85-D0C2A75323B1}.Release|x64.ActiveCfg = Release|x64
		{EA5F0641-E39B-58D2-DD85-D0C2A75323B1}.Release|x64.Build.0 = Release|x64
		{EA5F0641-E39B-58D2-DD85-D0C2A75323B1}.ReleaseDll|Itanium.ActiveCfg = Release|x64
		{EA5F0641-E39B-58D2-DD85-D0C2A75323B1}.ReleaseDll|Pocket PC 2003 (ARMV4).ActiveCfg = Release|x64
		{EA5F0641-E39B-58D2-DD85-D0C2A75323B1}.ReleaseDll|Win32.ActiveCfg = Release|x64
		{EA5F0641-E39B-58D2-DD85-D0C2A75323B1}.ReleaseDll|x64.ActiveCfg = Release|x64
		{EA5F0641-E39B-58D2-DD85-D0C2A75323B1}.ReleaseDll|x64.Build.0 = Release|x64
		{EA5F0641-E39B-58D2-DD85-D0C2A75323B1}.Upskirt|Itanium.ActiveCfg = Release|x64
		{EA5F0641-E39B-58D2-DD85-D0C2A75323B1}.Upskirt|Pocket PC 2003 (ARMV4).ActiveCfg = Release|x64
		{EA5F0641-E39B-58D2-DD85-D0C2A75323B1}.Upskirt|Win32.ActiveCfg = Release|x64
		{EA5F0641-E39B-58D2-DD85-D0C2A75323B1}.Upskirt|x64.ActiveCfg = Release|x64
		{EA5F0641-E39B-58D2-DD85-D0C2A75323B1}.Upskirt|x64.Build.0 = Release|x64
		{5D84E396-F92C-ED8C-256D-65567155C477}.Debug|Itanium.ActiveCfg = Debug|Itanium
		{5D84E396-F92C-ED8C-256D-65567155C477}.Debug|Itanium.Build.0 = Debug|Itanium
		{5D84E396-F92C-ED8C-256D-65567155C477}.Debug|Pocket PC 2003 (ARMV4).ActiveCfg = Debug|x64
		{5D84E396-F92C-ED8C-256D-65567155C477}.Debug|Win32.ActiveCfg = Debug|Win32
		{5D84E396-F92C-ED8C-256D-65567155C477}.Debug|Win32.Build.0 = Debug|Win32
		{5D84E396-F92C-ED8C-256D-65567155C477}.Debug|x64.ActiveCfg = Debug|x64
		{5D84E396-F92C-ED8C-256D-65567155C477}.Debug|x64.Build.0 = Debug|x64
		{5D84E396-F92C-ED8C-256D-65567155C477}.DebugDll|Itanium.ActiveCfg = Debug|x64
		{5D84E396-F92C-ED8C-256D-65567155C477}.DebugDll|Pocket PC 2003 (ARMV4).ActiveCfg = Debug|x64
		{5D84E396-F92C-ED8C-256D-65567155C477}.DebugDll|Win32.ActiveCfg = Debug|x64
		{5D84E396-F92C-ED8C-256D-65567155C477}.DebugDll|x64.ActiveCfg = Debug|x64
		{5D84E396-F92C-ED8C-256D-65567155C477}.DebugDll|x64.Build.0 = Debug|x64
		{5D84E396-F92C-ED8C-256D-65567155C477}.Release|Itanium.ActiveCfg = Release|Itanium
		{5D84E396-F92C-ED8C-256D-65567155C477}.Release|Itanium.Build.0 = Release|Itanium
		{5D84E396-F92C-ED8C-256D-65567155C477}.Release|Pocket PC 2003 (ARMV4).ActiveCfg = Release|x64
		{5D84E396-F92C-ED8C-256D-65567155C477}.Release|Win32.ActiveCfg = Release|Win32
		{5D84E396-F92C-ED8C-256D-65567155C477}.Release|Win32.Build.0 = Release|Win32
		{5D84E396-F92C-ED8C-256D-65567155C477}.Release|x64.ActiveCfg = Release|x64
		{5D84E396-F92C-ED8C-256D-65567155C477}.Release|x64.Build.0 = Release|x64
		{5D84E396-F92C-ED8C-256D-65567155C477}.ReleaseDll|Itanium.ActiveCfg = Release|x64
		{5D84E396-F92C-ED8C-256D-65567155C477}.ReleaseDll|Pocket PC 2003 (ARMV4).ActiveCfg = Release|x64
		{5D84E396-F92C-ED8C-256D-65567155C477}.ReleaseDll|Win32.ActiveCfg = Release|x64
		{5D84E396-F92C-ED8C-256D-65567155C477}.ReleaseDll|x64.ActiveCfg = Release|x64
		{5D84E396-F92C-ED8C-256D-65567155C477}.ReleaseDll|x64.Build.0 = Release|x64
		{5D84E396-F92C-ED8C-256D-65567155C477}.Upskirt|Itanium.ActiveCfg = Release|x64
		{5D84E396-F92C-ED8C-256D-65567155C477}.Upskirt|Pocket PC 2003 (ARMV4).ActiveCfg = Release|x64
		{5D84E396-F92C-ED8C-256D-65567155C477}.Upskirt|Win32.ActiveCfg = Release|x64
		{5D84E396-F92C-ED8C-256D-65567155C477}.Upskirt|x64.ActiveCfg = Release|x64
		{5D84E396-F92C-ED8C-256D-65567155C477}.Upskirt|x64.Build.0 = Release|x64
		{B839D0D3-DDB2-6B19-7A3A-D62F3C392775}.Debug|Itanium.ActiveCfg = Debug|Itanium
		{B839D0D3-DDB2-6B19-7A3A-D62F3C392775}.Debug|Itanium.Build.0 = Debug|Itanium
		{B839D0D3-DDB2-6B19-7A3A-D62F3C392775}.Debug|Pocket PC 2003 (ARMV4).ActiveCfg = Debug|x64
		{B839D0D3-DDB2-6B19-7A3A-D62F3C392775}.Debug|Win32.ActiveCfg = Debug|Win32
		{B839D0D3-DDB2-6B19-7A3A-D62F3C392775}.Debug|Win32.Build.0 = Debug|Win32
		{B839D0D3-DDB2-6B19-7A3A-D62F3C392775}.Debug|x64.ActiveCfg = Debug|x64
		{B839D0D3-DDB2-6B19-7A3A-D62F3C392775}.Debug|x64.Build.0 = Debug|x64
		{B839D0D3-DDB2-6B19-7A3A-D62F3C392775}.DebugDll|Itanium.ActiveCfg = Debug|x64
		{B839D0D3-DDB2-6B19-7A3A-D62F3C392775}.DebugDll|Pocket PC 2003 (ARMV4).ActiveCfg = Debug|x64
		{B839D0D3-DDB2-6B19-7A3A-D62F3C392775}.DebugDll|Win32.ActiveCfg = Debug|x64
		{B839D0D3-DDB2-6B19-7A3A-D62F3C392775}.DebugDll|x64.ActiveCfg = Debug|x64
		{B839D0D3-DDB2-6B19-7A3A-D62F3C392775}.DebugDll|x64.Build.0 = Debug|x64
		{B839D0D3-DDB2-6B19-7A3A-D62F3C392775}.Release|Itanium.ActiveCfg = Release|Itanium
		{B839D0D3-DDB2-6B19-7A3A-D62F3C392775}.Release|Itanium.Build.0 = Release|Itanium
		{B839D0D3-DDB2-6B19-7A3A-D62F3C392775}.Release|Pocket PC 2003 (ARMV4).ActiveCfg = Release|x64
		{B839D0D3-DDB2-6B19-7A3A-D62F3C392775}.Release|Win32.ActiveCfg = Release|Win32
		{B839D0D3-DDB2-6B19-7A3A-D62F3C392775}.Release|Win32.Build.0 = Release|Win32
		{B839D0D3-DDB2-6B19-7A3A-D62F3C392775}.Release|x64.ActiveCfg = Release|x64
		{B839D0D3-DDB2-6B19-7A3A-D62F3C392775}.Release|x64.Build.0 = Release|x64
		{B839D0D3-DDB2-6B19-7A3A-D62F3C392775}.ReleaseDll|Itanium.ActiveCfg = Release|x64
		{B839D0D3-DDB2-6B19-7A3A-D62F3C392775}.ReleaseDll|Pocket PC 2003 (ARMV4).ActiveCfg = Release|x64
		{B839D0D3-DDB2-6B19-7A3A-D62F3C392775}.ReleaseDll|Win32.ActiveCfg = Release|x64
		{B839D0D3-DDB2-6B19-7A3A-D62F3C392775}.ReleaseDll|x64.ActiveCfg = Release|x64
		{B839D0D3-DDB2-6B19-7A3A-D62F3C392775}.ReleaseDll|x64.Build.0 = Release|x64
		{B839D0D3-DDB2-6B19-7A3A-D62F3C392775}.Upskirt|Itanium.ActiveCfg = Release|x64
		{B839D0D3-DDB2-6B19-7A3A-D62F3C392775}.Upskirt|Pocket PC 2003 (ARMV4).ActiveCfg = Release|x64
		{B839D0D3-DDB2-6B19-7A3A-D62F3C392775}.Upskirt|Win32.ActiveCfg = Release|x64
		{B839D0D3-DDB2-6B19-7A3A-D62F3C392775}.Upskirt|x64.ActiveCfg = Release|x64
		{B839D0D3-DDB2-6B19-7A3A-D62F3C392775}.Upskirt|x64.Build.0 = Release|x64
		{ED53E956-7B6B-930B-2891-FA3A0BB4999C}.Debug|Itanium.ActiveCfg = Debug|Itanium
		{ED53E956-7B6B-930B-2891-FA3A0BB4999C}.Debug|Itanium.Build.0 = Debug|Itanium
		{ED53E956-7B6B-930B-2891-FA3A0BB4999C}.Debug|Pocket PC 2003 (ARMV4).ActiveCfg = Debug|x64
		{ED53E956-7B6B-930B-2891-FA3A0BB4999C}.Debug|Win32.ActiveCfg = Debug|Win32
		{ED53E956-7B6B-930B-2891-FA3A0BB4999C}.Debug|Win32.Build.0 = Debug|Win32
		{ED53E956-7B6B-930B-2891-FA3A0BB4999C}.Debug|x64.ActiveCfg = Debug|x64
		{ED53E956-7B6B-930B-2891-FA3A0BB4999C}.Debug|x64.Build.0 = Debug|x64
		{ED53E956-7B6B-930B-2891-FA3A0BB4999C}.DebugDll|Itanium.ActiveCfg = Debug|x64
		{ED53E956-7B6B-930B-2891-FA3A0BB4999C}.DebugDll|Pocket PC 2003 (ARMV4).ActiveCfg = Debug|x64
		{ED53E956-7B6B-930B-2891-FA3A0BB4999C}.DebugDll|Win32.ActiveCfg = Debug|x64
		{ED53E956-7B6B-930B-2891-FA3A0BB4999C}.DebugDll|x64.ActiveCfg = Debug|x64
		{ED53E956-7B6B-930B-2891-FA3A0BB4999C}.DebugDll|x64.Build.0 = Debug|x64
		{ED53E956-7B6B-930B-2891-FA3A0BB4999C}.Release|Itanium.ActiveCfg = Release|Itanium
		{ED53E956-7B6B-930B-2891-FA3A0BB4999C}.Release|Itanium.Build.0 = Release|Itanium
		{ED53E956-7B6B-930B-2891-FA3A0BB4999C}.Release|Pocket PC 2003 (ARMV4).ActiveCfg = Release|x64
		{ED53E956-7B6B-930B-2891-FA3A0BB4999C}.Release|Win32.ActiveCfg = Release|Win32
		{ED53E956-7B6B-930B-2891-FA3A0BB4999C}.Release|Win32.Build.0 = Release|Win32
		{ED53E956-7B6B-930B-2891-FA3A0BB4999C}.Release|x64.ActiveCfg = Release|x64
		{ED53E956-7B6B-930B-2891-FA3A0BB4999C}.Release|x64.Build.0 = Release|x64
		{ED53E956-7B6B-930B-2891-FA3A0BB4999C}.ReleaseDll|Itanium.ActiveCfg = Release|x64
		{ED53E956-7B6B-930B-2891-FA3A0BB4999C}.ReleaseDll|Pocket PC 2003 (ARMV4).ActiveCfg = Release|x64
		{ED53E956-7B6B-930B-2891-FA3A0BB4999C}.ReleaseDll|Win32.ActiveCfg = Release|x64
		{ED53E956-7B6B-930B-2891-FA3A0BB4999C}.ReleaseDll|x64.ActiveCfg = Release|x64
		{ED53E956-7B6B-930B-2891-FA3A0BB4999C}.ReleaseDll|x64.Build.0 = Release|x64
		{ED53E956-7B6B-930B-2891-FA3A0BB4999C}.Upskirt|Itanium.ActiveCfg = Release|x64
		{ED53E956-7B6B-930B-2891-FA3A0BB4999C}.Upskirt|Pocket PC 2003 (ARMV4).ActiveCfg = Release|x64
		{ED53E956-7B6B-930B-2891-FA3A0BB4999C}.Upskirt|Win32.ActiveCfg = Release|x64
		{ED53E956-7B6B-930B-2891-FA3A0BB4999C}.Upskirt|x64.ActiveCfg = Release|x64
		{ED53E956-7B6B-930B-2891-FA3A0BB4999C}.Upskirt|x64.Build.0 = Release|x64
	EndGlobalSection
	GlobalSection(SolutionProperties) = preSolution
		HideSolutionNode = FALSE
	EndGlobalSection
	GlobalSection(NestedProjects) = preSolution
		{77F5DFE1-16CF-64C0-61EF-55420DBDC7C5} = {A49FBF42-AA78-4459-B83B-201271B73458}
		{233653B7-8908-B7F0-5035-6C77FDBB99CF} = {A49FBF42-AA78-4459-B83B-201271B73458}
		{5F9A7CD2-81BB-0FAC-F711-A8BA679D7D27} = {A49FBF42-AA78-4459-B83B-201271B73458}
		{3CE97945-6264-9B7B-3476-AFF9ECB6F8B0} = {A49FBF42-AA78-4459-B83B-201271B73458}
		{E89946AA-0FC2-28E5-1AA9-6E2BC2791167} = {A49FBF42-AA78-4459-B83B-201271B73458}
		{EA5F0641-E39B-58D2-DD85-D0C2A75323B1} = {A49FBF42-AA78-4459-B83B-201271B73458}
		{5D84E396-F92C-ED8C-256D-65567155C477} = {A49FBF42-AA78-4459-B83B-201271B73458}
		{B839D0D3-DDB2-6B19-7A3A-D62F3C392775} = {A49FBF42-AA78-4459-B83B-201271B73458}
		{ED53E956-7B6B-930B-2891-FA3A0BB4999C} = {A49FBF42-AA78-4459-B83B-201271B73458}
	EndGlobalSection
	GlobalSection(DPCodeReviewSolutionGUID) = preSolution
		DPCodeReviewSolutionGUID = {00000000-0000-0000-0000-000000000000}
	EndGlobalSection
EndGlobal
