
Microsoft Visual Studio Solution File, Format Version 11.00
# Visual Studio 2010
Project("{8BC9CEB8-8B4A-11D0-8D11-00A0C91BC942}") = "mongoose", "mongoose.vcxproj", "{97722804-CC3F-33C5-5548-40260C09C0DC}"
EndProject
Project("{8BC9CEB8-8B4A-11D0-8D11-00A0C91BC942}") = "mongoose_main", "mongoose_server.vcxproj", "{304A82F6-E353-A949-3DE5-4C427429A1E5}"
EndProject
Project("{2150E333-8FDC-42A3-9474-1A3956D46DE8}") = "mongoose", "mongoose", "{A49FBF42-AA78-4459-B83B-201271B73458}"
EndProject
Project("{8BC9CEB8-8B4A-11D0-8D11-00A0C91BC942}") = "mongoose_chat_sample", "mongoose_chat_sample.vcxproj", "{7414E465-351B-A9C7-CD08-8597EE86720E}"
EndProject
Project("{8BC9CEB8-8B4A-11D0-8D11-00A0C91BC942}") = "mongoose_hello", "mongoose_hello_sample.vcxproj", "{1CC1624E-3BD6-AD97-5AF2-DD01FD18CBD3}"
EndProject
Project("{8BC9CEB8-8B4A-11D0-8D11-00A0C91BC942}") = "mongoose_test_embed", "mongoose_test_embed.vcxproj", "{38A52C52-A1FE-B303-4B9D-BBBD7B4A9805}"
EndProject
Project("{8BC9CEB8-8B4A-11D0-8D11-00A0C91BC942}") = "mongoose_unit_test", "mongoose_test_unit_test.vcxproj", "{840213BE-AD55-78EE-616A-B3F446229465}"
EndProject
Project("{8BC9CEB8-8B4A-11D0-8D11-00A0C91BC942}") = "mongoose_authentication_sample", "mongoose_authentication_sample.vcxproj", "{E3C9176C-4B85-6201-6058-ED538CF34213}"
EndProject
Project("{8BC9CEB8-8B4A-11D0-8D11-00A0C91BC942}") = "mongoose_service", "mongoose_service.vcxproj", "{B9CAC48C-8584-CFCB-CAA3-5E8B85DA7B79}"
EndProject
Project("{8BC9CEB8-8B4A-11D0-8D11-00A0C91BC942}") = "mongoose_testclient", "mongoose_testclient.vcxproj", "{76DB672D-6F36-F548-A7B4-ABA74C640D75}"
EndProject
Project("{2150E333-8FDC-42A3-9474-1A3956D46DE8}") = "upskirt", "upskirt", "{DD218416-C5C4-47BC-A031-D2E3032505F1}"
EndProject
Project("{8BC9CEB8-8B4A-11D0-8D11-00A0C91BC942}") = "libupskirt", "..\..\upskirt\mvc\2010\libupskirt.vcxproj", "{BEF78878-99B5-47FC-AE1B-210EDF9643F8}"
EndProject
Project("{8BC9CEB8-8B4A-11D0-8D11-00A0C91BC942}") = "smartypants", "..\..\upskirt\mvc\2010\smartypants.vcxproj", "{B682A9FC-8C10-CE85-1083-3C42CA82502D}"
EndProject
Project("{8BC9CEB8-8B4A-11D0-8D11-00A0C91BC942}") = "upskirt", "..\..\upskirt\mvc\2010\upskirt.vcxproj", "{17794A55-DE45-431F-BAEE-B92226BF831E}"
EndProject
Project("{8BC9CEB8-8B4A-11D0-8D11-00A0C91BC942}") = "mongoose_vhost_sample", "mongoose_vhost_sample.vcxproj", "{9CD3EE46-6CAB-31AA-2266-907540219C81}"
EndProject
Project("{8BC9CEB8-8B4A-11D0-8D11-00A0C91BC942}") = "mongoose_pthread", "mongoose_pthread.vcxproj", "{5DA681A2-3C45-2E42-0E35-0D24831144D8}"
EndProject
Project("{2150E333-8FDC-42A3-9474-1A3956D46DE8}") = "pthread", "pthread", "{E1E2CF46-3C8D-4C55-9C9C-C844C2E15551}"
EndProject
Project("{8BC9CEB8-8B4A-11D0-8D11-00A0C91BC942}") = "pthread_lib", "..\..\pthread-win32\pthread_lib.2010.vcxproj", "{A063DFAD-6995-4E1A-AFFF-E43DC11E95B1}"
EndProject
Project("{8BC9CEB8-8B4A-11D0-8D11-00A0C91BC942}") = "pthread_dll", "..\..\pthread-win32\pthread.2010.vcxproj", "{5D459BA0-5EEB-47D3-A1C4-6B55C8D37EC0}"
EndProject
Project("{8BC9CEB8-8B4A-11D0-8D11-00A0C91BC942}") = "pthread_test", "..\..\pthread-win32\tests\Debug.2010.vcxproj", "{510AAB56-492A-4EF6-85AC-AD0F02BF5639}"
EndProject
Project("{8BC9CEB8-8B4A-11D0-8D11-00A0C91BC942}") = "mongoose_ie9_isue349", "mongoose_ie9_isue349.vcxproj", "{E6915F5B-810A-00BA-2D49-A2AE76ABA0E0}"
EndProject
Project("{8BC9CEB8-8B4A-11D0-8D11-00A0C91BC942}") = "mongoose_restarting_server", "mongoose_restarting_server.vcxproj", "{C2803904-DE96-9159-663D-2BBB76562A2A}"
EndProject
Project("{8BC9CEB8-8B4A-11D0-8D11-00A0C91BC942}") = "mongoose_NoSSL", "mongoose_server_noSSL.vcxproj", "{31905567-3A08-934F-672A-AAD5747937E1}"
EndProject
Global
	GlobalSection(SolutionConfigurationPlatforms) = preSolution
		Debug|Itanium = Debug|Itanium
		Debug|Pocket PC 2003 (ARMV4) = Debug|Pocket PC 2003 (ARMV4)
		Debug|Win32 = Debug|Win32
		Debug|x64 = Debug|x64
		DebugDll|Itanium = DebugDll|Itanium
		DebugDll|Pocket PC 2003 (ARMV4) = DebugDll|Pocket PC 2003 (ARMV4)
		DebugDll|Win32 = DebugDll|Win32
		DebugDll|x64 = DebugDll|x64
		Release|Itanium = Release|Itanium
		Release|Pocket PC 2003 (ARMV4) = Release|Pocket PC 2003 (ARMV4)
		Release|Win32 = Release|Win32
		Release|x64 = Release|x64
		ReleaseDll|Itanium = ReleaseDll|Itanium
		ReleaseDll|Pocket PC 2003 (ARMV4) = ReleaseDll|Pocket PC 2003 (ARMV4)
		ReleaseDll|Win32 = ReleaseDll|Win32
		ReleaseDll|x64 = ReleaseDll|x64
		Upskirt|Itanium = Upskirt|Itanium
		Upskirt|Pocket PC 2003 (ARMV4) = Upskirt|Pocket PC 2003 (ARMV4)
		Upskirt|Win32 = Upskirt|Win32
		Upskirt|x64 = Upskirt|x64
	EndGlobalSection
	GlobalSection(ProjectConfigurationPlatforms) = postSolution
		{97722804-CC3F-33C5-5548-40260C09C0DC}.Debug|Itanium.ActiveCfg = Debug|Itanium
		{97722804-CC3F-33C5-5548-40260C09C0DC}.Debug|Itanium.Build.0 = Debug|Itanium
		{97722804-CC3F-33C5-5548-40260C09C0DC}.Debug|Pocket PC 2003 (ARMV4).ActiveCfg = Debug|Itanium
		{97722804-CC3F-33C5-5548-40260C09C0DC}.Debug|Win32.ActiveCfg = Debug|Win32
		{97722804-CC3F-33C5-5548-40260C09C0DC}.Debug|Win32.Build.0 = Debug|Win32
		{97722804-CC3F-33C5-5548-40260C09C0DC}.Debug|x64.ActiveCfg = Debug|x64
		{97722804-CC3F-33C5-5548-40260C09C0DC}.Debug|x64.Build.0 = Debug|x64
		{97722804-CC3F-33C5-5548-40260C09C0DC}.DebugDll|Itanium.ActiveCfg = Debug|x64
		{97722804-CC3F-33C5-5548-40260C09C0DC}.DebugDll|Pocket PC 2003 (ARMV4).ActiveCfg = Debug|x64
		{97722804-CC3F-33C5-5548-40260C09C0DC}.DebugDll|Win32.ActiveCfg = Debug|x64
		{97722804-CC3F-33C5-5548-40260C09C0DC}.DebugDll|x64.ActiveCfg = Debug|x64
		{97722804-CC3F-33C5-5548-40260C09C0DC}.DebugDll|x64.Build.0 = Debug|x64
		{97722804-CC3F-33C5-5548-40260C09C0DC}.Release|Itanium.ActiveCfg = Release|Itanium
		{97722804-CC3F-33C5-5548-40260C09C0DC}.Release|Itanium.Build.0 = Release|Itanium
		{97722804-CC3F-33C5-5548-40260C09C0DC}.Release|Pocket PC 2003 (ARMV4).ActiveCfg = Release|Itanium
		{97722804-CC3F-33C5-5548-40260C09C0DC}.Release|Win32.ActiveCfg = Release|Win32
		{97722804-CC3F-33C5-5548-40260C09C0DC}.Release|Win32.Build.0 = Release|Win32
		{97722804-CC3F-33C5-5548-40260C09C0DC}.Release|x64.ActiveCfg = Release|x64
		{97722804-CC3F-33C5-5548-40260C09C0DC}.Release|x64.Build.0 = Release|x64
		{97722804-CC3F-33C5-5548-40260C09C0DC}.ReleaseDll|Itanium.ActiveCfg = Release|x64
		{97722804-CC3F-33C5-5548-40260C09C0DC}.ReleaseDll|Pocket PC 2003 (ARMV4).ActiveCfg = Release|x64
		{97722804-CC3F-33C5-5548-40260C09C0DC}.ReleaseDll|Win32.ActiveCfg = Release|x64
		{97722804-CC3F-33C5-5548-40260C09C0DC}.ReleaseDll|x64.ActiveCfg = Release|x64
		{97722804-CC3F-33C5-5548-40260C09C0DC}.ReleaseDll|x64.Build.0 = Release|x64
		{97722804-CC3F-33C5-5548-40260C09C0DC}.Upskirt|Itanium.ActiveCfg = Release|x64
		{97722804-CC3F-33C5-5548-40260C09C0DC}.Upskirt|Pocket PC 2003 (ARMV4).ActiveCfg = Release|x64
		{97722804-CC3F-33C5-5548-40260C09C0DC}.Upskirt|Win32.ActiveCfg = Release|x64
		{97722804-CC3F-33C5-5548-40260C09C0DC}.Upskirt|x64.ActiveCfg = Release|x64
		{97722804-CC3F-33C5-5548-40260C09C0DC}.Upskirt|x64.Build.0 = Release|x64
		{304A82F6-E353-A949-3DE5-4C427429A1E5}.Debug|Itanium.ActiveCfg = Debug|Itanium
		{304A82F6-E353-A949-3DE5-4C427429A1E5}.Debug|Itanium.Build.0 = Debug|Itanium
		{304A82F6-E353-A949-3DE5-4C427429A1E5}.Debug|Pocket PC 2003 (ARMV4).ActiveCfg = Debug|x64
		{304A82F6-E353-A949-3DE5-4C427429A1E5}.Debug|Win32.ActiveCfg = Debug|Win32
		{304A82F6-E353-A949-3DE5-4C427429A1E5}.Debug|Win32.Build.0 = Debug|Win32
		{304A82F6-E353-A949-3DE5-4C427429A1E5}.Debug|x64.ActiveCfg = Debug|x64
		{304A82F6-E353-A949-3DE5-4C427429A1E5}.Debug|x64.Build.0 = Debug|x64
		{304A82F6-E353-A949-3DE5-4C427429A1E5}.DebugDll|Itanium.ActiveCfg = Debug|x64
		{304A82F6-E353-A949-3DE5-4C427429A1E5}.DebugDll|Pocket PC 2003 (ARMV4).ActiveCfg = Debug|x64
		{304A82F6-E353-A949-3DE5-4C427429A1E5}.DebugDll|Win32.ActiveCfg = Debug|x64
		{304A82F6-E353-A949-3DE5-4C427429A1E5}.DebugDll|x64.ActiveCfg = Debug|x64
		{304A82F6-E353-A949-3DE5-4C427429A1E5}.DebugDll|x64.Build.0 = Debug|x64
		{304A82F6-E353-A949-3DE5-4C427429A1E5}.Release|Itanium.ActiveCfg = Release|Itanium
		{304A82F6-E353-A949-3DE5-4C427429A1E5}.Release|Itanium.Build.0 = Release|Itanium
		{304A82F6-E353-A949-3DE5-4C427429A1E5}.Release|Pocket PC 2003 (ARMV4).ActiveCfg = Release|x64
		{304A82F6-E353-A949-3DE5-4C427429A1E5}.Release|Win32.ActiveCfg = Release|Win32
		{304A82F6-E353-A949-3DE5-4C427429A1E5}.Release|Win32.Build.0 = Release|Win32
		{304A82F6-E353-A949-3DE5-4C427429A1E5}.Release|x64.ActiveCfg = Release|x64
		{304A82F6-E353-A949-3DE5-4C427429A1E5}.Release|x64.Build.0 = Release|x64
		{304A82F6-E353-A949-3DE5-4C427429A1E5}.ReleaseDll|Itanium.ActiveCfg = Release|x64
		{304A82F6-E353-A949-3DE5-4C427429A1E5}.ReleaseDll|Pocket PC 2003 (ARMV4).ActiveCfg = Release|x64
		{304A82F6-E353-A949-3DE5-4C427429A1E5}.ReleaseDll|Win32.ActiveCfg = Release|x64
		{304A82F6-E353-A949-3DE5-4C427429A1E5}.ReleaseDll|x64.ActiveCfg = Release|x64
		{304A82F6-E353-A949-3DE5-4C427429A1E5}.ReleaseDll|x64.Build.0 = Release|x64
		{304A82F6-E353-A949-3DE5-4C427429A1E5}.Upskirt|Itanium.ActiveCfg = Release|x64
		{304A82F6-E353-A949-3DE5-4C427429A1E5}.Upskirt|Pocket PC 2003 (ARMV4).ActiveCfg = Release|x64
		{304A82F6-E353-A949-3DE5-4C427429A1E5}.Upskirt|Win32.ActiveCfg = Release|x64
		{304A82F6-E353-A949-3DE5-4C427429A1E5}.Upskirt|x64.ActiveCfg = Release|x64
		{304A82F6-E353-A949-3DE5-4C427429A1E5}.Upskirt|x64.Build.0 = Release|x64
		{7414E465-351B-A9C7-CD08-8597EE86720E}.Debug|Itanium.ActiveCfg = Debug|Itanium
		{7414E465-351B-A9C7-CD08-8597EE86720E}.Debug|Itanium.Build.0 = Debug|Itanium
		{7414E465-351B-A9C7-CD08-8597EE86720E}.Debug|Pocket PC 2003 (ARMV4).ActiveCfg = Debug|x64
		{7414E465-351B-A9C7-CD08-8597EE86720E}.Debug|Win32.ActiveCfg = Debug|Win32
		{7414E465-351B-A9C7-CD08-8597EE86720E}.Debug|Win32.Build.0 = Debug|Win32
		{7414E465-351B-A9C7-CD08-8597EE86720E}.Debug|x64.ActiveCfg = Debug|x64
		{7414E465-351B-A9C7-CD08-8597EE86720E}.Debug|x64.Build.0 = Debug|x64
		{7414E465-351B-A9C7-CD08-8597EE86720E}.DebugDll|Itanium.ActiveCfg = Debug|x64
		{7414E465-351B-A9C7-CD08-8597EE86720E}.DebugDll|Pocket PC 2003 (ARMV4).ActiveCfg = Debug|x64
		{7414E465-351B-A9C7-CD08-8597EE86720E}.DebugDll|Win32.ActiveCfg = Debug|x64
		{7414E465-351B-A9C7-CD08-8597EE86720E}.DebugDll|x64.ActiveCfg = Debug|x64
		{7414E465-351B-A9C7-CD08-8597EE86720E}.DebugDll|x64.Build.0 = Debug|x64
		{7414E465-351B-A9C7-CD08-8597EE86720E}.Release|Itanium.ActiveCfg = Release|Itanium
		{7414E465-351B-A9C7-CD08-8597EE86720E}.Release|Itanium.Build.0 = Release|Itanium
		{7414E465-351B-A9C7-CD08-8597EE86720E}.Release|Pocket PC 2003 (ARMV4).ActiveCfg = Release|x64
		{7414E465-351B-A9C7-CD08-8597EE86720E}.Release|Win32.ActiveCfg = Release|Win32
		{7414E465-351B-A9C7-CD08-8597EE86720E}.Release|Win32.Build.0 = Release|Win32
		{7414E465-351B-A9C7-CD08-8597EE86720E}.Release|x64.ActiveCfg = Release|x64
		{7414E465-351B-A9C7-CD08-8597EE86720E}.Release|x64.Build.0 = Release|x64
		{7414E465-351B-A9C7-CD08-8597EE86720E}.ReleaseDll|Itanium.ActiveCfg = Release|x64
		{7414E465-351B-A9C7-CD08-8597EE86720E}.ReleaseDll|Pocket PC 2003 (ARMV4).ActiveCfg = Release|x64
		{7414E465-351B-A9C7-CD08-8597EE86720E}.ReleaseDll|Win32.ActiveCfg = Release|x64
		{7414E465-351B-A9C7-CD08-8597EE86720E}.ReleaseDll|x64.ActiveCfg = Release|x64
		{7414E465-351B-A9C7-CD08-8597EE86720E}.ReleaseDll|x64.Build.0 = Release|x64
		{7414E465-351B-A9C7-CD08-8597EE86720E}.Upskirt|Itanium.ActiveCfg = Release|x64
		{7414E465-351B-A9C7-CD08-8597EE86720E}.Upskirt|Pocket PC 2003 (ARMV4).ActiveCfg = Release|x64
		{7414E465-351B-A9C7-CD08-8597EE86720E}.Upskirt|Win32.ActiveCfg = Release|x64
		{7414E465-351B-A9C7-CD08-8597EE86720E}.Upskirt|x64.ActiveCfg = Release|x64
		{7414E465-351B-A9C7-CD08-8597EE86720E}.Upskirt|x64.Build.0 = Release|x64
		{1CC1624E-3BD6-AD97-5AF2-DD01FD18CBD3}.Debug|Itanium.ActiveCfg = Debug|Itanium
		{1CC1624E-3BD6-AD97-5AF2-DD01FD18CBD3}.Debug|Itanium.Build.0 = Debug|Itanium
		{1CC1624E-3BD6-AD97-5AF2-DD01FD18CBD3}.Debug|Pocket PC 2003 (ARMV4).ActiveCfg = Debug|x64
		{1CC1624E-3BD6-AD97-5AF2-DD01FD18CBD3}.Debug|Win32.ActiveCfg = Debug|Win32
		{1CC1624E-3BD6-AD97-5AF2-DD01FD18CBD3}.Debug|Win32.Build.0 = Debug|Win32
		{1CC1624E-3BD6-AD97-5AF2-DD01FD18CBD3}.Debug|x64.ActiveCfg = Debug|x64
		{1CC1624E-3BD6-AD97-5AF2-DD01FD18CBD3}.Debug|x64.Build.0 = Debug|x64
		{1CC1624E-3BD6-AD97-5AF2-DD01FD18CBD3}.DebugDll|Itanium.ActiveCfg = Debug|x64
		{1CC1624E-3BD6-AD97-5AF2-DD01FD18CBD3}.DebugDll|Pocket PC 2003 (ARMV4).ActiveCfg = Debug|x64
		{1CC1624E-3BD6-AD97-5AF2-DD01FD18CBD3}.DebugDll|Win32.ActiveCfg = Debug|x64
		{1CC1624E-3BD6-AD97-5AF2-DD01FD18CBD3}.DebugDll|x64.ActiveCfg = Debug|x64
		{1CC1624E-3BD6-AD97-5AF2-DD01FD18CBD3}.DebugDll|x64.Build.0 = Debug|x64
		{1CC1624E-3BD6-AD97-5AF2-DD01FD18CBD3}.Release|Itanium.ActiveCfg = Release|Itanium
		{1CC1624E-3BD6-AD97-5AF2-DD01FD18CBD3}.Release|Itanium.Build.0 = Release|Itanium
		{1CC1624E-3BD6-AD97-5AF2-DD01FD18CBD3}.Release|Pocket PC 2003 (ARMV4).ActiveCfg = Release|x64
		{1CC1624E-3BD6-AD97-5AF2-DD01FD18CBD3}.Release|Win32.ActiveCfg = Release|Win32
		{1CC1624E-3BD6-AD97-5AF2-DD01FD18CBD3}.Release|Win32.Build.0 = Release|Win32
		{1CC1624E-3BD6-AD97-5AF2-DD01FD18CBD3}.Release|x64.ActiveCfg = Release|x64
		{1CC1624E-3BD6-AD97-5AF2-DD01FD18CBD3}.Release|x64.Build.0 = Release|x64
		{1CC1624E-3BD6-AD97-5AF2-DD01FD18CBD3}.ReleaseDll|Itanium.ActiveCfg = Release|x64
		{1CC1624E-3BD6-AD97-5AF2-DD01FD18CBD3}.ReleaseDll|Pocket PC 2003 (ARMV4).ActiveCfg = Release|x64
		{1CC1624E-3BD6-AD97-5AF2-DD01FD18CBD3}.ReleaseDll|Win32.ActiveCfg = Release|x64
		{1CC1624E-3BD6-AD97-5AF2-DD01FD18CBD3}.ReleaseDll|x64.ActiveCfg = Release|x64
		{1CC1624E-3BD6-AD97-5AF2-DD01FD18CBD3}.ReleaseDll|x64.Build.0 = Release|x64
		{1CC1624E-3BD6-AD97-5AF2-DD01FD18CBD3}.Upskirt|Itanium.ActiveCfg = Release|x64
		{1CC1624E-3BD6-AD97-5AF2-DD01FD18CBD3}.Upskirt|Pocket PC 2003 (ARMV4).ActiveCfg = Release|x64
		{1CC1624E-3BD6-AD97-5AF2-DD01FD18CBD3}.Upskirt|Win32.ActiveCfg = Release|x64
		{1CC1624E-3BD6-AD97-5AF2-DD01FD18CBD3}.Upskirt|x64.ActiveCfg = Release|x64
		{1CC1624E-3BD6-AD97-5AF2-DD01FD18CBD3}.Upskirt|x64.Build.0 = Release|x64
		{38A52C52-A1FE-B303-4B9D-BBBD7B4A9805}.Debug|Itanium.ActiveCfg = Debug|Itanium
		{38A52C52-A1FE-B303-4B9D-BBBD7B4A9805}.Debug|Itanium.Build.0 = Debug|Itanium
		{38A52C52-A1FE-B303-4B9D-BBBD7B4A9805}.Debug|Pocket PC 2003 (ARMV4).ActiveCfg = Debug|x64
		{38A52C52-A1FE-B303-4B9D-BBBD7B4A9805}.Debug|Win32.ActiveCfg = Debug|Win32
		{38A52C52-A1FE-B303-4B9D-BBBD7B4A9805}.Debug|Win32.Build.0 = Debug|Win32
		{38A52C52-A1FE-B303-4B9D-BBBD7B4A9805}.Debug|x64.ActiveCfg = Debug|x64
		{38A52C52-A1FE-B303-4B9D-BBBD7B4A9805}.Debug|x64.Build.0 = Debug|x64
		{38A52C52-A1FE-B303-4B9D-BBBD7B4A9805}.DebugDll|Itanium.ActiveCfg = Debug|x64
		{38A52C52-A1FE-B303-4B9D-BBBD7B4A9805}.DebugDll|Pocket PC 2003 (ARMV4).ActiveCfg = Debug|x64
		{38A52C52-A1FE-B303-4B9D-BBBD7B4A9805}.DebugDll|Win32.ActiveCfg = Debug|x64
		{38A52C52-A1FE-B303-4B9D-BBBD7B4A9805}.DebugDll|x64.ActiveCfg = Debug|x64
		{38A52C52-A1FE-B303-4B9D-BBBD7B4A9805}.DebugDll|x64.Build.0 = Debug|x64
		{38A52C52-A1FE-B303-4B9D-BBBD7B4A9805}.Release|Itanium.ActiveCfg = Release|Itanium
		{38A52C52-A1FE-B303-4B9D-BBBD7B4A9805}.Release|Itanium.Build.0 = Release|Itanium
		{38A52C52-A1FE-B303-4B9D-BBBD7B4A9805}.Release|Pocket PC 2003 (ARMV4).ActiveCfg = Release|x64
		{38A52C52-A1FE-B303-4B9D-BBBD7B4A9805}.Release|Win32.ActiveCfg = Release|Win32
		{38A52C52-A1FE-B303-4B9D-BBBD7B4A9805}.Release|Win32.Build.0 = Release|Win32
		{38A52C52-A1FE-B303-4B9D-BBBD7B4A9805}.Release|x64.ActiveCfg = Release|x64
		{38A52C52-A1FE-B303-4B9D-BBBD7B4A9805}.Release|x64.Build.0 = Release|x64
		{38A52C52-A1FE-B303-4B9D-BBBD7B4A9805}.ReleaseDll|Itanium.ActiveCfg = Release|x64
		{38A52C52-A1FE-B303-4B9D-BBBD7B4A9805}.ReleaseDll|Pocket PC 2003 (ARMV4).ActiveCfg = Release|x64
		{38A52C52-A1FE-B303-4B9D-BBBD7B4A9805}.ReleaseDll|Win32.ActiveCfg = Release|x64
		{38A52C52-A1FE-B303-4B9D-BBBD7B4A9805}.ReleaseDll|x64.ActiveCfg = Release|x64
		{38A52C52-A1FE-B303-4B9D-BBBD7B4A9805}.ReleaseDll|x64.Build.0 = Release|x64
		{38A52C52-A1FE-B303-4B9D-BBBD7B4A9805}.Upskirt|Itanium.ActiveCfg = Release|x64
		{38A52C52-A1FE-B303-4B9D-BBBD7B4A9805}.Upskirt|Pocket PC 2003 (ARMV4).ActiveCfg = Release|x64
		{38A52C52-A1FE-B303-4B9D-BBBD7B4A9805}.Upskirt|Win32.ActiveCfg = Release|x64
		{38A52C52-A1FE-B303-4B9D-BBBD7B4A9805}.Upskirt|x64.ActiveCfg = Release|x64
		{38A52C52-A1FE-B303-4B9D-BBBD7B4A9805}.Upskirt|x64.Build.0 = Release|x64
		{840213BE-AD55-78EE-616A-B3F446229465}.Debug|Itanium.ActiveCfg = Debug|Itanium
		{840213BE-AD55-78EE-616A-B3F446229465}.Debug|Itanium.Build.0 = Debug|Itanium
		{840213BE-AD55-78EE-616A-B3F446229465}.Debug|Pocket PC 2003 (ARMV4).ActiveCfg = Debug|x64
		{840213BE-AD55-78EE-616A-B3F446229465}.Debug|Win32.ActiveCfg = Debug|Win32
		{840213BE-AD55-78EE-616A-B3F446229465}.Debug|Win32.Build.0 = Debug|Win32
		{840213BE-AD55-78EE-616A-B3F446229465}.Debug|x64.ActiveCfg = Debug|x64
		{840213BE-AD55-78EE-616A-B3F446229465}.Debug|x64.Build.0 = Debug|x64
		{840213BE-AD55-78EE-616A-B3F446229465}.DebugDll|Itanium.ActiveCfg = Debug|x64
		{840213BE-AD55-78EE-616A-B3F446229465}.DebugDll|Pocket PC 2003 (ARMV4).ActiveCfg = Debug|x64
		{840213BE-AD55-78EE-616A-B3F446229465}.DebugDll|Win32.ActiveCfg = Debug|x64
		{840213BE-AD55-78EE-616A-B3F446229465}.DebugDll|x64.ActiveCfg = Debug|x64
		{840213BE-AD55-78EE-616A-B3F446229465}.DebugDll|x64.Build.0 = Debug|x64
		{840213BE-AD55-78EE-616A-B3F446229465}.Release|Itanium.ActiveCfg = Release|Itanium
		{840213BE-AD55-78EE-616A-B3F446229465}.Release|Itanium.Build.0 = Release|Itanium
		{840213BE-AD55-78EE-616A-B3F446229465}.Release|Pocket PC 2003 (ARMV4).ActiveCfg = Release|x64
		{840213BE-AD55-78EE-616A-B3F446229465}.Release|Win32.ActiveCfg = Release|Win32
		{840213BE-AD55-78EE-616A-B3F446229465}.Release|Win32.Build.0 = Release|Win32
		{840213BE-AD55-78EE-616A-B3F446229465}.Release|x64.ActiveCfg = Release|x64
		{840213BE-AD55-78EE-616A-B3F446229465}.Release|x64.Build.0 = Release|x64
		{840213BE-AD55-78EE-616A-B3F446229465}.ReleaseDll|Itanium.ActiveCfg = Release|x64
		{840213BE-AD55-78EE-616A-B3F446229465}.ReleaseDll|Pocket PC 2003 (ARMV4).ActiveCfg = Release|x64
		{840213BE-AD55-78EE-616A-B3F446229465}.ReleaseDll|Win32.ActiveCfg = Release|x64
		{840213BE-AD55-78EE-616A-B3F446229465}.ReleaseDll|x64.ActiveCfg = Release|x64
		{840213BE-AD55-78EE-616A-B3F446229465}.ReleaseDll|x64.Build.0 = Release|x64
		{840213BE-AD55-78EE-616A-B3F446229465}.Upskirt|Itanium.ActiveCfg = Release|x64
		{840213BE-AD55-78EE-616A-B3F446229465}.Upskirt|Pocket PC 2003 (ARMV4).ActiveCfg = Release|x64
		{840213BE-AD55-78EE-616A-B3F446229465}.Upskirt|Win32.ActiveCfg = Release|x64
		{840213BE-AD55-78EE-616A-B3F446229465}.Upskirt|x64.ActiveCfg = Release|x64
		{840213BE-AD55-78EE-616A-B3F446229465}.Upskirt|x64.Build.0 = Release|x64
		{E3C9176C-4B85-6201-6058-ED538CF34213}.Debug|Itanium.ActiveCfg = Debug|Itanium
		{E3C9176C-4B85-6201-6058-ED538CF34213}.Debug|Itanium.Build.0 = Debug|Itanium
		{E3C9176C-4B85-6201-6058-ED538CF34213}.Debug|Pocket PC 2003 (ARMV4).ActiveCfg = Debug|x64
		{E3C9176C-4B85-6201-6058-ED538CF34213}.Debug|Win32.ActiveCfg = Debug|Win32
		{E3C9176C-4B85-6201-6058-ED538CF34213}.Debug|Win32.Build.0 = Debug|Win32
		{E3C9176C-4B85-6201-6058-ED538CF34213}.Debug|x64.ActiveCfg = Debug|x64
		{E3C9176C-4B85-6201-6058-ED538CF34213}.Debug|x64.Build.0 = Debug|x64
		{E3C9176C-4B85-6201-6058-ED538CF34213}.DebugDll|Itanium.ActiveCfg = Debug|x64
		{E3C9176C-4B85-6201-6058-ED538CF34213}.DebugDll|Pocket PC 2003 (ARMV4).ActiveCfg = Debug|x64
		{E3C9176C-4B85-6201-6058-ED538CF34213}.DebugDll|Win32.ActiveCfg = Debug|x64
		{E3C9176C-4B85-6201-6058-ED538CF34213}.DebugDll|x64.ActiveCfg = Debug|x64
		{E3C9176C-4B85-6201-6058-ED538CF34213}.DebugDll|x64.Build.0 = Debug|x64
		{E3C9176C-4B85-6201-6058-ED538CF34213}.Release|Itanium.ActiveCfg = Release|Itanium
		{E3C9176C-4B85-6201-6058-ED538CF34213}.Release|Itanium.Build.0 = Release|Itanium
		{E3C9176C-4B85-6201-6058-ED538CF34213}.Release|Pocket PC 2003 (ARMV4).ActiveCfg = Release|x64
		{E3C9176C-4B85-6201-6058-ED538CF34213}.Release|Win32.ActiveCfg = Release|Win32
		{E3C9176C-4B85-6201-6058-ED538CF34213}.Release|Win32.Build.0 = Release|Win32
		{E3C9176C-4B85-6201-6058-ED538CF34213}.Release|x64.ActiveCfg = Release|x64
		{E3C9176C-4B85-6201-6058-ED538CF34213}.Release|x64.Build.0 = Release|x64
		{E3C9176C-4B85-6201-6058-ED538CF34213}.ReleaseDll|Itanium.ActiveCfg = Release|x64
		{E3C9176C-4B85-6201-6058-ED538CF34213}.ReleaseDll|Pocket PC 2003 (ARMV4).ActiveCfg = Release|x64
		{E3C9176C-4B85-6201-6058-ED538CF34213}.ReleaseDll|Win32.ActiveCfg = Release|x64
		{E3C9176C-4B85-6201-6058-ED538CF34213}.ReleaseDll|x64.ActiveCfg = Release|x64
		{E3C9176C-4B85-6201-6058-ED538CF34213}.ReleaseDll|x64.Build.0 = Release|x64
		{E3C9176C-4B85-6201-6058-ED538CF34213}.Upskirt|Itanium.ActiveCfg = Release|x64
		{E3C9176C-4B85-6201-6058-ED538CF34213}.Upskirt|Pocket PC 2003 (ARMV4).ActiveCfg = Release|x64
		{E3C9176C-4B85-6201-6058-ED538CF34213}.Upskirt|Win32.ActiveCfg = Release|x64
		{E3C9176C-4B85-6201-6058-ED538CF34213}.Upskirt|x64.ActiveCfg = Release|x64
		{E3C9176C-4B85-6201-6058-ED538CF34213}.Upskirt|x64.Build.0 = Release|x64
		{B9CAC48C-8584-CFCB-CAA3-5E8B85DA7B79}.Debug|Itanium.ActiveCfg = Debug|Itanium
		{B9CAC48C-8584-CFCB-CAA3-5E8B85DA7B79}.Debug|Itanium.Build.0 = Debug|Itanium
		{B9CAC48C-8584-CFCB-CAA3-5E8B85DA7B79}.Debug|Pocket PC 2003 (ARMV4).ActiveCfg = Debug|x64
		{B9CAC48C-8584-CFCB-CAA3-5E8B85DA7B79}.Debug|Win32.ActiveCfg = Debug|Win32
		{B9CAC48C-8584-CFCB-CAA3-5E8B85DA7B79}.Debug|Win32.Build.0 = Debug|Win32
		{B9CAC48C-8584-CFCB-CAA3-5E8B85DA7B79}.Debug|x64.ActiveCfg = Debug|x64
		{B9CAC48C-8584-CFCB-CAA3-5E8B85DA7B79}.Debug|x64.Build.0 = Debug|x64
		{B9CAC48C-8584-CFCB-CAA3-5E8B85DA7B79}.DebugDll|Itanium.ActiveCfg = Debug|x64
		{B9CAC48C-8584-CFCB-CAA3-5E8B85DA7B79}.DebugDll|Pocket PC 2003 (ARMV4).ActiveCfg = Debug|x64
		{B9CAC48C-8584-CFCB-CAA3-5E8B85DA7B79}.DebugDll|Win32.ActiveCfg = Debug|x64
		{B9CAC48C-8584-CFCB-CAA3-5E8B85DA7B79}.DebugDll|x64.ActiveCfg = Debug|x64
		{B9CAC48C-8584-CFCB-CAA3-5E8B85DA7B79}.DebugDll|x64.Build.0 = Debug|x64
		{B9CAC48C-8584-CFCB-CAA3-5E8B85DA7B79}.Release|Itanium.ActiveCfg = Release|Itanium
		{B9CAC48C-8584-CFCB-CAA3-5E8B85DA7B79}.Release|Itanium.Build.0 = Release|Itanium
		{B9CAC48C-8584-CFCB-CAA3-5E8B85DA7B79}.Release|Pocket PC 2003 (ARMV4).ActiveCfg = Release|x64
		{B9CAC48C-8584-CFCB-CAA3-5E8B85DA7B79}.Release|Win32.ActiveCfg = Release|Win32
		{B9CAC48C-8584-CFCB-CAA3-5E8B85DA7B79}.Release|Win32.Build.0 = Release|Win32
		{B9CAC48C-8584-CFCB-CAA3-5E8B85DA7B79}.Release|x64.ActiveCfg = Release|x64
		{B9CAC48C-8584-CFCB-CAA3-5E8B85DA7B79}.Release|x64.Build.0 = Release|x64
		{B9CAC48C-8584-CFCB-CAA3-5E8B85DA7B79}.ReleaseDll|Itanium.ActiveCfg = Release|x64
		{B9CAC48C-8584-CFCB-CAA3-5E8B85DA7B79}.ReleaseDll|Pocket PC 2003 (ARMV4).ActiveCfg = Release|x64
		{B9CAC48C-8584-CFCB-CAA3-5E8B85DA7B79}.ReleaseDll|Win32.ActiveCfg = Release|x64
		{B9CAC48C-8584-CFCB-CAA3-5E8B85DA7B79}.ReleaseDll|x64.ActiveCfg = Release|x64
		{B9CAC48C-8584-CFCB-CAA3-5E8B85DA7B79}.ReleaseDll|x64.Build.0 = Release|x64
		{B9CAC48C-8584-CFCB-CAA3-5E8B85DA7B79}.Upskirt|Itanium.ActiveCfg = Release|x64
		{B9CAC48C-8584-CFCB-CAA3-5E8B85DA7B79}.Upskirt|Pocket PC 2003 (ARMV4).ActiveCfg = Release|x64
		{B9CAC48C-8584-CFCB-CAA3-5E8B85DA7B79}.Upskirt|Win32.ActiveCfg = Release|x64
		{B9CAC48C-8584-CFCB-CAA3-5E8B85DA7B79}.Upskirt|x64.ActiveCfg = Release|x64
		{B9CAC48C-8584-CFCB-CAA3-5E8B85DA7B79}.Upskirt|x64.Build.0 = Release|x64
		{76DB672D-6F36-F548-A7B4-ABA74C640D75}.Debug|Itanium.ActiveCfg = Debug|Itanium
		{76DB672D-6F36-F548-A7B4-ABA74C640D75}.Debug|Itanium.Build.0 = Debug|Itanium
		{76DB672D-6F36-F548-A7B4-ABA74C640D75}.Debug|Pocket PC 2003 (ARMV4).ActiveCfg = Debug|x64
		{76DB672D-6F36-F548-A7B4-ABA74C640D75}.Debug|Win32.ActiveCfg = Debug|Win32
		{76DB672D-6F36-F548-A7B4-ABA74C640D75}.Debug|Win32.Build.0 = Debug|Win32
		{76DB672D-6F36-F548-A7B4-ABA74C640D75}.Debug|x64.ActiveCfg = Debug|x64
		{76DB672D-6F36-F548-A7B4-ABA74C640D75}.Debug|x64.Build.0 = Debug|x64
		{76DB672D-6F36-F548-A7B4-ABA74C640D75}.DebugDll|Itanium.ActiveCfg = Debug|x64
		{76DB672D-6F36-F548-A7B4-ABA74C640D75}.DebugDll|Pocket PC 2003 (ARMV4).ActiveCfg = Debug|x64
		{76DB672D-6F36-F548-A7B4-ABA74C640D75}.DebugDll|Win32.ActiveCfg = Debug|x64
		{76DB672D-6F36-F548-A7B4-ABA74C640D75}.DebugDll|x64.ActiveCfg = Debug|x64
		{76DB672D-6F36-F548-A7B4-ABA74C640D75}.DebugDll|x64.Build.0 = Debug|x64
		{76DB672D-6F36-F548-A7B4-ABA74C640D75}.Release|Itanium.ActiveCfg = Release|Itanium
		{76DB672D-6F36-F548-A7B4-ABA74C640D75}.Release|Itanium.Build.0 = Release|Itanium
		{76DB672D-6F36-F548-A7B4-ABA74C640D75}.Release|Pocket PC 2003 (ARMV4).ActiveCfg = Release|x64
		{76DB672D-6F36-F548-A7B4-ABA74C640D75}.Release|Win32.ActiveCfg = Release|Win32
		{76DB672D-6F36-F548-A7B4-ABA74C640D75}.Release|Win32.Build.0 = Release|Win32
		{76DB672D-6F36-F548-A7B4-ABA74C640D75}.Release|x64.ActiveCfg = Release|x64
		{76DB672D-6F36-F548-A7B4-ABA74C640D75}.Release|x64.Build.0 = Release|x64
		{76DB672D-6F36-F548-A7B4-ABA74C640D75}.ReleaseDll|Itanium.ActiveCfg = Release|x64
		{76DB672D-6F36-F548-A7B4-ABA74C640D75}.ReleaseDll|Pocket PC 2003 (ARMV4).ActiveCfg = Release|x64
		{76DB672D-6F36-F548-A7B4-ABA74C640D75}.ReleaseDll|Win32.ActiveCfg = Release|x64
		{76DB672D-6F36-F548-A7B4-ABA74C640D75}.ReleaseDll|x64.ActiveCfg = Release|x64
		{76DB672D-6F36-F548-A7B4-ABA74C640D75}.ReleaseDll|x64.Build.0 = Release|x64
		{76DB672D-6F36-F548-A7B4-ABA74C640D75}.Upskirt|Itanium.ActiveCfg = Release|x64
		{76DB672D-6F36-F548-A7B4-ABA74C640D75}.Upskirt|Pocket PC 2003 (ARMV4).ActiveCfg = Release|x64
		{76DB672D-6F36-F548-A7B4-ABA74C640D75}.Upskirt|Win32.ActiveCfg = Release|x64
		{76DB672D-6F36-F548-A7B4-ABA74C640D75}.Upskirt|x64.ActiveCfg = Release|x64
		{76DB672D-6F36-F548-A7B4-ABA74C640D75}.Upskirt|x64.Build.0 = Release|x64
		{BEF78878-99B5-47FC-AE1B-210EDF9643F8}.Debug|Itanium.ActiveCfg = Debug|Itanium
		{BEF78878-99B5-47FC-AE1B-210EDF9643F8}.Debug|Itanium.Build.0 = Debug|Itanium
		{BEF78878-99B5-47FC-AE1B-210EDF9643F8}.Debug|Pocket PC 2003 (ARMV4).ActiveCfg = Debug|Win32
		{BEF78878-99B5-47FC-AE1B-210EDF9643F8}.Debug|Win32.ActiveCfg = Debug|Win32
		{BEF78878-99B5-47FC-AE1B-210EDF9643F8}.Debug|Win32.Build.0 = Debug|Win32
		{BEF78878-99B5-47FC-AE1B-210EDF9643F8}.Debug|x64.ActiveCfg = Debug|x64
		{BEF78878-99B5-47FC-AE1B-210EDF9643F8}.Debug|x64.Build.0 = Debug|x64
		{BEF78878-99B5-47FC-AE1B-210EDF9643F8}.DebugDll|Itanium.ActiveCfg = DebugDll|Win32
		{BEF78878-99B5-47FC-AE1B-210EDF9643F8}.DebugDll|Pocket PC 2003 (ARMV4).ActiveCfg = DebugDll|Win32
		{BEF78878-99B5-47FC-AE1B-210EDF9643F8}.DebugDll|Win32.ActiveCfg = DebugDll|Win32
		{BEF78878-99B5-47FC-AE1B-210EDF9643F8}.DebugDll|Win32.Build.0 = DebugDll|Win32
		{BEF78878-99B5-47FC-AE1B-210EDF9643F8}.DebugDll|x64.ActiveCfg = DebugDll|Win32
		{BEF78878-99B5-47FC-AE1B-210EDF9643F8}.Release|Itanium.ActiveCfg = Release|Itanium
		{BEF78878-99B5-47FC-AE1B-210EDF9643F8}.Release|Itanium.Build.0 = Release|Itanium
		{BEF78878-99B5-47FC-AE1B-210EDF9643F8}.Release|Pocket PC 2003 (ARMV4).ActiveCfg = Release|Win32
		{BEF78878-99B5-47FC-AE1B-210EDF9643F8}.Release|Win32.ActiveCfg = Release|Win32
		{BEF78878-99B5-47FC-AE1B-210EDF9643F8}.Release|Win32.Build.0 = Release|Win32
		{BEF78878-99B5-47FC-AE1B-210EDF9643F8}.Release|x64.ActiveCfg = Release|x64
		{BEF78878-99B5-47FC-AE1B-210EDF9643F8}.Release|x64.Build.0 = Release|x64
		{BEF78878-99B5-47FC-AE1B-210EDF9643F8}.ReleaseDll|Itanium.ActiveCfg = ReleaseDll|Win32
		{BEF78878-99B5-47FC-AE1B-210EDF9643F8}.ReleaseDll|Pocket PC 2003 (ARMV4).ActiveCfg = ReleaseDll|Win32
		{BEF78878-99B5-47FC-AE1B-210EDF9643F8}.ReleaseDll|Win32.ActiveCfg = ReleaseDll|Win32
		{BEF78878-99B5-47FC-AE1B-210EDF9643F8}.ReleaseDll|Win32.Build.0 = ReleaseDll|Win32
		{BEF78878-99B5-47FC-AE1B-210EDF9643F8}.ReleaseDll|x64.ActiveCfg = ReleaseDll|Win32
		{BEF78878-99B5-47FC-AE1B-210EDF9643F8}.Upskirt|Itanium.ActiveCfg = Upskirt|Win32
		{BEF78878-99B5-47FC-AE1B-210EDF9643F8}.Upskirt|Pocket PC 2003 (ARMV4).ActiveCfg = Upskirt|Win32
		{BEF78878-99B5-47FC-AE1B-210EDF9643F8}.Upskirt|Win32.ActiveCfg = Upskirt|Win32
		{BEF78878-99B5-47FC-AE1B-210EDF9643F8}.Upskirt|Win32.Build.0 = Upskirt|Win32
		{BEF78878-99B5-47FC-AE1B-210EDF9643F8}.Upskirt|x64.ActiveCfg = Upskirt|Win32
		{B682A9FC-8C10-CE85-1083-3C42CA82502D}.Debug|Itanium.ActiveCfg = Debug|Itanium
		{B682A9FC-8C10-CE85-1083-3C42CA82502D}.Debug|Itanium.Build.0 = Debug|Itanium
		{B682A9FC-8C10-CE85-1083-3C42CA82502D}.Debug|Pocket PC 2003 (ARMV4).ActiveCfg = Debug|Win32
		{B682A9FC-8C10-CE85-1083-3C42CA82502D}.Debug|Win32.ActiveCfg = Debug|Win32
		{B682A9FC-8C10-CE85-1083-3C42CA82502D}.Debug|Win32.Build.0 = Debug|Win32
		{B682A9FC-8C10-CE85-1083-3C42CA82502D}.Debug|x64.ActiveCfg = Debug|x64
		{B682A9FC-8C10-CE85-1083-3C42CA82502D}.Debug|x64.Build.0 = Debug|x64
		{B682A9FC-8C10-CE85-1083-3C42CA82502D}.DebugDll|Itanium.ActiveCfg = Debug|Win32
		{B682A9FC-8C10-CE85-1083-3C42CA82502D}.DebugDll|Pocket PC 2003 (ARMV4).ActiveCfg = Debug|Win32
		{B682A9FC-8C10-CE85-1083-3C42CA82502D}.DebugDll|Win32.ActiveCfg = Debug|Win32
		{B682A9FC-8C10-CE85-1083-3C42CA82502D}.DebugDll|Win32.Build.0 = Debug|Win32
		{B682A9FC-8C10-CE85-1083-3C42CA82502D}.DebugDll|x64.ActiveCfg = Debug|Win32
		{B682A9FC-8C10-CE85-1083-3C42CA82502D}.Release|Itanium.ActiveCfg = Release|Itanium
		{B682A9FC-8C10-CE85-1083-3C42CA82502D}.Release|Itanium.Build.0 = Release|Itanium
		{B682A9FC-8C10-CE85-1083-3C42CA82502D}.Release|Pocket PC 2003 (ARMV4).ActiveCfg = Release|Win32
		{B682A9FC-8C10-CE85-1083-3C42CA82502D}.Release|Win32.ActiveCfg = Release|Win32
		{B682A9FC-8C10-CE85-1083-3C42CA82502D}.Release|Win32.Build.0 = Release|Win32
		{B682A9FC-8C10-CE85-1083-3C42CA82502D}.Release|x64.ActiveCfg = Release|x64
		{B682A9FC-8C10-CE85-1083-3C42CA82502D}.Release|x64.Build.0 = Release|x64
		{B682A9FC-8C10-CE85-1083-3C42CA82502D}.ReleaseDll|Itanium.ActiveCfg = Release|Win32
		{B682A9FC-8C10-CE85-1083-3C42CA82502D}.ReleaseDll|Pocket PC 2003 (ARMV4).ActiveCfg = Release|Win32
		{B682A9FC-8C10-CE85-1083-3C42CA82502D}.ReleaseDll|Win32.ActiveCfg = Release|Win32
		{B682A9FC-8C10-CE85-1083-3C42CA82502D}.ReleaseDll|Win32.Build.0 = Release|Win32
		{B682A9FC-8C10-CE85-1083-3C42CA82502D}.ReleaseDll|x64.ActiveCfg = Release|Win32
		{B682A9FC-8C10-CE85-1083-3C42CA82502D}.Upskirt|Itanium.ActiveCfg = Release|Win32
		{B682A9FC-8C10-CE85-1083-3C42CA82502D}.Upskirt|Pocket PC 2003 (ARMV4).ActiveCfg = Release|Win32
		{B682A9FC-8C10-CE85-1083-3C42CA82502D}.Upskirt|Win32.ActiveCfg = Release|Win32
		{B682A9FC-8C10-CE85-1083-3C42CA82502D}.Upskirt|Win32.Build.0 = Release|Win32
		{B682A9FC-8C10-CE85-1083-3C42CA82502D}.Upskirt|x64.ActiveCfg = Release|Win32
		{17794A55-DE45-431F-BAEE-B92226BF831E}.Debug|Itanium.ActiveCfg = Debug|Itanium
		{17794A55-DE45-431F-BAEE-B92226BF831E}.Debug|Itanium.Build.0 = Debug|Itanium
		{17794A55-DE45-431F-BAEE-B92226BF831E}.Debug|Pocket PC 2003 (ARMV4).ActiveCfg = Debug|Win32
		{17794A55-DE45-431F-BAEE-B92226BF831E}.Debug|Win32.ActiveCfg = Debug|Win32
		{17794A55-DE45-431F-BAEE-B92226BF831E}.Debug|Win32.Build.0 = Debug|Win32
		{17794A55-DE45-431F-BAEE-B92226BF831E}.Debug|x64.ActiveCfg = Debug|x64
		{17794A55-DE45-431F-BAEE-B92226BF831E}.Debug|x64.Build.0 = Debug|x64
		{17794A55-DE45-431F-BAEE-B92226BF831E}.DebugDll|Itanium.ActiveCfg = Debug|Win32
		{17794A55-DE45-431F-BAEE-B92226BF831E}.DebugDll|Pocket PC 2003 (ARMV4).ActiveCfg = Debug|Win32
		{17794A55-DE45-431F-BAEE-B92226BF831E}.DebugDll|Win32.ActiveCfg = Debug|Win32
		{17794A55-DE45-431F-BAEE-B92226BF831E}.DebugDll|Win32.Build.0 = Debug|Win32
		{17794A55-DE45-431F-BAEE-B92226BF831E}.DebugDll|x64.ActiveCfg = Debug|Win32
		{17794A55-DE45-431F-BAEE-B92226BF831E}.Release|Itanium.ActiveCfg = Release|Itanium
		{17794A55-DE45-431F-BAEE-B92226BF831E}.Release|Itanium.Build.0 = Release|Itanium
		{17794A55-DE45-431F-BAEE-B92226BF831E}.Release|Pocket PC 2003 (ARMV4).ActiveCfg = Release|Win32
		{17794A55-DE45-431F-BAEE-B92226BF831E}.Release|Win32.ActiveCfg = Release|Win32
		{17794A55-DE45-431F-BAEE-B92226BF831E}.Release|Win32.Build.0 = Release|Win32
		{17794A55-DE45-431F-BAEE-B92226BF831E}.Release|x64.ActiveCfg = Release|x64
		{17794A55-DE45-431F-BAEE-B92226BF831E}.Release|x64.Build.0 = Release|x64
		{17794A55-DE45-431F-BAEE-B92226BF831E}.ReleaseDll|Itanium.ActiveCfg = Release|Win32
		{17794A55-DE45-431F-BAEE-B92226BF831E}.ReleaseDll|Pocket PC 2003 (ARMV4).ActiveCfg = Release|Win32
		{17794A55-DE45-431F-BAEE-B92226BF831E}.ReleaseDll|Win32.ActiveCfg = Release|Win32
		{17794A55-DE45-431F-BAEE-B92226BF831E}.ReleaseDll|Win32.Build.0 = Release|Win32
		{17794A55-DE45-431F-BAEE-B92226BF831E}.ReleaseDll|x64.ActiveCfg = Release|Win32
		{17794A55-DE45-431F-BAEE-B92226BF831E}.Upskirt|Itanium.ActiveCfg = Release|Win32
		{17794A55-DE45-431F-BAEE-B92226BF831E}.Upskirt|Pocket PC 2003 (ARMV4).ActiveCfg = Release|Win32
		{17794A55-DE45-431F-BAEE-B92226BF831E}.Upskirt|Win32.ActiveCfg = Release|Win32
		{17794A55-DE45-431F-BAEE-B92226BF831E}.Upskirt|Win32.Build.0 = Release|Win32
		{17794A55-DE45-431F-BAEE-B92226BF831E}.Upskirt|x64.ActiveCfg = Release|Win32
		{9CD3EE46-6CAB-31AA-2266-907540219C81}.Debug|Itanium.ActiveCfg = Debug|Itanium
		{9CD3EE46-6CAB-31AA-2266-907540219C81}.Debug|Itanium.Build.0 = Debug|Itanium
		{9CD3EE46-6CAB-31AA-2266-907540219C81}.Debug|Pocket PC 2003 (ARMV4).ActiveCfg = Debug|x64
		{9CD3EE46-6CAB-31AA-2266-907540219C81}.Debug|Win32.ActiveCfg = Debug|Win32
		{9CD3EE46-6CAB-31AA-2266-907540219C81}.Debug|Win32.Build.0 = Debug|Win32
		{9CD3EE46-6CAB-31AA-2266-907540219C81}.Debug|x64.ActiveCfg = Debug|x64
		{9CD3EE46-6CAB-31AA-2266-907540219C81}.Debug|x64.Build.0 = Debug|x64
		{9CD3EE46-6CAB-31AA-2266-907540219C81}.DebugDll|Itanium.ActiveCfg = Debug|x64
		{9CD3EE46-6CAB-31AA-2266-907540219C81}.DebugDll|Pocket PC 2003 (ARMV4).ActiveCfg = Debug|x64
		{9CD3EE46-6CAB-31AA-2266-907540219C81}.DebugDll|Win32.ActiveCfg = Debug|x64
		{9CD3EE46-6CAB-31AA-2266-907540219C81}.DebugDll|x64.ActiveCfg = Debug|x64
		{9CD3EE46-6CAB-31AA-2266-907540219C81}.DebugDll|x64.Build.0 = Debug|x64
		{9CD3EE46-6CAB-31AA-2266-907540219C81}.Release|Itanium.ActiveCfg = Release|Itanium
		{9CD3EE46-6CAB-31AA-2266-907540219C81}.Release|Itanium.Build.0 = Release|Itanium
		{9CD3EE46-6CAB-31AA-2266-907540219C81}.Release|Pocket PC 2003 (ARMV4).ActiveCfg = Release|x64
		{9CD3EE46-6CAB-31AA-2266-907540219C81}.Release|Win32.ActiveCfg = Release|Win32
		{9CD3EE46-6CAB-31AA-2266-907540219C81}.Release|Win32.Build.0 = Release|Win32
		{9CD3EE46-6CAB-31AA-2266-907540219C81}.Release|x64.ActiveCfg = Release|x64
		{9CD3EE46-6CAB-31AA-2266-907540219C81}.Release|x64.Build.0 = Release|x64
		{9CD3EE46-6CAB-31AA-2266-907540219C81}.ReleaseDll|Itanium.ActiveCfg = Release|x64
		{9CD3EE46-6CAB-31AA-2266-907540219C81}.ReleaseDll|Pocket PC 2003 (ARMV4).ActiveCfg = Release|x64
		{9CD3EE46-6CAB-31AA-2266-907540219C81}.ReleaseDll|Win32.ActiveCfg = Release|x64
		{9CD3EE46-6CAB-31AA-2266-907540219C81}.ReleaseDll|x64.ActiveCfg = Release|x64
		{9CD3EE46-6CAB-31AA-2266-907540219C81}.ReleaseDll|x64.Build.0 = Release|x64
		{9CD3EE46-6CAB-31AA-2266-907540219C81}.Upskirt|Itanium.ActiveCfg = Release|x64
		{9CD3EE46-6CAB-31AA-2266-907540219C81}.Upskirt|Pocket PC 2003 (ARMV4).ActiveCfg = Release|x64
		{9CD3EE46-6CAB-31AA-2266-907540219C81}.Upskirt|Win32.ActiveCfg = Release|x64
		{9CD3EE46-6CAB-31AA-2266-907540219C81}.Upskirt|x64.ActiveCfg = Release|x64
		{9CD3EE46-6CAB-31AA-2266-907540219C81}.Upskirt|x64.Build.0 = Release|x64
		{5DA681A2-3C45-2E42-0E35-0D24831144D8}.Debug|Itanium.ActiveCfg = Debug|Itanium
		{5DA681A2-3C45-2E42-0E35-0D24831144D8}.Debug|Itanium.Build.0 = Debug|Itanium
		{5DA681A2-3C45-2E42-0E35-0D24831144D8}.Debug|Pocket PC 2003 (ARMV4).ActiveCfg = Debug|x64
		{5DA681A2-3C45-2E42-0E35-0D24831144D8}.Debug|Win32.ActiveCfg = Debug|Win32
		{5DA681A2-3C45-2E42-0E35-0D24831144D8}.Debug|Win32.Build.0 = Debug|Win32
		{5DA681A2-3C45-2E42-0E35-0D24831144D8}.Debug|x64.ActiveCfg = Debug|x64
		{5DA681A2-3C45-2E42-0E35-0D24831144D8}.Debug|x64.Build.0 = Debug|x64
		{5DA681A2-3C45-2E42-0E35-0D24831144D8}.DebugDll|Itanium.ActiveCfg = Debug|x64
		{5DA681A2-3C45-2E42-0E35-0D24831144D8}.DebugDll|Pocket PC 2003 (ARMV4).ActiveCfg = Debug|x64
		{5DA681A2-3C45-2E42-0E35-0D24831144D8}.DebugDll|Win32.ActiveCfg = Debug|x64
		{5DA681A2-3C45-2E42-0E35-0D24831144D8}.DebugDll|x64.ActiveCfg = Debug|x64
		{5DA681A2-3C45-2E42-0E35-0D24831144D8}.DebugDll|x64.Build.0 = Debug|x64
		{5DA681A2-3C45-2E42-0E35-0D24831144D8}.Release|Itanium.ActiveCfg = Release|Itanium
		{5DA681A2-3C45-2E42-0E35-0D24831144D8}.Release|Itanium.Build.0 = Release|Itanium
		{5DA681A2-3C45-2E42-0E35-0D24831144D8}.Release|Pocket PC 2003 (ARMV4).ActiveCfg = Release|x64
		{5DA681A2-3C45-2E42-0E35-0D24831144D8}.Release|Win32.ActiveCfg = Release|Win32
		{5DA681A2-3C45-2E42-0E35-0D24831144D8}.Release|Win32.Build.0 = Release|Win32
		{5DA681A2-3C45-2E42-0E35-0D24831144D8}.Release|x64.ActiveCfg = Release|x64
		{5DA681A2-3C45-2E42-0E35-0D24831144D8}.Release|x64.Build.0 = Release|x64
		{5DA681A2-3C45-2E42-0E35-0D24831144D8}.ReleaseDll|Itanium.ActiveCfg = Release|x64
		{5DA681A2-3C45-2E42-0E35-0D24831144D8}.ReleaseDll|Pocket PC 2003 (ARMV4).ActiveCfg = Release|x64
		{5DA681A2-3C45-2E42-0E35-0D24831144D8}.ReleaseDll|Win32.ActiveCfg = Release|x64
		{5DA681A2-3C45-2E42-0E35-0D24831144D8}.ReleaseDll|x64.ActiveCfg = Release|x64
		{5DA681A2-3C45-2E42-0E35-0D24831144D8}.ReleaseDll|x64.Build.0 = Release|x64
		{5DA681A2-3C45-2E42-0E35-0D24831144D8}.Upskirt|Itanium.ActiveCfg = Release|x64
		{5DA681A2-3C45-2E42-0E35-0D24831144D8}.Upskirt|Pocket PC 2003 (ARMV4).ActiveCfg = Release|x64
		{5DA681A2-3C45-2E42-0E35-0D24831144D8}.Upskirt|Win32.ActiveCfg = Release|x64
		{5DA681A2-3C45-2E42-0E35-0D24831144D8}.Upskirt|x64.ActiveCfg = Release|x64
		{5DA681A2-3C45-2E42-0E35-0D24831144D8}.Upskirt|x64.Build.0 = Release|x64
		{A063DFAD-6995-4E1A-AFFF-E43DC11E95B1}.Debug|Itanium.ActiveCfg = Debug|Itanium
		{A063DFAD-6995-4E1A-AFFF-E43DC11E95B1}.Debug|Itanium.Build.0 = Debug|Itanium
		{A063DFAD-6995-4E1A-AFFF-E43DC11E95B1}.Debug|Pocket PC 2003 (ARMV4).ActiveCfg = Debug|x64
		{A063DFAD-6995-4E1A-AFFF-E43DC11E95B1}.Debug|Win32.ActiveCfg = Debug|Win32
		{A063DFAD-6995-4E1A-AFFF-E43DC11E95B1}.Debug|Win32.Build.0 = Debug|Win32
		{A063DFAD-6995-4E1A-AFFF-E43DC11E95B1}.Debug|x64.ActiveCfg = Debug|x64
		{A063DFAD-6995-4E1A-AFFF-E43DC11E95B1}.Debug|x64.Build.0 = Debug|x64
		{A063DFAD-6995-4E1A-AFFF-E43DC11E95B1}.DebugDll|Itanium.ActiveCfg = Debug|x64
		{A063DFAD-6995-4E1A-AFFF-E43DC11E95B1}.DebugDll|Pocket PC 2003 (ARMV4).ActiveCfg = Debug|x64
		{A063DFAD-6995-4E1A-AFFF-E43DC11E95B1}.DebugDll|Win32.ActiveCfg = Debug|x64
		{A063DFAD-6995-4E1A-AFFF-E43DC11E95B1}.DebugDll|x64.ActiveCfg = Debug|x64
		{A063DFAD-6995-4E1A-AFFF-E43DC11E95B1}.DebugDll|x64.Build.0 = Debug|x64
		{A063DFAD-6995-4E1A-AFFF-E43DC11E95B1}.Release|Itanium.ActiveCfg = Release|Itanium
		{A063DFAD-6995-4E1A-AFFF-E43DC11E95B1}.Release|Itanium.Build.0 = Release|Itanium
		{A063DFAD-6995-4E1A-AFFF-E43DC11E95B1}.Release|Pocket PC 2003 (ARMV4).ActiveCfg = Release|x64
		{A063DFAD-6995-4E1A-AFFF-E43DC11E95B1}.Release|Win32.ActiveCfg = Release|Win32
		{A063DFAD-6995-4E1A-AFFF-E43DC11E95B1}.Release|Win32.Build.0 = Release|Win32
		{A063DFAD-6995-4E1A-AFFF-E43DC11E95B1}.Release|x64.ActiveCfg = Release|x64
		{A063DFAD-6995-4E1A-AFFF-E43DC11E95B1}.Release|x64.Build.0 = Release|x64
		{A063DFAD-6995-4E1A-AFFF-E43DC11E95B1}.ReleaseDll|Itanium.ActiveCfg = Release|x64
		{A063DFAD-6995-4E1A-AFFF-E43DC11E95B1}.ReleaseDll|Pocket PC 2003 (ARMV4).ActiveCfg = Release|x64
		{A063DFAD-6995-4E1A-AFFF-E43DC11E95B1}.ReleaseDll|Win32.ActiveCfg = Release|x64
		{A063DFAD-6995-4E1A-AFFF-E43DC11E95B1}.ReleaseDll|x64.ActiveCfg = Release|x64
		{A063DFAD-6995-4E1A-AFFF-E43DC11E95B1}.ReleaseDll|x64.Build.0 = Release|x64
		{A063DFAD-6995-4E1A-AFFF-E43DC11E95B1}.Upskirt|Itanium.ActiveCfg = Release|x64
		{A063DFAD-6995-4E1A-AFFF-E43DC11E95B1}.Upskirt|Pocket PC 2003 (ARMV4).ActiveCfg = Release|x64
		{A063DFAD-6995-4E1A-AFFF-E43DC11E95B1}.Upskirt|Win32.ActiveCfg = Release|x64
		{A063DFAD-6995-4E1A-AFFF-E43DC11E95B1}.Upskirt|x64.ActiveCfg = Release|x64
		{A063DFAD-6995-4E1A-AFFF-E43DC11E95B1}.Upskirt|x64.Build.0 = Release|x64
		{5D459BA0-5EEB-47D3-A1C4-6B55C8D37EC0}.Debug|Itanium.ActiveCfg = Debug|Itanium
		{5D459BA0-5EEB-47D3-A1C4-6B55C8D37EC0}.Debug|Itanium.Build.0 = Debug|Itanium
		{5D459BA0-5EEB-47D3-A1C4-6B55C8D37EC0}.Debug|Pocket PC 2003 (ARMV4).ActiveCfg = Debug|x64
		{5D459BA0-5EEB-47D3-A1C4-6B55C8D37EC0}.Debug|Win32.ActiveCfg = Debug|Win32
		{5D459BA0-5EEB-47D3-A1C4-6B55C8D37EC0}.Debug|Win32.Build.0 = Debug|Win32
		{5D459BA0-5EEB-47D3-A1C4-6B55C8D37EC0}.Debug|x64.ActiveCfg = Debug|x64
		{5D459BA0-5EEB-47D3-A1C4-6B55C8D37EC0}.Debug|x64.Build.0 = Debug|x64
		{5D459BA0-5EEB-47D3-A1C4-6B55C8D37EC0}.DebugDll|Itanium.ActiveCfg = Debug|x64
		{5D459BA0-5EEB-47D3-A1C4-6B55C8D37EC0}.DebugDll|Pocket PC 2003 (ARMV4).ActiveCfg = Debug|x64
		{5D459BA0-5EEB-47D3-A1C4-6B55C8D37EC0}.DebugDll|Win32.ActiveCfg = Debug|x64
		{5D459BA0-5EEB-47D3-A1C4-6B55C8D37EC0}.DebugDll|x64.ActiveCfg = Debug|x64
		{5D459BA0-5EEB-47D3-A1C4-6B55C8D37EC0}.DebugDll|x64.Build.0 = Debug|x64
		{5D459BA0-5EEB-47D3-A1C4-6B55C8D37EC0}.Release|Itanium.ActiveCfg = Release|Itanium
		{5D459BA0-5EEB-47D3-A1C4-6B55C8D37EC0}.Release|Itanium.Build.0 = Release|Itanium
		{5D459BA0-5EEB-47D3-A1C4-6B55C8D37EC0}.Release|Pocket PC 2003 (ARMV4).ActiveCfg = Release|x64
		{5D459BA0-5EEB-47D3-A1C4-6B55C8D37EC0}.Release|Win32.ActiveCfg = Release|Win32
		{5D459BA0-5EEB-47D3-A1C4-6B55C8D37EC0}.Release|Win32.Build.0 = Release|Win32
		{5D459BA0-5EEB-47D3-A1C4-6B55C8D37EC0}.Release|x64.ActiveCfg = Release|x64
		{5D459BA0-5EEB-47D3-A1C4-6B55C8D37EC0}.Release|x64.Build.0 = Release|x64
		{5D459BA0-5EEB-47D3-A1C4-6B55C8D37EC0}.ReleaseDll|Itanium.ActiveCfg = Release|x64
		{5D459BA0-5EEB-47D3-A1C4-6B55C8D37EC0}.ReleaseDll|Pocket PC 2003 (ARMV4).ActiveCfg = Release|x64
		{5D459BA0-5EEB-47D3-A1C4-6B55C8D37EC0}.ReleaseDll|Win32.ActiveCfg = Release|x64
		{5D459BA0-5EEB-47D3-A1C4-6B55C8D37EC0}.ReleaseDll|x64.ActiveCfg = Release|x64
		{5D459BA0-5EEB-47D3-A1C4-6B55C8D37EC0}.ReleaseDll|x64.Build.0 = Release|x64
		{5D459BA0-5EEB-47D3-A1C4-6B55C8D37EC0}.Upskirt|Itanium.ActiveCfg = Release|x64
		{5D459BA0-5EEB-47D3-A1C4-6B55C8D37EC0}.Upskirt|Pocket PC 2003 (ARMV4).ActiveCfg = Release|x64
		{5D459BA0-5EEB-47D3-A1C4-6B55C8D37EC0}.Upskirt|Win32.ActiveCfg = Release|x64
		{5D459BA0-5EEB-47D3-A1C4-6B55C8D37EC0}.Upskirt|x64.ActiveCfg = Release|x64
		{5D459BA0-5EEB-47D3-A1C4-6B55C8D37EC0}.Upskirt|x64.Build.0 = Release|x64
		{510AAB56-492A-4EF6-85AC-AD0F02BF5639}.Debug|Itanium.ActiveCfg = Debug|Itanium
		{510AAB56-492A-4EF6-85AC-AD0F02BF5639}.Debug|Itanium.Build.0 = Debug|Itanium
		{510AAB56-492A-4EF6-85AC-AD0F02BF5639}.Debug|Pocket PC 2003 (ARMV4).ActiveCfg = Debug|x64
		{510AAB56-492A-4EF6-85AC-AD0F02BF5639}.Debug|Win32.ActiveCfg = Debug|Win32
		{510AAB56-492A-4EF6-85AC-AD0F02BF5639}.Debug|Win32.Build.0 = Debug|Win32
		{510AAB56-492A-4EF6-85AC-AD0F02BF5639}.Debug|x64.ActiveCfg = Debug|x64
		{510AAB56-492A-4EF6-85AC-AD0F02BF5639}.Debug|x64.Build.0 = Debug|x64
		{510AAB56-492A-4EF6-85AC-AD0F02BF5639}.DebugDll|Itanium.ActiveCfg = Debug|x64
		{510AAB56-492A-4EF6-85AC-AD0F02BF5639}.DebugDll|Pocket PC 2003 (ARMV4).ActiveCfg = Debug|x64
		{510AAB56-492A-4EF6-85AC-AD0F02BF5639}.DebugDll|Win32.ActiveCfg = Debug|x64
		{510AAB56-492A-4EF6-85AC-AD0F02BF5639}.DebugDll|x64.ActiveCfg = Debug|x64
		{510AAB56-492A-4EF6-85AC-AD0F02BF5639}.DebugDll|x64.Build.0 = Debug|x64
		{510AAB56-492A-4EF6-85AC-AD0F02BF5639}.Release|Itanium.ActiveCfg = Release|Itanium
		{510AAB56-492A-4EF6-85AC-AD0F02BF5639}.Release|Itanium.Build.0 = Release|Itanium
		{510AAB56-492A-4EF6-85AC-AD0F02BF5639}.Release|Pocket PC 2003 (ARMV4).ActiveCfg = Release|x64
		{510AAB56-492A-4EF6-85AC-AD0F02BF5639}.Release|Win32.ActiveCfg = Release|Win32
		{510AAB56-492A-4EF6-85AC-AD0F02BF5639}.Release|Win32.Build.0 = Release|Win32
		{510AAB56-492A-4EF6-85AC-AD0F02BF5639}.Release|x64.ActiveCfg = Release|x64
		{510AAB56-492A-4EF6-85AC-AD0F02BF5639}.Release|x64.Build.0 = Release|x64
		{510AAB56-492A-4EF6-85AC-AD0F02BF5639}.ReleaseDll|Itanium.ActiveCfg = Release|x64
		{510AAB56-492A-4EF6-85AC-AD0F02BF5639}.ReleaseDll|Pocket PC 2003 (ARMV4).ActiveCfg = Release|x64
		{510AAB56-492A-4EF6-85AC-AD0F02BF5639}.ReleaseDll|Win32.ActiveCfg = Release|x64
		{510AAB56-492A-4EF6-85AC-AD0F02BF5639}.ReleaseDll|x64.ActiveCfg = Release|x64
		{510AAB56-492A-4EF6-85AC-AD0F02BF5639}.ReleaseDll|x64.Build.0 = Release|x64
		{510AAB56-492A-4EF6-85AC-AD0F02BF5639}.Upskirt|Itanium.ActiveCfg = Release|x64
		{510AAB56-492A-4EF6-85AC-AD0F02BF5639}.Upskirt|Pocket PC 2003 (ARMV4).ActiveCfg = Release|x64
		{510AAB56-492A-4EF6-85AC-AD0F02BF5639}.Upskirt|Win32.ActiveCfg = Release|x64
		{510AAB56-492A-4EF6-85AC-AD0F02BF5639}.Upskirt|x64.ActiveCfg = Release|x64
		{510AAB56-492A-4EF6-85AC-AD0F02BF5639}.Upskirt|x64.Build.0 = Release|x64
		{E6915F5B-810A-00BA-2D49-A2AE76ABA0E0}.Debug|Itanium.ActiveCfg = Debug|Itanium
		{E6915F5B-810A-00BA-2D49-A2AE76ABA0E0}.Debug|Itanium.Build.0 = Debug|Itanium
		{E6915F5B-810A-00BA-2D49-A2AE76ABA0E0}.Debug|Pocket PC 2003 (ARMV4).ActiveCfg = Debug|x64
		{E6915F5B-810A-00BA-2D49-A2AE76ABA0E0}.Debug|Win32.ActiveCfg = Debug|Win32
		{E6915F5B-810A-00BA-2D49-A2AE76ABA0E0}.Debug|Win32.Build.0 = Debug|Win32
		{E6915F5B-810A-00BA-2D49-A2AE76ABA0E0}.Debug|x64.ActiveCfg = Debug|x64
		{E6915F5B-810A-00BA-2D49-A2AE76ABA0E0}.Debug|x64.Build.0 = Debug|x64
		{E6915F5B-810A-00BA-2D49-A2AE76ABA0E0}.DebugDll|Itanium.ActiveCfg = Debug|x64
		{E6915F5B-810A-00BA-2D49-A2AE76ABA0E0}.DebugDll|Pocket PC 2003 (ARMV4).ActiveCfg = Debug|x64
		{E6915F5B-810A-00BA-2D49-A2AE76ABA0E0}.DebugDll|Win32.ActiveCfg = Debug|x64
		{E6915F5B-810A-00BA-2D49-A2AE76ABA0E0}.DebugDll|x64.ActiveCfg = Debug|x64
		{E6915F5B-810A-00BA-2D49-A2AE76ABA0E0}.DebugDll|x64.Build.0 = Debug|x64
		{E6915F5B-810A-00BA-2D49-A2AE76ABA0E0}.Release|Itanium.ActiveCfg = Release|Itanium
		{E6915F5B-810A-00BA-2D49-A2AE76ABA0E0}.Release|Itanium.Build.0 = Release|Itanium
		{E6915F5B-810A-00BA-2D49-A2AE76ABA0E0}.Release|Pocket PC 2003 (ARMV4).ActiveCfg = Release|x64
		{E6915F5B-810A-00BA-2D49-A2AE76ABA0E0}.Release|Win32.ActiveCfg = Release|Win32
		{E6915F5B-810A-00BA-2D49-A2AE76ABA0E0}.Release|Win32.Build.0 = Release|Win32
		{E6915F5B-810A-00BA-2D49-A2AE76ABA0E0}.Release|x64.ActiveCfg = Release|x64
		{E6915F5B-810A-00BA-2D49-A2AE76ABA0E0}.Release|x64.Build.0 = Release|x64
		{E6915F5B-810A-00BA-2D49-A2AE76ABA0E0}.ReleaseDll|Itanium.ActiveCfg = Release|x64
		{E6915F5B-810A-00BA-2D49-A2AE76ABA0E0}.ReleaseDll|Pocket PC 2003 (ARMV4).ActiveCfg = Release|x64
		{E6915F5B-810A-00BA-2D49-A2AE76ABA0E0}.ReleaseDll|Win32.ActiveCfg = Release|x64
		{E6915F5B-810A-00BA-2D49-A2AE76ABA0E0}.ReleaseDll|x64.ActiveCfg = Release|x64
		{E6915F5B-810A-00BA-2D49-A2AE76ABA0E0}.ReleaseDll|x64.Build.0 = Release|x64
		{E6915F5B-810A-00BA-2D49-A2AE76ABA0E0}.Upskirt|Itanium.ActiveCfg = Release|x64
		{E6915F5B-810A-00BA-2D49-A2AE76ABA0E0}.Upskirt|Pocket PC 2003 (ARMV4).ActiveCfg = Release|x64
		{E6915F5B-810A-00BA-2D49-A2AE76ABA0E0}.Upskirt|Win32.ActiveCfg = Release|x64
		{E6915F5B-810A-00BA-2D49-A2AE76ABA0E0}.Upskirt|x64.ActiveCfg = Release|x64
		{E6915F5B-810A-00BA-2D49-A2AE76ABA0E0}.Upskirt|x64.Build.0 = Release|x64
		{C2803904-DE96-9159-663D-2BBB76562A2A}.Debug|Itanium.ActiveCfg = Debug|Itanium
		{C2803904-DE96-9159-663D-2BBB76562A2A}.Debug|Itanium.Build.0 = Debug|Itanium
		{C2803904-DE96-9159-663D-2BBB76562A2A}.Debug|Pocket PC 2003 (ARMV4).ActiveCfg = Debug|x64
		{C2803904-DE96-9159-663D-2BBB76562A2A}.Debug|Win32.ActiveCfg = Debug|Win32
		{C2803904-DE96-9159-663D-2BBB76562A2A}.Debug|Win32.Build.0 = Debug|Win32
		{C2803904-DE96-9159-663D-2BBB76562A2A}.Debug|x64.ActiveCfg = Debug|x64
		{C2803904-DE96-9159-663D-2BBB76562A2A}.Debug|x64.Build.0 = Debug|x64
		{C2803904-DE96-9159-663D-2BBB76562A2A}.DebugDll|Itanium.ActiveCfg = Debug|x64
		{C2803904-DE96-9159-663D-2BBB76562A2A}.DebugDll|Pocket PC 2003 (ARMV4).ActiveCfg = Debug|x64
		{C2803904-DE96-9159-663D-2BBB76562A2A}.DebugDll|Win32.ActiveCfg = Debug|x64
		{C2803904-DE96-9159-663D-2BBB76562A2A}.DebugDll|x64.ActiveCfg = Debug|x64
		{C2803904-DE96-9159-663D-2BBB76562A2A}.DebugDll|x64.Build.0 = Debug|x64
		{C2803904-DE96-9159-663D-2BBB76562A2A}.Release|Itanium.ActiveCfg = Release|Itanium
		{C2803904-DE96-9159-663D-2BBB76562A2A}.Release|Itanium.Build.0 = Release|Itanium
		{C2803904-DE96-9159-663D-2BBB76562A2A}.Release|Pocket PC 2003 (ARMV4).ActiveCfg = Release|x64
		{C2803904-DE96-9159-663D-2BBB76562A2A}.Release|Win32.ActiveCfg = Release|Win32
		{C2803904-DE96-9159-663D-2BBB76562A2A}.Release|Win32.Build.0 = Release|Win32
		{C2803904-DE96-9159-663D-2BBB76562A2A}.Release|x64.ActiveCfg = Release|x64
		{C2803904-DE96-9159-663D-2BBB76562A2A}.Release|x64.Build.0 = Release|x64
		{C2803904-DE96-9159-663D-2BBB76562A2A}.ReleaseDll|Itanium.ActiveCfg = Release|x64
		{C2803904-DE96-9159-663D-2BBB76562A2A}.ReleaseDll|Pocket PC 2003 (ARMV4).ActiveCfg = Release|x64
		{C2803904-DE96-9159-663D-2BBB76562A2A}.ReleaseDll|Win32.ActiveCfg = Release|x64
		{C2803904-DE96-9159-663D-2BBB76562A2A}.ReleaseDll|x64.ActiveCfg = Release|x64
		{C2803904-DE96-9159-663D-2BBB76562A2A}.ReleaseDll|x64.Build.0 = Release|x64
		{C2803904-DE96-9159-663D-2BBB76562A2A}.Upskirt|Itanium.ActiveCfg = Release|x64
		{C2803904-DE96-9159-663D-2BBB76562A2A}.Upskirt|Pocket PC 2003 (ARMV4).ActiveCfg = Release|x64
		{C2803904-DE96-9159-663D-2BBB76562A2A}.Upskirt|Win32.ActiveCfg = Release|x64
		{C2803904-DE96-9159-663D-2BBB76562A2A}.Upskirt|x64.ActiveCfg = Release|x64
		{C2803904-DE96-9159-663D-2BBB76562A2A}.Upskirt|x64.Build.0 = Release|x64
		{31905567-3A08-934F-672A-AAD5747937E1}.Debug|Itanium.ActiveCfg = Debug|Itanium
		{31905567-3A08-934F-672A-AAD5747937E1}.Debug|Itanium.Build.0 = Debug|Itanium
		{31905567-3A08-934F-672A-AAD5747937E1}.Debug|Pocket PC 2003 (ARMV4).ActiveCfg = Debug|x64
		{31905567-3A08-934F-672A-AAD5747937E1}.Debug|Win32.ActiveCfg = Debug|Win32
		{31905567-3A08-934F-672A-AAD5747937E1}.Debug|Win32.Build.0 = Debug|Win32
		{31905567-3A08-934F-672A-AAD5747937E1}.Debug|x64.ActiveCfg = Debug|x64
		{31905567-3A08-934F-672A-AAD5747937E1}.Debug|x64.Build.0 = Debug|x64
		{31905567-3A08-934F-672A-AAD5747937E1}.DebugDll|Itanium.ActiveCfg = Debug|x64
		{31905567-3A08-934F-672A-AAD5747937E1}.DebugDll|Pocket PC 2003 (ARMV4).ActiveCfg = Debug|x64
		{31905567-3A08-934F-672A-AAD5747937E1}.DebugDll|Win32.ActiveCfg = Debug|x64
		{31905567-3A08-934F-672A-AAD5747937E1}.DebugDll|x64.ActiveCfg = Debug|x64
		{31905567-3A08-934F-672A-AAD5747937E1}.DebugDll|x64.Build.0 = Debug|x64
		{31905567-3A08-934F-672A-AAD5747937E1}.Release|Itanium.ActiveCfg = Release|Itanium
		{31905567-3A08-934F-672A-AAD5747937E1}.Release|Itanium.Build.0 = Release|Itanium
		{31905567-3A08-934F-672A-AAD5747937E1}.Release|Pocket PC 2003 (ARMV4).ActiveCfg = Release|x64
		{31905567-3A08-934F-672A-AAD5747937E1}.Release|Win32.ActiveCfg = Release|Win32
		{31905567-3A08-934F-672A-AAD5747937E1}.Release|Win32.Build.0 = Release|Win32
		{31905567-3A08-934F-672A-AAD5747937E1}.Release|x64.ActiveCfg = Release|x64
		{31905567-3A08-934F-672A-AAD5747937E1}.Release|x64.Build.0 = Release|x64
		{31905567-3A08-934F-672A-AAD5747937E1}.ReleaseDll|Itanium.ActiveCfg = Release|x64
		{31905567-3A08-934F-672A-AAD5747937E1}.ReleaseDll|Pocket PC 2003 (ARMV4).ActiveCfg = Release|x64
		{31905567-3A08-934F-672A-AAD5747937E1}.ReleaseDll|Win32.ActiveCfg = Release|x64
		{31905567-3A08-934F-672A-AAD5747937E1}.ReleaseDll|x64.ActiveCfg = Release|x64
		{31905567-3A08-934F-672A-AAD5747937E1}.ReleaseDll|x64.Build.0 = Release|x64
		{31905567-3A08-934F-672A-AAD5747937E1}.Upskirt|Itanium.ActiveCfg = Release|x64
		{31905567-3A08-934F-672A-AAD5747937E1}.Upskirt|Pocket PC 2003 (ARMV4).ActiveCfg = Release|x64
		{31905567-3A08-934F-672A-AAD5747937E1}.Upskirt|Win32.ActiveCfg = Release|x64
		{31905567-3A08-934F-672A-AAD5747937E1}.Upskirt|x64.ActiveCfg = Release|x64
		{31905567-3A08-934F-672A-AAD5747937E1}.Upskirt|x64.Build.0 = Release|x64
	EndGlobalSection
	GlobalSection(SolutionProperties) = preSolution
		HideSolutionNode = FALSE
	EndGlobalSection
	GlobalSection(NestedProjects) = preSolution
		{304A82F6-E353-A949-3DE5-4C427429A1E5} = {A49FBF42-AA78-4459-B83B-201271B73458}
		{97722804-CC3F-33C5-5548-40260C09C0DC} = {A49FBF42-AA78-4459-B83B-201271B73458}
		{7414E465-351B-A9C7-CD08-8597EE86720E} = {A49FBF42-AA78-4459-B83B-201271B73458}
		{1CC1624E-3BD6-AD97-5AF2-DD01FD18CBD3} = {A49FBF42-AA78-4459-B83B-201271B73458}
		{38A52C52-A1FE-B303-4B9D-BBBD7B4A9805} = {A49FBF42-AA78-4459-B83B-201271B73458}
		{840213BE-AD55-78EE-616A-B3F446229465} = {A49FBF42-AA78-4459-B83B-201271B73458}
		{E3C9176C-4B85-6201-6058-ED538CF34213} = {A49FBF42-AA78-4459-B83B-201271B73458}
		{B9CAC48C-8584-CFCB-CAA3-5E8B85DA7B79} = {A49FBF42-AA78-4459-B83B-201271B73458}
		{76DB672D-6F36-F548-A7B4-ABA74C640D75} = {A49FBF42-AA78-4459-B83B-201271B73458}
		{9CD3EE46-6CAB-31AA-2266-907540219C81} = {A49FBF42-AA78-4459-B83B-201271B73458}
		{5DA681A2-3C45-2E42-0E35-0D24831144D8} = {A49FBF42-AA78-4459-B83B-201271B73458}
		{E6915F5B-810A-00BA-2D49-A2AE76ABA0E0} = {A49FBF42-AA78-4459-B83B-201271B73458}
		{C2803904-DE96-9159-663D-2BBB76562A2A} = {A49FBF42-AA78-4459-B83B-201271B73458}
		{31905567-3A08-934F-672A-AAD5747937E1} = {A49FBF42-AA78-4459-B83B-201271B73458}
		{BEF78878-99B5-47FC-AE1B-210EDF9643F8} = {DD218416-C5C4-47BC-A031-D2E3032505F1}
		{B682A9FC-8C10-CE85-1083-3C42CA82502D} = {DD218416-C5C4-47BC-A031-D2E3032505F1}
		{17794A55-DE45-431F-BAEE-B92226BF831E} = {DD218416-C5C4-47BC-A031-D2E3032505F1}
		{A063DFAD-6995-4E1A-AFFF-E43DC11E95B1} = {E1E2CF46-3C8D-4C55-9C9C-C844C2E15551}
		{5D459BA0-5EEB-47D3-A1C4-6B55C8D37EC0} = {E1E2CF46-3C8D-4C55-9C9C-C844C2E15551}
		{510AAB56-492A-4EF6-85AC-AD0F02BF5639} = {E1E2CF46-3C8D-4C55-9C9C-C844C2E15551}
	EndGlobalSection
	GlobalSection(DPCodeReviewSolutionGUID) = preSolution
		DPCodeReviewSolutionGUID = {00000000-0000-0000-0000-000000000000}
	EndGlobalSection
EndGlobal
