
Microsoft Visual Studio Solution File, Format Version 11.00
# Visual Studio 2010
Project("{8BC9CEB8-8B4A-11D0-8D11-00A0C91BC942}") = "mongoose", "3rdparty_mongoose.vcxproj", "{97722804-CC3F-33C5-5548-40260C09C0DC}"
EndProject
Project("{8BC9CEB8-8B4A-11D0-8D11-00A0C91BC942}") = "mongoose_main", "3rdparty_mongoose_server.vcxproj", "{235EE383-B25A-3A29-E783-35B6C316B63D}"
EndProject
Project("{2150E333-8FDC-42A3-9474-1A3956D46DE8}") = "mongoose", "mongoose", "{A49FBF42-AA78-4459-B83B-201271B73458}"
EndProject
Project("{8BC9CEB8-8B4A-11D0-8D11-00A0C91BC942}") = "mongoose_chat_sample", "3rdparty_mongoose_chat_sample.vcxproj", "{01200FE6-C361-51BA-F291-98B9F394467C}"
EndProject
Project("{8BC9CEB8-8B4A-11D0-8D11-00A0C91BC942}") = "mongoose_hello", "3rdparty_mongoose_hello_sample.vcxproj", "{E8AB8691-A085-9D88-4579-7AD3AF2757F1}"
EndProject
Project("{8BC9CEB8-8B4A-11D0-8D11-00A0C91BC942}") = "mongoose_test_embed", "3rdparty_mongoose_test_embed.vcxproj", "{230D515A-483D-30D3-0773-909D3A5FD930}"
EndProject
Project("{8BC9CEB8-8B4A-11D0-8D11-00A0C91BC942}") = "mongoose_unit_test", "3rdparty_mongoose_test_unit_test.vcxproj", "{34B8F9A3-9173-09A9-BDF3-4208BCD8DF2D}"
EndProject
Project("{8BC9CEB8-8B4A-11D0-8D11-00A0C91BC942}") = "mongoose_service", "3rdparty_mongoose_service.vcxproj", "{E8576FD9-DF16-250B-4A3D-6128A2824AE3}"
EndProject
Project("{8BC9CEB8-8B4A-11D0-8D11-00A0C91BC942}") = "mongoose_testclient", "3rdparty_mongoose_testclient.vcxproj", "{BB65F162-C16B-8579-BF3B-3059D0844D63}"
EndProject
Global
	GlobalSection(SolutionConfigurationPlatforms) = preSolution
		Debug|Itanium = Debug|Itanium
		Debug|Pocket PC 2003 (ARMV4) = Debug|Pocket PC 2003 (ARMV4)
		Debug|Win32 = Debug|Win32
		Debug|x64 = Debug|x64
		DebugDll|Itanium = DebugDll|Itanium
		DebugDll|Pocket PC 2003 (ARMV4) = DebugDll|Pocket PC 2003 (ARMV4)
		DebugDll|Win32 = DebugDll|Win32
		DebugDll|x64 = DebugDll|x64
		Release|Itanium = Release|Itanium
		Release|Pocket PC 2003 (ARMV4) = Release|Pocket PC 2003 (ARMV4)
		Release|Win32 = Release|Win32
		Release|x64 = Release|x64
		ReleaseDll|Itanium = ReleaseDll|Itanium
		ReleaseDll|Pocket PC 2003 (ARMV4) = ReleaseDll|Pocket PC 2003 (ARMV4)
		ReleaseDll|Win32 = ReleaseDll|Win32
		ReleaseDll|x64 = ReleaseDll|x64
		Upskirt|Itanium = Upskirt|Itanium
		Upskirt|Pocket PC 2003 (ARMV4) = Upskirt|Pocket PC 2003 (ARMV4)
		Upskirt|Win32 = Upskirt|Win32
		Upskirt|x64 = Upskirt|x64
	EndGlobalSection
	GlobalSection(ProjectConfigurationPlatforms) = postSolution
		{97722804-CC3F-33C5-5548-40260C09C0DC}.Debug|Itanium.ActiveCfg = Debug|Itanium
		{97722804-CC3F-33C5-5548-40260C09C0DC}.Debug|Itanium.Build.0 = Debug|Itanium
		{97722804-CC3F-33C5-5548-40260C09C0DC}.Debug|Pocket PC 2003 (ARMV4).ActiveCfg = Debug|Itanium
		{97722804-CC3F-33C5-5548-40260C09C0DC}.Debug|Win32.ActiveCfg = Debug|Win32
		{97722804-CC3F-33C5-5548-40260C09C0DC}.Debug|Win32.Build.0 = Debug|Win32
		{97722804-CC3F-33C5-5548-40260C09C0DC}.Debug|x64.ActiveCfg = Debug|x64
		{97722804-CC3F-33C5-5548-40260C09C0DC}.Debug|x64.Build.0 = Debug|x64
		{97722804-CC3F-33C5-5548-40260C09C0DC}.DebugDll|Itanium.ActiveCfg = Debug|x64
		{97722804-CC3F-33C5-5548-40260C09C0DC}.DebugDll|Pocket PC 2003 (ARMV4).ActiveCfg = Debug|x64
		{97722804-CC3F-33C5-5548-40260C09C0DC}.DebugDll|Win32.ActiveCfg = Debug|x64
		{97722804-CC3F-33C5-5548-40260C09C0DC}.DebugDll|x64.ActiveCfg = Debug|x64
		{97722804-CC3F-33C5-5548-40260C09C0DC}.DebugDll|x64.Build.0 = Debug|x64
		{97722804-CC3F-33C5-5548-40260C09C0DC}.Release|Itanium.ActiveCfg = Release|Itanium
		{97722804-CC3F-33C5-5548-40260C09C0DC}.Release|Itanium.Build.0 = Release|Itanium
		{97722804-CC3F-33C5-5548-40260C09C0DC}.Release|Pocket PC 2003 (ARMV4).ActiveCfg = Release|Itanium
		{97722804-CC3F-33C5-5548-40260C09C0DC}.Release|Win32.ActiveCfg = Release|Win32
		{97722804-CC3F-33C5-5548-40260C09C0DC}.Release|Win32.Build.0 = Release|Win32
		{97722804-CC3F-33C5-5548-40260C09C0DC}.Release|x64.ActiveCfg = Release|x64
		{97722804-CC3F-33C5-5548-40260C09C0DC}.Release|x64.Build.0 = Release|x64
		{97722804-CC3F-33C5-5548-40260C09C0DC}.ReleaseDll|Itanium.ActiveCfg = Release|x64
		{97722804-CC3F-33C5-5548-40260C09C0DC}.ReleaseDll|Pocket PC 2003 (ARMV4).ActiveCfg = Release|x64
		{97722804-CC3F-33C5-5548-40260C09C0DC}.ReleaseDll|Win32.ActiveCfg = Release|x64
		{97722804-CC3F-33C5-5548-40260C09C0DC}.ReleaseDll|x64.ActiveCfg = Release|x64
		{97722804-CC3F-33C5-5548-40260C09C0DC}.ReleaseDll|x64.Build.0 = Release|x64
		{97722804-CC3F-33C5-5548-40260C09C0DC}.Upskirt|Itanium.ActiveCfg = Release|x64
		{97722804-CC3F-33C5-5548-40260C09C0DC}.Upskirt|Pocket PC 2003 (ARMV4).ActiveCfg = Release|x64
		{97722804-CC3F-33C5-5548-40260C09C0DC}.Upskirt|Win32.ActiveCfg = Release|x64
		{97722804-CC3F-33C5-5548-40260C09C0DC}.Upskirt|x64.ActiveCfg = Release|x64
		{97722804-CC3F-33C5-5548-40260C09C0DC}.Upskirt|x64.Build.0 = Release|x64
		{235EE383-B25A-3A29-E783-35B6C316B63D}.Debug|Itanium.ActiveCfg = Debug|Itanium
		{235EE383-B25A-3A29-E783-35B6C316B63D}.Debug|Itanium.Build.0 = Debug|Itanium
		{235EE383-B25A-3A29-E783-35B6C316B63D}.Debug|Pocket PC 2003 (ARMV4).ActiveCfg = Debug|x64
		{235EE383-B25A-3A29-E783-35B6C316B63D}.Debug|Win32.ActiveCfg = Debug|Win32
		{235EE383-B25A-3A29-E783-35B6C316B63D}.Debug|Win32.Build.0 = Debug|Win32
		{235EE383-B25A-3A29-E783-35B6C316B63D}.Debug|x64.ActiveCfg = Debug|x64
		{235EE383-B25A-3A29-E783-35B6C316B63D}.Debug|x64.Build.0 = Debug|x64
		{235EE383-B25A-3A29-E783-35B6C316B63D}.DebugDll|Itanium.ActiveCfg = Debug|x64
		{235EE383-B25A-3A29-E783-35B6C316B63D}.DebugDll|Pocket PC 2003 (ARMV4).ActiveCfg = Debug|x64
		{235EE383-B25A-3A29-E783-35B6C316B63D}.DebugDll|Win32.ActiveCfg = Debug|x64
		{235EE383-B25A-3A29-E783-35B6C316B63D}.DebugDll|x64.ActiveCfg = Debug|x64
		{235EE383-B25A-3A29-E783-35B6C316B63D}.DebugDll|x64.Build.0 = Debug|x64
		{235EE383-B25A-3A29-E783-35B6C316B63D}.Release|Itanium.ActiveCfg = Release|Itanium
		{235EE383-B25A-3A29-E783-35B6C316B63D}.Release|Itanium.Build.0 = Release|Itanium
		{235EE383-B25A-3A29-E783-35B6C316B63D}.Release|Pocket PC 2003 (ARMV4).ActiveCfg = Release|x64
		{235EE383-B25A-3A29-E783-35B6C316B63D}.Release|Win32.ActiveCfg = Release|Win32
		{235EE383-B25A-3A29-E783-35B6C316B63D}.Release|Win32.Build.0 = Release|Win32
		{235EE383-B25A-3A29-E783-35B6C316B63D}.Release|x64.ActiveCfg = Release|x64
		{235EE383-B25A-3A29-E783-35B6C316B63D}.Release|x64.Build.0 = Release|x64
		{235EE383-B25A-3A29-E783-35B6C316B63D}.ReleaseDll|Itanium.ActiveCfg = Release|x64
		{235EE383-B25A-3A29-E783-35B6C316B63D}.ReleaseDll|Pocket PC 2003 (ARMV4).ActiveCfg = Release|x64
		{235EE383-B25A-3A29-E783-35B6C316B63D}.ReleaseDll|Win32.ActiveCfg = Release|x64
		{235EE383-B25A-3A29-E783-35B6C316B63D}.ReleaseDll|x64.ActiveCfg = Release|x64
		{235EE383-B25A-3A29-E783-35B6C316B63D}.ReleaseDll|x64.Build.0 = Release|x64
		{235EE383-B25A-3A29-E783-35B6C316B63D}.Upskirt|Itanium.ActiveCfg = Release|x64
		{235EE383-B25A-3A29-E783-35B6C316B63D}.Upskirt|Pocket PC 2003 (ARMV4).ActiveCfg = Release|x64
		{235EE383-B25A-3A29-E783-35B6C316B63D}.Upskirt|Win32.ActiveCfg = Release|x64
		{235EE383-B25A-3A29-E783-35B6C316B63D}.Upskirt|x64.ActiveCfg = Release|x64
		{235EE383-B25A-3A29-E783-35B6C316B63D}.Upskirt|x64.Build.0 = Release|x64
		{01200FE6-C361-51BA-F291-98B9F394467C}.Debug|Itanium.ActiveCfg = Debug|Itanium
		{01200FE6-C361-51BA-F291-98B9F394467C}.Debug|Itanium.Build.0 = Debug|Itanium
		{01200FE6-C361-51BA-F291-98B9F394467C}.Debug|Pocket PC 2003 (ARMV4).ActiveCfg = Debug|x64
		{01200FE6-C361-51BA-F291-98B9F394467C}.Debug|Win32.ActiveCfg = Debug|Win32
		{01200FE6-C361-51BA-F291-98B9F394467C}.Debug|Win32.Build.0 = Debug|Win32
		{01200FE6-C361-51BA-F291-98B9F394467C}.Debug|x64.ActiveCfg = Debug|x64
		{01200FE6-C361-51BA-F291-98B9F394467C}.Debug|x64.Build.0 = Debug|x64
		{01200FE6-C361-51BA-F291-98B9F394467C}.DebugDll|Itanium.ActiveCfg = Debug|x64
		{01200FE6-C361-51BA-F291-98B9F394467C}.DebugDll|Pocket PC 2003 (ARMV4).ActiveCfg = Debug|x64
		{01200FE6-C361-51BA-F291-98B9F394467C}.DebugDll|Win32.ActiveCfg = Debug|x64
		{01200FE6-C361-51BA-F291-98B9F394467C}.DebugDll|x64.ActiveCfg = Debug|x64
		{01200FE6-C361-51BA-F291-98B9F394467C}.DebugDll|x64.Build.0 = Debug|x64
		{01200FE6-C361-51BA-F291-98B9F394467C}.Release|Itanium.ActiveCfg = Release|Itanium
		{01200FE6-C361-51BA-F291-98B9F394467C}.Release|Itanium.Build.0 = Release|Itanium
		{01200FE6-C361-51BA-F291-98B9F394467C}.Release|Pocket PC 2003 (ARMV4).ActiveCfg = Release|x64
		{01200FE6-C361-51BA-F291-98B9F394467C}.Release|Win32.ActiveCfg = Release|Win32
		{01200FE6-C361-51BA-F291-98B9F394467C}.Release|Win32.Build.0 = Release|Win32
		{01200FE6-C361-51BA-F291-98B9F394467C}.Release|x64.ActiveCfg = Release|x64
		{01200FE6-C361-51BA-F291-98B9F394467C}.Release|x64.Build.0 = Release|x64
		{01200FE6-C361-51BA-F291-98B9F394467C}.ReleaseDll|Itanium.ActiveCfg = Release|x64
		{01200FE6-C361-51BA-F291-98B9F394467C}.ReleaseDll|Pocket PC 2003 (ARMV4).ActiveCfg = Release|x64
		{01200FE6-C361-51BA-F291-98B9F394467C}.ReleaseDll|Win32.ActiveCfg = Release|x64
		{01200FE6-C361-51BA-F291-98B9F394467C}.ReleaseDll|x64.ActiveCfg = Release|x64
		{01200FE6-C361-51BA-F291-98B9F394467C}.ReleaseDll|x64.Build.0 = Release|x64
		{01200FE6-C361-51BA-F291-98B9F394467C}.Upskirt|Itanium.ActiveCfg = Release|x64
		{01200FE6-C361-51BA-F291-98B9F394467C}.Upskirt|Pocket PC 2003 (ARMV4).ActiveCfg = Release|x64
		{01200FE6-C361-51BA-F291-98B9F394467C}.Upskirt|Win32.ActiveCfg = Release|x64
		{01200FE6-C361-51BA-F291-98B9F394467C}.Upskirt|x64.ActiveCfg = Release|x64
		{01200FE6-C361-51BA-F291-98B9F394467C}.Upskirt|x64.Build.0 = Release|x64
		{E8AB8691-A085-9D88-4579-7AD3AF2757F1}.Debug|Itanium.ActiveCfg = Debug|Itanium
		{E8AB8691-A085-9D88-4579-7AD3AF2757F1}.Debug|Itanium.Build.0 = Debug|Itanium
		{E8AB8691-A085-9D88-4579-7AD3AF2757F1}.Debug|Pocket PC 2003 (ARMV4).ActiveCfg = Debug|x64
		{E8AB8691-A085-9D88-4579-7AD3AF2757F1}.Debug|Win32.ActiveCfg = Debug|Win32
		{E8AB8691-A085-9D88-4579-7AD3AF2757F1}.Debug|Win32.Build.0 = Debug|Win32
		{E8AB8691-A085-9D88-4579-7AD3AF2757F1}.Debug|x64.ActiveCfg = Debug|x64
		{E8AB8691-A085-9D88-4579-7AD3AF2757F1}.Debug|x64.Build.0 = Debug|x64
		{E8AB8691-A085-9D88-4579-7AD3AF2757F1}.DebugDll|Itanium.ActiveCfg = Debug|x64
		{E8AB8691-A085-9D88-4579-7AD3AF2757F1}.DebugDll|Pocket PC 2003 (ARMV4).ActiveCfg = Debug|x64
		{E8AB8691-A085-9D88-4579-7AD3AF2757F1}.DebugDll|Win32.ActiveCfg = Debug|x64
		{E8AB8691-A085-9D88-4579-7AD3AF2757F1}.DebugDll|x64.ActiveCfg = Debug|x64
		{E8AB8691-A085-9D88-4579-7AD3AF2757F1}.DebugDll|x64.Build.0 = Debug|x64
		{E8AB8691-A085-9D88-4579-7AD3AF2757F1}.Release|Itanium.ActiveCfg = Release|Itanium
		{E8AB8691-A085-9D88-4579-7AD3AF2757F1}.Release|Itanium.Build.0 = Release|Itanium
		{E8AB8691-A085-9D88-4579-7AD3AF2757F1}.Release|Pocket PC 2003 (ARMV4).ActiveCfg = Release|x64
		{E8AB8691-A085-9D88-4579-7AD3AF2757F1}.Release|Win32.ActiveCfg = Release|Win32
		{E8AB8691-A085-9D88-4579-7AD3AF2757F1}.Release|Win32.Build.0 = Release|Win32
		{E8AB8691-A085-9D88-4579-7AD3AF2757F1}.Release|x64.ActiveCfg = Release|x64
		{E8AB8691-A085-9D88-4579-7AD3AF2757F1}.Release|x64.Build.0 = Release|x64
		{E8AB8691-A085-9D88-4579-7AD3AF2757F1}.ReleaseDll|Itanium.ActiveCfg = Release|x64
		{E8AB8691-A085-9D88-4579-7AD3AF2757F1}.ReleaseDll|Pocket PC 2003 (ARMV4).ActiveCfg = Release|x64
		{E8AB8691-A085-9D88-4579-7AD3AF2757F1}.ReleaseDll|Win32.ActiveCfg = Release|x64
		{E8AB8691-A085-9D88-4579-7AD3AF2757F1}.ReleaseDll|x64.ActiveCfg = Release|x64
		{E8AB8691-A085-9D88-4579-7AD3AF2757F1}.ReleaseDll|x64.Build.0 = Release|x64
		{E8AB8691-A085-9D88-4579-7AD3AF2757F1}.Upskirt|Itanium.ActiveCfg = Release|x64
		{E8AB8691-A085-9D88-4579-7AD3AF2757F1}.Upskirt|Pocket PC 2003 (ARMV4).ActiveCfg = Release|x64
		{E8AB8691-A085-9D88-4579-7AD3AF2757F1}.Upskirt|Win32.ActiveCfg = Release|x64
		{E8AB8691-A085-9D88-4579-7AD3AF2757F1}.Upskirt|x64.ActiveCfg = Release|x64
		{E8AB8691-A085-9D88-4579-7AD3AF2757F1}.Upskirt|x64.Build.0 = Release|x64
		{230D515A-483D-30D3-0773-909D3A5FD930}.Debug|Itanium.ActiveCfg = Debug|Itanium
		{230D515A-483D-30D3-0773-909D3A5FD930}.Debug|Itanium.Build.0 = Debug|Itanium
		{230D515A-483D-30D3-0773-909D3A5FD930}.Debug|Pocket PC 2003 (ARMV4).ActiveCfg = Debug|x64
		{230D515A-483D-30D3-0773-909D3A5FD930}.Debug|Win32.ActiveCfg = Debug|Win32
		{230D515A-483D-30D3-0773-909D3A5FD930}.Debug|Win32.Build.0 = Debug|Win32
		{230D515A-483D-30D3-0773-909D3A5FD930}.Debug|x64.ActiveCfg = Debug|x64
		{230D515A-483D-30D3-0773-909D3A5FD930}.Debug|x64.Build.0 = Debug|x64
		{230D515A-483D-30D3-0773-909D3A5FD930}.DebugDll|Itanium.ActiveCfg = Debug|x64
		{230D515A-483D-30D3-0773-909D3A5FD930}.DebugDll|Pocket PC 2003 (ARMV4).ActiveCfg = Debug|x64
		{230D515A-483D-30D3-0773-909D3A5FD930}.DebugDll|Win32.ActiveCfg = Debug|x64
		{230D515A-483D-30D3-0773-909D3A5FD930}.DebugDll|x64.ActiveCfg = Debug|x64
		{230D515A-483D-30D3-0773-909D3A5FD930}.DebugDll|x64.Build.0 = Debug|x64
		{230D515A-483D-30D3-0773-909D3A5FD930}.Release|Itanium.ActiveCfg = Release|Itanium
		{230D515A-483D-30D3-0773-909D3A5FD930}.Release|Itanium.Build.0 = Release|Itanium
		{230D515A-483D-30D3-0773-909D3A5FD930}.Release|Pocket PC 2003 (ARMV4).ActiveCfg = Release|x64
		{230D515A-483D-30D3-0773-909D3A5FD930}.Release|Win32.ActiveCfg = Release|Win32
		{230D515A-483D-30D3-0773-909D3A5FD930}.Release|Win32.Build.0 = Release|Win32
		{230D515A-483D-30D3-0773-909D3A5FD930}.Release|x64.ActiveCfg = Release|x64
		{230D515A-483D-30D3-0773-909D3A5FD930}.Release|x64.Build.0 = Release|x64
		{230D515A-483D-30D3-0773-909D3A5FD930}.ReleaseDll|Itanium.ActiveCfg = Release|x64
		{230D515A-483D-30D3-0773-909D3A5FD930}.ReleaseDll|Pocket PC 2003 (ARMV4).ActiveCfg = Release|x64
		{230D515A-483D-30D3-0773-909D3A5FD930}.ReleaseDll|Win32.ActiveCfg = Release|x64
		{230D515A-483D-30D3-0773-909D3A5FD930}.ReleaseDll|x64.ActiveCfg = Release|x64
		{230D515A-483D-30D3-0773-909D3A5FD930}.ReleaseDll|x64.Build.0 = Release|x64
		{230D515A-483D-30D3-0773-909D3A5FD930}.Upskirt|Itanium.ActiveCfg = Release|x64
		{230D515A-483D-30D3-0773-909D3A5FD930}.Upskirt|Pocket PC 2003 (ARMV4).ActiveCfg = Release|x64
		{230D515A-483D-30D3-0773-909D3A5FD930}.Upskirt|Win32.ActiveCfg = Release|x64
		{230D515A-483D-30D3-0773-909D3A5FD930}.Upskirt|x64.ActiveCfg = Release|x64
		{230D515A-483D-30D3-0773-909D3A5FD930}.Upskirt|x64.Build.0 = Release|x64
		{34B8F9A3-9173-09A9-BDF3-4208BCD8DF2D}.Debug|Itanium.ActiveCfg = Debug|Itanium
		{34B8F9A3-9173-09A9-BDF3-4208BCD8DF2D}.Debug|Itanium.Build.0 = Debug|Itanium
		{34B8F9A3-9173-09A9-BDF3-4208BCD8DF2D}.Debug|Pocket PC 2003 (ARMV4).ActiveCfg = Debug|x64
		{34B8F9A3-9173-09A9-BDF3-4208BCD8DF2D}.Debug|Win32.ActiveCfg = Debug|Win32
		{34B8F9A3-9173-09A9-BDF3-4208BCD8DF2D}.Debug|Win32.Build.0 = Debug|Win32
		{34B8F9A3-9173-09A9-BDF3-4208BCD8DF2D}.Debug|x64.ActiveCfg = Debug|x64
		{34B8F9A3-9173-09A9-BDF3-4208BCD8DF2D}.Debug|x64.Build.0 = Debug|x64
		{34B8F9A3-9173-09A9-BDF3-4208BCD8DF2D}.DebugDll|Itanium.ActiveCfg = Debug|x64
		{34B8F9A3-9173-09A9-BDF3-4208BCD8DF2D}.DebugDll|Pocket PC 2003 (ARMV4).ActiveCfg = Debug|x64
		{34B8F9A3-9173-09A9-BDF3-4208BCD8DF2D}.DebugDll|Win32.ActiveCfg = Debug|x64
		{34B8F9A3-9173-09A9-BDF3-4208BCD8DF2D}.DebugDll|x64.ActiveCfg = Debug|x64
		{34B8F9A3-9173-09A9-BDF3-4208BCD8DF2D}.DebugDll|x64.Build.0 = Debug|x64
		{34B8F9A3-9173-09A9-BDF3-4208BCD8DF2D}.Release|Itanium.ActiveCfg = Release|Itanium
		{34B8F9A3-9173-09A9-BDF3-4208BCD8DF2D}.Release|Itanium.Build.0 = Release|Itanium
		{34B8F9A3-9173-09A9-BDF3-4208BCD8DF2D}.Release|Pocket PC 2003 (ARMV4).ActiveCfg = Release|x64
		{34B8F9A3-9173-09A9-BDF3-4208BCD8DF2D}.Release|Win32.ActiveCfg = Release|Win32
		{34B8F9A3-9173-09A9-BDF3-4208BCD8DF2D}.Release|Win32.Build.0 = Release|Win32
		{34B8F9A3-9173-09A9-BDF3-4208BCD8DF2D}.Release|x64.ActiveCfg = Release|x64
		{34B8F9A3-9173-09A9-BDF3-4208BCD8DF2D}.Release|x64.Build.0 = Release|x64
		{34B8F9A3-9173-09A9-BDF3-4208BCD8DF2D}.ReleaseDll|Itanium.ActiveCfg = Release|x64
		{34B8F9A3-9173-09A9-BDF3-4208BCD8DF2D}.ReleaseDll|Pocket PC 2003 (ARMV4).ActiveCfg = Release|x64
		{34B8F9A3-9173-09A9-BDF3-4208BCD8DF2D}.ReleaseDll|Win32.ActiveCfg = Release|x64
		{34B8F9A3-9173-09A9-BDF3-4208BCD8DF2D}.ReleaseDll|x64.ActiveCfg = Release|x64
		{34B8F9A3-9173-09A9-BDF3-4208BCD8DF2D}.ReleaseDll|x64.Build.0 = Release|x64
		{34B8F9A3-9173-09A9-BDF3-4208BCD8DF2D}.Upskirt|Itanium.ActiveCfg = Release|x64
		{34B8F9A3-9173-09A9-BDF3-4208BCD8DF2D}.Upskirt|Pocket PC 2003 (ARMV4).ActiveCfg = Release|x64
		{34B8F9A3-9173-09A9-BDF3-4208BCD8DF2D}.Upskirt|Win32.ActiveCfg = Release|x64
		{34B8F9A3-9173-09A9-BDF3-4208BCD8DF2D}.Upskirt|x64.ActiveCfg = Release|x64
		{34B8F9A3-9173-09A9-BDF3-4208BCD8DF2D}.Upskirt|x64.Build.0 = Release|x64
		{E8576FD9-DF16-250B-4A3D-6128A2824AE3}.Debug|Itanium.ActiveCfg = Debug|Itanium
		{E8576FD9-DF16-250B-4A3D-6128A2824AE3}.Debug|Itanium.Build.0 = Debug|Itanium
		{E8576FD9-DF16-250B-4A3D-6128A2824AE3}.Debug|Pocket PC 2003 (ARMV4).ActiveCfg = Debug|x64
		{E8576FD9-DF16-250B-4A3D-6128A2824AE3}.Debug|Win32.ActiveCfg = Debug|Win32
		{E8576FD9-DF16-250B-4A3D-6128A2824AE3}.Debug|Win32.Build.0 = Debug|Win32
		{E8576FD9-DF16-250B-4A3D-6128A2824AE3}.Debug|x64.ActiveCfg = Debug|x64
		{E8576FD9-DF16-250B-4A3D-6128A2824AE3}.Debug|x64.Build.0 = Debug|x64
		{E8576FD9-DF16-250B-4A3D-6128A2824AE3}.DebugDll|Itanium.ActiveCfg = Debug|x64
		{E8576FD9-DF16-250B-4A3D-6128A2824AE3}.DebugDll|Pocket PC 2003 (ARMV4).ActiveCfg = Debug|x64
		{E8576FD9-DF16-250B-4A3D-6128A2824AE3}.DebugDll|Win32.ActiveCfg = Debug|x64
		{E8576FD9-DF16-250B-4A3D-6128A2824AE3}.DebugDll|x64.ActiveCfg = Debug|x64
		{E8576FD9-DF16-250B-4A3D-6128A2824AE3}.DebugDll|x64.Build.0 = Debug|x64
		{E8576FD9-DF16-250B-4A3D-6128A2824AE3}.Release|Itanium.ActiveCfg = Release|Itanium
		{E8576FD9-DF16-250B-4A3D-6128A2824AE3}.Release|Itanium.Build.0 = Release|Itanium
		{E8576FD9-DF16-250B-4A3D-6128A2824AE3}.Release|Pocket PC 2003 (ARMV4).ActiveCfg = Release|x64
		{E8576FD9-DF16-250B-4A3D-6128A2824AE3}.Release|Win32.ActiveCfg = Release|Win32
		{E8576FD9-DF16-250B-4A3D-6128A2824AE3}.Release|Win32.Build.0 = Release|Win32
		{E8576FD9-DF16-250B-4A3D-6128A2824AE3}.Release|x64.ActiveCfg = Release|x64
		{E8576FD9-DF16-250B-4A3D-6128A2824AE3}.Release|x64.Build.0 = Release|x64
		{E8576FD9-DF16-250B-4A3D-6128A2824AE3}.ReleaseDll|Itanium.ActiveCfg = Release|x64
		{E8576FD9-DF16-250B-4A3D-6128A2824AE3}.ReleaseDll|Pocket PC 2003 (ARMV4).ActiveCfg = Release|x64
		{E8576FD9-DF16-250B-4A3D-6128A2824AE3}.ReleaseDll|Win32.ActiveCfg = Release|x64
		{E8576FD9-DF16-250B-4A3D-6128A2824AE3}.ReleaseDll|x64.ActiveCfg = Release|x64
		{E8576FD9-DF16-250B-4A3D-6128A2824AE3}.ReleaseDll|x64.Build.0 = Release|x64
		{E8576FD9-DF16-250B-4A3D-6128A2824AE3}.Upskirt|Itanium.ActiveCfg = Release|x64
		{E8576FD9-DF16-250B-4A3D-6128A2824AE3}.Upskirt|Pocket PC 2003 (ARMV4).ActiveCfg = Release|x64
		{E8576FD9-DF16-250B-4A3D-6128A2824AE3}.Upskirt|Win32.ActiveCfg = Release|x64
		{E8576FD9-DF16-250B-4A3D-6128A2824AE3}.Upskirt|x64.ActiveCfg = Release|x64
		{E8576FD9-DF16-250B-4A3D-6128A2824AE3}.Upskirt|x64.Build.0 = Release|x64
		{BB65F162-C16B-8579-BF3B-3059D0844D63}.Debug|Itanium.ActiveCfg = Debug|Itanium
		{BB65F162-C16B-8579-BF3B-3059D0844D63}.Debug|Itanium.Build.0 = Debug|Itanium
		{BB65F162-C16B-8579-BF3B-3059D0844D63}.Debug|Pocket PC 2003 (ARMV4).ActiveCfg = Debug|x64
		{BB65F162-C16B-8579-BF3B-3059D0844D63}.Debug|Win32.ActiveCfg = Debug|Win32
		{BB65F162-C16B-8579-BF3B-3059D0844D63}.Debug|Win32.Build.0 = Debug|Win32
		{BB65F162-C16B-8579-BF3B-3059D0844D63}.Debug|x64.ActiveCfg = Debug|x64
		{BB65F162-C16B-8579-BF3B-3059D0844D63}.Debug|x64.Build.0 = Debug|x64
		{BB65F162-C16B-8579-BF3B-3059D0844D63}.DebugDll|Itanium.ActiveCfg = Debug|x64
		{BB65F162-C16B-8579-BF3B-3059D0844D63}.DebugDll|Pocket PC 2003 (ARMV4).ActiveCfg = Debug|x64
		{BB65F162-C16B-8579-BF3B-3059D0844D63}.DebugDll|Win32.ActiveCfg = Debug|x64
		{BB65F162-C16B-8579-BF3B-3059D0844D63}.DebugDll|x64.ActiveCfg = Debug|x64
		{BB65F162-C16B-8579-BF3B-3059D0844D63}.DebugDll|x64.Build.0 = Debug|x64
		{BB65F162-C16B-8579-BF3B-3059D0844D63}.Release|Itanium.ActiveCfg = Release|Itanium
		{BB65F162-C16B-8579-BF3B-3059D0844D63}.Release|Itanium.Build.0 = Release|Itanium
		{BB65F162-C16B-8579-BF3B-3059D0844D63}.Release|Pocket PC 2003 (ARMV4).ActiveCfg = Release|x64
		{BB65F162-C16B-8579-BF3B-3059D0844D63}.Release|Win32.ActiveCfg = Release|Win32
		{BB65F162-C16B-8579-BF3B-3059D0844D63}.Release|Win32.Build.0 = Release|Win32
		{BB65F162-C16B-8579-BF3B-3059D0844D63}.Release|x64.ActiveCfg = Release|x64
		{BB65F162-C16B-8579-BF3B-3059D0844D63}.Release|x64.Build.0 = Release|x64
		{BB65F162-C16B-8579-BF3B-3059D0844D63}.ReleaseDll|Itanium.ActiveCfg = Release|x64
		{BB65F162-C16B-8579-BF3B-3059D0844D63}.ReleaseDll|Pocket PC 2003 (ARMV4).ActiveCfg = Release|x64
		{BB65F162-C16B-8579-BF3B-3059D0844D63}.ReleaseDll|Win32.ActiveCfg = Release|x64
		{BB65F162-C16B-8579-BF3B-3059D0844D63}.ReleaseDll|x64.ActiveCfg = Release|x64
		{BB65F162-C16B-8579-BF3B-3059D0844D63}.ReleaseDll|x64.Build.0 = Release|x64
		{BB65F162-C16B-8579-BF3B-3059D0844D63}.Upskirt|Itanium.ActiveCfg = Release|x64
		{BB65F162-C16B-8579-BF3B-3059D0844D63}.Upskirt|Pocket PC 2003 (ARMV4).ActiveCfg = Release|x64
		{BB65F162-C16B-8579-BF3B-3059D0844D63}.Upskirt|Win32.ActiveCfg = Release|x64
		{BB65F162-C16B-8579-BF3B-3059D0844D63}.Upskirt|x64.ActiveCfg = Release|x64
		{BB65F162-C16B-8579-BF3B-3059D0844D63}.Upskirt|x64.Build.0 = Release|x64
	EndGlobalSection
	GlobalSection(SolutionProperties) = preSolution
		HideSolutionNode = FALSE
	EndGlobalSection
	GlobalSection(NestedProjects) = preSolution
		{235EE383-B25A-3A29-E783-35B6C316B63D} = {A49FBF42-AA78-4459-B83B-201271B73458}
		{97722804-CC3F-33C5-5548-40260C09C0DC} = {A49FBF42-AA78-4459-B83B-201271B73458}
		{01200FE6-C361-51BA-F291-98B9F394467C} = {A49FBF42-AA78-4459-B83B-201271B73458}
		{E8AB8691-A085-9D88-4579-7AD3AF2757F1} = {A49FBF42-AA78-4459-B83B-201271B73458}
		{230D515A-483D-30D3-0773-909D3A5FD930} = {A49FBF42-AA78-4459-B83B-201271B73458}
		{34B8F9A3-9173-09A9-BDF3-4208BCD8DF2D} = {A49FBF42-AA78-4459-B83B-201271B73458}
		{E8576FD9-DF16-250B-4A3D-6128A2824AE3} = {A49FBF42-AA78-4459-B83B-201271B73458}
		{BB65F162-C16B-8579-BF3B-3059D0844D63} = {A49FBF42-AA78-4459-B83B-201271B73458}
	EndGlobalSection
	GlobalSection(DPCodeReviewSolutionGUID) = preSolution
		DPCodeReviewSolutionGUID = {00000000-0000-0000-0000-000000000000}
	EndGlobalSection
EndGlobal
